{
  "version": 4,
  "terraform_version": "1.8.3",
  "serial": 49,
  "lineage": "351066d8-0f1a-1489-49e5-43db713296f9",
  "outputs": {
    "instance_public_ip": {
      "value": "34.200.242.142",
      "type": "string"
    },
    "vpc_cidr_block": {
      "value": "10.20.0.0/16",
      "type": "string"
    },
    "vpc_id": {
      "value": "vpc-051f7d14b08b60cd9",
      "type": "string"
    }
  },
  "resources": [
    {
      "mode": "data",
      "type": "aws_ami",
      "name": "ami",
      "provider": "provider[\"registry.terraform.io/hashicorp/aws\"]",
      "instances": [
        {
          "schema_version": 0,
          "attributes": {
            "architecture": "x86_64",
            "arn": "arn:aws:ec2:us-east-1::image/ami-0aa6384ae0f19f238",
            "block_device_mappings": [
              {
                "device_name": "/dev/sda1",
                "ebs": {
                  "delete_on_termination": "true",
                  "encrypted": "false",
                  "iops": "0",
                  "snapshot_id": "snap-0780d81ae50406f08",
                  "throughput": "0",
                  "volume_size": "8",
                  "volume_type": "gp2"
                },
                "no_device": "",
                "virtual_name": ""
              },
              {
                "device_name": "/dev/sdb",
                "ebs": {},
                "no_device": "",
                "virtual_name": "ephemeral0"
              },
              {
                "device_name": "/dev/sdc",
                "ebs": {},
                "no_device": "",
                "virtual_name": "ephemeral1"
              }
            ],
            "boot_mode": "legacy-bios",
            "creation_date": "2024-06-07T23:40:40.000Z",
            "deprecation_time": "2026-06-07T23:40:40.000Z",
            "description": "Canonical, Ubuntu, 20.04 LTS, amd64 focal image build on 2024-06-07",
            "ena_support": true,
            "executable_users": null,
            "filter": [
              {
                "name": "name",
                "values": [
                  "ubuntu*20.04*-amd64-server-*"
                ]
              }
            ],
            "hypervisor": "xen",
            "id": "ami-0aa6384ae0f19f238",
            "image_id": "ami-0aa6384ae0f19f238",
            "image_location": "amazon/ubuntu/images/hvm-ssd/ubuntu-focal-20.04-amd64-server-20240607",
            "image_owner_alias": "amazon",
            "image_type": "machine",
            "imds_support": "",
            "include_deprecated": false,
            "kernel_id": "",
            "most_recent": true,
            "name": "ubuntu/images/hvm-ssd/ubuntu-focal-20.04-amd64-server-20240607",
            "name_regex": null,
            "owner_id": "099720109477",
            "owners": [
              "099720109477"
            ],
            "platform": "",
            "platform_details": "Linux/UNIX",
            "product_codes": [],
            "public": true,
            "ramdisk_id": "",
            "root_device_name": "/dev/sda1",
            "root_device_type": "ebs",
            "root_snapshot_id": "snap-0780d81ae50406f08",
            "sriov_net_support": "simple",
            "state": "available",
            "state_reason": {
              "code": "UNSET",
              "message": "UNSET"
            },
            "tags": {},
            "timeouts": null,
            "tpm_support": "",
            "usage_operation": "RunInstances",
            "virtualization_type": "hvm"
          },
          "sensitive_attributes": []
        }
      ]
    },
    {
      "mode": "data",
      "type": "aws_route53_zone",
      "name": "intuitivesoft",
      "provider": "provider[\"registry.terraform.io/hashicorp/aws\"]",
      "instances": [
        {
          "schema_version": 0,
          "attributes": {
            "arn": "arn:aws:route53:::hostedzone/Z03385262WMCAFO2KASN1",
            "caller_reference": "ac7d4ea8-9ad4-4334-9437-da4ebeef5c7d",
            "comment": "",
            "id": "Z03385262WMCAFO2KASN1",
            "linked_service_description": null,
            "linked_service_principal": null,
            "name": "devops.intuitivesoft.cloud",
            "name_servers": [
              "ns-1060.awsdns-04.org",
              "ns-1802.awsdns-33.co.uk",
              "ns-980.awsdns-58.net",
              "ns-315.awsdns-39.com"
            ],
            "primary_name_server": "ns-1060.awsdns-04.org",
            "private_zone": false,
            "resource_record_set_count": 37,
            "tags": {},
            "vpc_id": null,
            "zone_id": "Z03385262WMCAFO2KASN1"
          },
          "sensitive_attributes": []
        }
      ]
    },
    {
      "mode": "data",
      "type": "aws_vpc",
      "name": "this",
      "provider": "provider[\"registry.terraform.io/hashicorp/aws\"]",
      "instances": [
        {
          "schema_version": 0,
          "attributes": {
            "arn": "arn:aws:ec2:us-east-1:708113109960:vpc/vpc-051f7d14b08b60cd9",
            "cidr_block": "10.20.0.0/16",
            "cidr_block_associations": [
              {
                "association_id": "vpc-cidr-assoc-00e566367bb5dabdb",
                "cidr_block": "10.20.0.0/16",
                "state": "associated"
              }
            ],
            "default": false,
            "dhcp_options_id": "dopt-0e2f66217ab8d5ccf",
            "enable_dns_hostnames": false,
            "enable_dns_support": true,
            "enable_network_address_usage_metrics": false,
            "filter": [
              {
                "name": "tag:Name",
                "values": [
                  "kmh-vpc"
                ]
              }
            ],
            "id": "vpc-051f7d14b08b60cd9",
            "instance_tenancy": "default",
            "ipv6_association_id": "",
            "ipv6_cidr_block": "",
            "main_route_table_id": "rtb-00483209d6f33eb8a",
            "owner_id": "708113109960",
            "state": null,
            "tags": {
              "Name": "kmh-vpc"
            },
            "timeouts": null
          },
          "sensitive_attributes": []
        }
      ]
    },
    {
      "mode": "managed",
      "type": "aws_instance",
      "name": "servers",
      "provider": "provider[\"registry.terraform.io/hashicorp/aws\"]",
      "instances": [
        {
          "index_key": 0,
          "schema_version": 1,
          "attributes": {
            "ami": "ami-0aa6384ae0f19f238",
            "arn": "arn:aws:ec2:us-east-1:708113109960:instance/i-08837c15c84e8fb43",
            "associate_public_ip_address": true,
            "availability_zone": "us-east-1a",
            "capacity_reservation_specification": [
              {
                "capacity_reservation_preference": "open",
                "capacity_reservation_target": []
              }
            ],
            "cpu_core_count": 1,
            "cpu_options": [
              {
                "amd_sev_snp": "",
                "core_count": 1,
                "threads_per_core": 1
              }
            ],
            "cpu_threads_per_core": 1,
            "credit_specification": [
              {
                "cpu_credits": "standard"
              }
            ],
            "disable_api_stop": false,
            "disable_api_termination": false,
            "ebs_block_device": [],
            "ebs_optimized": false,
            "enclave_options": [
              {
                "enabled": false
              }
            ],
            "ephemeral_block_device": [],
            "get_password_data": false,
            "hibernation": false,
            "host_id": "",
            "host_resource_group_arn": null,
            "iam_instance_profile": "",
            "id": "i-08837c15c84e8fb43",
            "instance_initiated_shutdown_behavior": "stop",
            "instance_lifecycle": "",
            "instance_market_options": [],
            "instance_state": "running",
            "instance_type": "t2.nano",
            "ipv6_address_count": 0,
            "ipv6_addresses": [],
            "key_name": "kmh-vm-key",
            "launch_template": [],
            "maintenance_options": [
              {
                "auto_recovery": "default"
              }
            ],
            "metadata_options": [
              {
                "http_endpoint": "enabled",
                "http_protocol_ipv6": "disabled",
                "http_put_response_hop_limit": 1,
                "http_tokens": "optional",
                "instance_metadata_tags": "disabled"
              }
            ],
            "monitoring": false,
            "network_interface": [],
            "outpost_arn": "",
            "password_data": "",
            "placement_group": "",
            "placement_partition_number": 0,
            "primary_network_interface_id": "eni-04501fcd3c5222ea4",
            "private_dns": "ip-10-20-0-128.ec2.internal",
            "private_dns_name_options": [
              {
                "enable_resource_name_dns_a_record": false,
                "enable_resource_name_dns_aaaa_record": false,
                "hostname_type": "ip-name"
              }
            ],
            "private_ip": "10.20.0.128",
            "public_dns": "",
            "public_ip": "34.200.242.142",
            "root_block_device": [
              {
                "delete_on_termination": true,
                "device_name": "/dev/sda1",
                "encrypted": false,
                "iops": 100,
                "kms_key_id": "",
                "tags": {},
                "tags_all": {},
                "throughput": 0,
                "volume_id": "vol-0ad018d73f15fd268",
                "volume_size": 8,
                "volume_type": "gp2"
              }
            ],
            "secondary_private_ips": [],
            "security_groups": [],
            "source_dest_check": false,
            "spot_instance_request_id": "",
            "subnet_id": "subnet-0c1407df0b2848c41",
            "tags": {
              "Name": "kmh-frontend"
            },
            "tags_all": {
              "Name": "kmh-frontend"
            },
            "tenancy": "default",
            "timeouts": null,
            "user_data": null,
            "user_data_base64": null,
            "user_data_replace_on_change": false,
            "volume_tags": null,
            "vpc_security_group_ids": [
              "sg-0e9cb35ee72b68475"
            ]
          },
          "sensitive_attributes": [],
          "private": "eyJlMmJmYjczMC1lY2FhLTExZTYtOGY4OC0zNDM2M2JjN2M0YzAiOnsiY3JlYXRlIjo2MDAwMDAwMDAwMDAsImRlbGV0ZSI6MTIwMDAwMDAwMDAwMCwicmVhZCI6OTAwMDAwMDAwMDAwLCJ1cGRhdGUiOjYwMDAwMDAwMDAwMH0sInNjaGVtYV92ZXJzaW9uIjoiMSJ9",
          "dependencies": [
            "aws_key_pair.key_pair",
            "aws_subnet.private",
            "aws_subnet.public",
            "data.aws_ami.ami",
            "data.aws_vpc.this",
            "tls_private_key.pk"
          ]
        },
        {
          "index_key": 1,
          "schema_version": 1,
          "attributes": {
            "ami": "ami-0aa6384ae0f19f238",
            "arn": "arn:aws:ec2:us-east-1:708113109960:instance/i-020c2cfef5f3405d0",
            "associate_public_ip_address": false,
            "availability_zone": "us-east-1b",
            "capacity_reservation_specification": [
              {
                "capacity_reservation_preference": "open",
                "capacity_reservation_target": []
              }
            ],
            "cpu_core_count": 1,
            "cpu_options": [
              {
                "amd_sev_snp": "",
                "core_count": 1,
                "threads_per_core": 1
              }
            ],
            "cpu_threads_per_core": 1,
            "credit_specification": [
              {
                "cpu_credits": "standard"
              }
            ],
            "disable_api_stop": false,
            "disable_api_termination": false,
            "ebs_block_device": [],
            "ebs_optimized": false,
            "enclave_options": [
              {
                "enabled": false
              }
            ],
            "ephemeral_block_device": [],
            "get_password_data": false,
            "hibernation": false,
            "host_id": "",
            "host_resource_group_arn": null,
            "iam_instance_profile": "",
            "id": "i-020c2cfef5f3405d0",
            "instance_initiated_shutdown_behavior": "stop",
            "instance_lifecycle": "",
            "instance_market_options": [],
            "instance_state": "running",
            "instance_type": "t2.nano",
            "ipv6_address_count": 0,
            "ipv6_addresses": [],
            "key_name": "kmh-vm-key",
            "launch_template": [],
            "maintenance_options": [
              {
                "auto_recovery": "default"
              }
            ],
            "metadata_options": [
              {
                "http_endpoint": "enabled",
                "http_protocol_ipv6": "disabled",
                "http_put_response_hop_limit": 1,
                "http_tokens": "optional",
                "instance_metadata_tags": "disabled"
              }
            ],
            "monitoring": false,
            "network_interface": [],
            "outpost_arn": "",
            "password_data": "",
            "placement_group": "",
            "placement_partition_number": 0,
            "primary_network_interface_id": "eni-0fe705d80fe4cbd1a",
            "private_dns": "ip-10-20-128-171.ec2.internal",
            "private_dns_name_options": [
              {
                "enable_resource_name_dns_a_record": false,
                "enable_resource_name_dns_aaaa_record": false,
                "hostname_type": "ip-name"
              }
            ],
            "private_ip": "10.20.128.171",
            "public_dns": "",
            "public_ip": "",
            "root_block_device": [
              {
                "delete_on_termination": true,
                "device_name": "/dev/sda1",
                "encrypted": false,
                "iops": 100,
                "kms_key_id": "",
                "tags": {},
                "tags_all": {},
                "throughput": 0,
                "volume_id": "vol-0efee3be562ec032c",
                "volume_size": 8,
                "volume_type": "gp2"
              }
            ],
            "secondary_private_ips": [],
            "security_groups": [],
            "source_dest_check": false,
            "spot_instance_request_id": "",
            "subnet_id": "subnet-0b16852d02d29777b",
            "tags": {
              "Name": "kmh-streamer"
            },
            "tags_all": {
              "Name": "kmh-streamer"
            },
            "tenancy": "default",
            "timeouts": null,
            "user_data": null,
            "user_data_base64": null,
            "user_data_replace_on_change": false,
            "volume_tags": null,
            "vpc_security_group_ids": [
              "sg-0e9cb35ee72b68475"
            ]
          },
          "sensitive_attributes": [],
          "private": "eyJlMmJmYjczMC1lY2FhLTExZTYtOGY4OC0zNDM2M2JjN2M0YzAiOnsiY3JlYXRlIjo2MDAwMDAwMDAwMDAsImRlbGV0ZSI6MTIwMDAwMDAwMDAwMCwicmVhZCI6OTAwMDAwMDAwMDAwLCJ1cGRhdGUiOjYwMDAwMDAwMDAwMH0sInNjaGVtYV92ZXJzaW9uIjoiMSJ9",
          "dependencies": [
            "aws_key_pair.key_pair",
            "aws_subnet.private",
            "aws_subnet.public",
            "data.aws_ami.ami",
            "data.aws_vpc.this",
            "tls_private_key.pk"
          ]
        }
      ]
    },
    {
      "mode": "managed",
      "type": "aws_internet_gateway",
      "name": "kmh_gw",
      "provider": "provider[\"registry.terraform.io/hashicorp/aws\"]",
      "instances": [
        {
          "schema_version": 0,
          "attributes": {
            "arn": "arn:aws:ec2:us-east-1:708113109960:internet-gateway/igw-08492f4bba5ad8fb6",
            "id": "igw-08492f4bba5ad8fb6",
            "owner_id": "708113109960",
            "tags": {
              "Name": "kmh-internet-gw"
            },
            "tags_all": {
              "Name": "kmh-internet-gw"
            },
            "timeouts": null,
            "vpc_id": "vpc-051f7d14b08b60cd9"
          },
          "sensitive_attributes": [],
          "private": "eyJlMmJmYjczMC1lY2FhLTExZTYtOGY4OC0zNDM2M2JjN2M0YzAiOnsiY3JlYXRlIjoxMjAwMDAwMDAwMDAwLCJkZWxldGUiOjEyMDAwMDAwMDAwMDAsInVwZGF0ZSI6MTIwMDAwMDAwMDAwMH19",
          "dependencies": [
            "data.aws_vpc.this"
          ]
        }
      ]
    },
    {
      "mode": "managed",
      "type": "aws_key_pair",
      "name": "key_pair",
      "provider": "provider[\"registry.terraform.io/hashicorp/aws\"]",
      "instances": [
        {
          "schema_version": 1,
          "attributes": {
            "arn": "arn:aws:ec2:us-east-1:708113109960:key-pair/kmh-vm-key",
            "fingerprint": "2f:96:3a:bf:37:12:ff:9c:b0:bd:30:3c:d5:b3:b0:b2",
            "id": "kmh-vm-key",
            "key_name": "kmh-vm-key",
            "key_name_prefix": "",
            "key_pair_id": "key-0654a36b4425088a3",
            "key_type": "rsa",
            "public_key": "ssh-rsa AAAAB3NzaC1yc2EAAAADAQABAAACAQC/T4ac+WjAJwlAiiayUDfL3VYRedar5ZFY70Fv6v/i+uTMKLrOY5fsO+R0aLwqDuAdH8YjFRUa84wRo1y3oz0DSWlGDAVHrujIADUn78b7ebgGSz0lUH0ZC+LIoQ4SApHZ8CIqjwIScM0aqEWPqdljOfWCjWXrnp8lRiFGQHM+QKKrvGL5cGQrKbfBK8y61F7oDPTFMWK0aZgOwNq2QQAFPLi+NozzgnfcGm4AHKU4vlxx6NR5zHFY9c37+sVbox0i33eQuWVzRLT4dUxFyxh0pCBq2Z1P9P/LFMYqg/jvXkRQ3vFVqqrAWSUFu4NmmVk/DtJElt42ZFl2mrzmN4soZH7HS+qISX9gKZec+t3eEHrWkJGB7R8GYA9Lawu0PL8K33djAVG3zWbjk4X91f92Uk+eROngOPZ1TQxCuAfSs9iWhuOLtjoCWWETm17tG6Y87989fLQCKTBdIHALmLbIFXw47wc8H60xkDJ159WEhh0HGSL7Wi7J7gBwIbYG8BiHSHQjAxZ1Y59htyZAGtmtriZ6DJcTVmyh4krvn8IImIbXfaKJC/m1ObE7afzvw4eNnZPOgjNd98U5YcYKVUZcyeQTguTz+cinQ3x6HwQX+kjOlWF6XMzzki455yoYUevPjPtZIwJrLkyMxzTz7pVCGxYh9PozX5jqDuQQAnkuoQ==",
            "tags": {},
            "tags_all": {}
          },
          "sensitive_attributes": [],
          "private": "eyJzY2hlbWFfdmVyc2lvbiI6IjEifQ==",
          "dependencies": [
            "tls_private_key.pk"
          ]
        }
      ]
    },
    {
      "mode": "managed",
      "type": "aws_route53_record",
      "name": "kmh",
      "provider": "provider[\"registry.terraform.io/hashicorp/aws\"]",
      "instances": [
        {
          "schema_version": 2,
          "attributes": {
            "alias": [],
            "allow_overwrite": null,
            "cidr_routing_policy": [],
            "failover_routing_policy": [],
            "fqdn": "kmh.devops.intuitivesoft.cloud",
            "geolocation_routing_policy": [],
            "geoproximity_routing_policy": [],
            "health_check_id": "",
            "id": "Z03385262WMCAFO2KASN1_kmh_A",
            "latency_routing_policy": [],
            "multivalue_answer_routing_policy": false,
            "name": "kmh",
            "records": [
              "34.200.242.142"
            ],
            "set_identifier": "",
            "ttl": 300,
            "type": "A",
            "weighted_routing_policy": [],
            "zone_id": "Z03385262WMCAFO2KASN1"
          },
          "sensitive_attributes": [],
          "private": "eyJzY2hlbWFfdmVyc2lvbiI6IjIifQ==",
          "dependencies": [
            "aws_instance.servers",
            "aws_key_pair.key_pair",
            "aws_subnet.private",
            "aws_subnet.public",
            "data.aws_ami.ami",
            "data.aws_route53_zone.intuitivesoft",
            "data.aws_vpc.this",
            "tls_private_key.pk"
          ]
        }
      ]
    },
    {
      "mode": "managed",
      "type": "aws_route_table",
      "name": "route_table",
      "provider": "provider[\"registry.terraform.io/hashicorp/aws\"]",
      "instances": [
        {
          "schema_version": 0,
          "attributes": {
            "arn": "arn:aws:ec2:us-east-1:708113109960:route-table/rtb-001d751d6d09aae62",
            "id": "rtb-001d751d6d09aae62",
            "owner_id": "708113109960",
            "propagating_vgws": [],
            "route": [
              {
                "carrier_gateway_id": "",
                "cidr_block": "0.0.0.0/0",
                "core_network_arn": "",
                "destination_prefix_list_id": "",
                "egress_only_gateway_id": "",
                "gateway_id": "igw-08492f4bba5ad8fb6",
                "ipv6_cidr_block": "",
                "local_gateway_id": "",
                "nat_gateway_id": "",
                "network_interface_id": "",
                "transit_gateway_id": "",
                "vpc_endpoint_id": "",
                "vpc_peering_connection_id": ""
              }
            ],
            "tags": {
              "Name": "kmh-route-table"
            },
            "tags_all": {
              "Name": "kmh-route-table"
            },
            "timeouts": null,
            "vpc_id": "vpc-051f7d14b08b60cd9"
          },
          "sensitive_attributes": [],
          "private": "eyJlMmJmYjczMC1lY2FhLTExZTYtOGY4OC0zNDM2M2JjN2M0YzAiOnsiY3JlYXRlIjozMDAwMDAwMDAwMDAsImRlbGV0ZSI6MzAwMDAwMDAwMDAwLCJ1cGRhdGUiOjEyMDAwMDAwMDAwMH19",
          "dependencies": [
            "aws_internet_gateway.kmh_gw",
            "data.aws_vpc.this"
          ]
        }
      ]
    },
    {
      "mode": "managed",
      "type": "aws_route_table_association",
      "name": "route_private_association",
      "provider": "provider[\"registry.terraform.io/hashicorp/aws\"]",
      "instances": [
        {
          "schema_version": 0,
          "attributes": {
            "gateway_id": "",
            "id": "rtbassoc-0075557f8cc712762",
            "route_table_id": "rtb-001d751d6d09aae62",
            "subnet_id": "subnet-0b16852d02d29777b",
            "timeouts": null
          },
          "sensitive_attributes": [],
          "private": "eyJlMmJmYjczMC1lY2FhLTExZTYtOGY4OC0zNDM2M2JjN2M0YzAiOnsiY3JlYXRlIjozMDAwMDAwMDAwMDAsImRlbGV0ZSI6MzAwMDAwMDAwMDAwLCJ1cGRhdGUiOjEyMDAwMDAwMDAwMH19",
          "dependencies": [
            "aws_internet_gateway.kmh_gw",
            "aws_route_table.route_table",
            "aws_subnet.private",
            "data.aws_vpc.this"
          ]
        }
      ]
    },
    {
      "mode": "managed",
      "type": "aws_route_table_association",
      "name": "route_public_association",
      "provider": "provider[\"registry.terraform.io/hashicorp/aws\"]",
      "instances": [
        {
          "schema_version": 0,
          "attributes": {
            "gateway_id": "",
            "id": "rtbassoc-0a3fc79bad2bd1a9e",
            "route_table_id": "rtb-001d751d6d09aae62",
            "subnet_id": "subnet-0c1407df0b2848c41",
            "timeouts": null
          },
          "sensitive_attributes": [],
          "private": "eyJlMmJmYjczMC1lY2FhLTExZTYtOGY4OC0zNDM2M2JjN2M0YzAiOnsiY3JlYXRlIjozMDAwMDAwMDAwMDAsImRlbGV0ZSI6MzAwMDAwMDAwMDAwLCJ1cGRhdGUiOjEyMDAwMDAwMDAwMH19",
          "dependencies": [
            "aws_internet_gateway.kmh_gw",
            "aws_route_table.route_table",
            "aws_subnet.public",
            "data.aws_vpc.this"
          ]
        }
      ]
    },
    {
      "mode": "managed",
      "type": "aws_security_group",
      "name": "frontend_security_group",
      "provider": "provider[\"registry.terraform.io/hashicorp/aws\"]",
      "instances": [
        {
          "schema_version": 1,
          "attributes": {
            "arn": "arn:aws:ec2:us-east-1:708113109960:security-group/sg-029f8836aae70a74e",
            "description": "Allow SSH and HTTPS inbound  and outbound traffic",
            "egress": [
              {
                "cidr_blocks": [
                  "0.0.0.0/0"
                ],
                "description": "",
                "from_port": 0,
                "ipv6_cidr_blocks": [],
                "prefix_list_ids": [],
                "protocol": "0",
                "security_groups": [],
                "self": false,
                "to_port": 0
              }
            ],
            "id": "sg-029f8836aae70a74e",
            "ingress": [
              {
                "cidr_blocks": [
                  "0.0.0.0/0"
                ],
                "description": "",
                "from_port": 22,
                "ipv6_cidr_blocks": [],
                "prefix_list_ids": [],
                "protocol": "tcp",
                "security_groups": [],
                "self": false,
                "to_port": 22
              },
              {
                "cidr_blocks": [
                  "0.0.0.0/0"
                ],
                "description": "",
                "from_port": 443,
                "ipv6_cidr_blocks": [],
                "prefix_list_ids": [],
                "protocol": "tcp",
                "security_groups": [],
                "self": false,
                "to_port": 443
              },
              {
                "cidr_blocks": [
                  "0.0.0.0/0"
                ],
                "description": "",
                "from_port": 80,
                "ipv6_cidr_blocks": [],
                "prefix_list_ids": [],
                "protocol": "tcp",
                "security_groups": [],
                "self": false,
                "to_port": 80
              }
            ],
            "name": "kmh-frontend-sg",
            "name_prefix": "",
            "owner_id": "708113109960",
            "revoke_rules_on_delete": false,
            "tags": {
              "Name": "sg_frontend"
            },
            "tags_all": {
              "Name": "sg_frontend"
            },
            "timeouts": null,
            "vpc_id": "vpc-051f7d14b08b60cd9"
          },
          "sensitive_attributes": [],
          "private": "eyJlMmJmYjczMC1lY2FhLTExZTYtOGY4OC0zNDM2M2JjN2M0YzAiOnsiY3JlYXRlIjo2MDAwMDAwMDAwMDAsImRlbGV0ZSI6OTAwMDAwMDAwMDAwfSwic2NoZW1hX3ZlcnNpb24iOiIxIn0=",
          "dependencies": [
            "data.aws_vpc.this"
          ]
        }
      ]
    },
    {
      "mode": "managed",
      "type": "aws_security_group",
      "name": "streamer_security_group",
      "provider": "provider[\"registry.terraform.io/hashicorp/aws\"]",
      "instances": [
        {
          "schema_version": 1,
          "attributes": {
            "arn": "arn:aws:ec2:us-east-1:708113109960:security-group/sg-0e03909790b033707",
            "description": "Allow RTMP inbound  and outbound traffic",
            "egress": [
              {
                "cidr_blocks": [
                  "10.20.128.0/24"
                ],
                "description": "",
                "from_port": 0,
                "ipv6_cidr_blocks": [],
                "prefix_list_ids": [],
                "protocol": "0",
                "security_groups": [],
                "self": false,
                "to_port": 0
              }
            ],
            "id": "sg-0e03909790b033707",
            "ingress": [
              {
                "cidr_blocks": [
                  "10.20.128.0/24"
                ],
                "description": "",
                "from_port": 1935,
                "ipv6_cidr_blocks": [],
                "prefix_list_ids": [],
                "protocol": "tcp",
                "security_groups": [],
                "self": false,
                "to_port": 1935
              }
            ],
            "name": "kmh-streamer-sg",
            "name_prefix": "",
            "owner_id": "708113109960",
            "revoke_rules_on_delete": false,
            "tags": {
              "Name": "sg_streamer"
            },
            "tags_all": {
              "Name": "sg_streamer"
            },
            "timeouts": null,
            "vpc_id": "vpc-051f7d14b08b60cd9"
          },
          "sensitive_attributes": [],
          "private": "eyJlMmJmYjczMC1lY2FhLTExZTYtOGY4OC0zNDM2M2JjN2M0YzAiOnsiY3JlYXRlIjo2MDAwMDAwMDAwMDAsImRlbGV0ZSI6OTAwMDAwMDAwMDAwfSwic2NoZW1hX3ZlcnNpb24iOiIxIn0=",
          "dependencies": [
            "data.aws_vpc.this"
          ]
        }
      ]
    },
    {
      "mode": "managed",
      "type": "aws_subnet",
      "name": "private",
      "provider": "provider[\"registry.terraform.io/hashicorp/aws\"]",
      "instances": [
        {
          "schema_version": 1,
          "attributes": {
            "arn": "arn:aws:ec2:us-east-1:708113109960:subnet/subnet-0b16852d02d29777b",
            "assign_ipv6_address_on_creation": false,
            "availability_zone": "us-east-1b",
            "availability_zone_id": "use1-az2",
            "cidr_block": "10.20.128.0/24",
            "customer_owned_ipv4_pool": "",
            "enable_dns64": false,
            "enable_lni_at_device_index": 0,
            "enable_resource_name_dns_a_record_on_launch": false,
            "enable_resource_name_dns_aaaa_record_on_launch": false,
            "id": "subnet-0b16852d02d29777b",
            "ipv6_cidr_block": "",
            "ipv6_cidr_block_association_id": "",
            "ipv6_native": false,
            "map_customer_owned_ip_on_launch": false,
            "map_public_ip_on_launch": false,
            "outpost_arn": "",
            "owner_id": "708113109960",
            "private_dns_hostname_type_on_launch": "ip-name",
            "tags": {
              "Name": "kmh-private-subnet"
            },
            "tags_all": {
              "Name": "kmh-private-subnet"
            },
            "timeouts": null,
            "vpc_id": "vpc-051f7d14b08b60cd9"
          },
          "sensitive_attributes": [],
          "private": "eyJlMmJmYjczMC1lY2FhLTExZTYtOGY4OC0zNDM2M2JjN2M0YzAiOnsiY3JlYXRlIjo2MDAwMDAwMDAwMDAsImRlbGV0ZSI6MTIwMDAwMDAwMDAwMH0sInNjaGVtYV92ZXJzaW9uIjoiMSJ9",
          "dependencies": [
            "data.aws_vpc.this"
          ]
        }
      ]
    },
    {
      "mode": "managed",
      "type": "aws_subnet",
      "name": "public",
      "provider": "provider[\"registry.terraform.io/hashicorp/aws\"]",
      "instances": [
        {
          "schema_version": 1,
          "attributes": {
            "arn": "arn:aws:ec2:us-east-1:708113109960:subnet/subnet-0c1407df0b2848c41",
            "assign_ipv6_address_on_creation": false,
            "availability_zone": "us-east-1a",
            "availability_zone_id": "use1-az1",
            "cidr_block": "10.20.0.0/24",
            "customer_owned_ipv4_pool": "",
            "enable_dns64": false,
            "enable_lni_at_device_index": 0,
            "enable_resource_name_dns_a_record_on_launch": false,
            "enable_resource_name_dns_aaaa_record_on_launch": false,
            "id": "subnet-0c1407df0b2848c41",
            "ipv6_cidr_block": "",
            "ipv6_cidr_block_association_id": "",
            "ipv6_native": false,
            "map_customer_owned_ip_on_launch": false,
            "map_public_ip_on_launch": false,
            "outpost_arn": "",
            "owner_id": "708113109960",
            "private_dns_hostname_type_on_launch": "ip-name",
            "tags": {
              "Name": "kmh-public-subnet"
            },
            "tags_all": {
              "Name": "kmh-public-subnet"
            },
            "timeouts": null,
            "vpc_id": "vpc-051f7d14b08b60cd9"
          },
          "sensitive_attributes": [],
          "private": "eyJlMmJmYjczMC1lY2FhLTExZTYtOGY4OC0zNDM2M2JjN2M0YzAiOnsiY3JlYXRlIjo2MDAwMDAwMDAwMDAsImRlbGV0ZSI6MTIwMDAwMDAwMDAwMH0sInNjaGVtYV92ZXJzaW9uIjoiMSJ9",
          "dependencies": [
            "data.aws_vpc.this"
          ]
        }
      ]
    },
    {
      "mode": "managed",
      "type": "tls_private_key",
      "name": "pk",
      "provider": "provider[\"registry.terraform.io/hashicorp/tls\"]",
      "instances": [
        {
          "schema_version": 1,
          "attributes": {
            "algorithm": "RSA",
            "ecdsa_curve": "P224",
            "id": "26cf3393b15438a6933cfc075c094ed911db82b8",
            "private_key_openssh": "-----BEGIN OPENSSH PRIVATE KEY-----\nb3BlbnNzaC1rZXktdjEAAAAABG5vbmUAAAAEbm9uZQAAAAAAAAABAAACFwAAAAdz\nc2gtcnNhAAAAAwEAAQAAAgEAv0+GnPlowCcJQIomslA3y91WEXnWq+WRWO9Bb+r/\n4vrkzCi6zmOX7DvkdGi8Kg7gHR/GIxUVGvOMEaNct6M9A0lpRgwFR67oyAA1J+/G\n+3m4Bks9JVB9GQviyKEOEgKR2fAiKo8CEnDNGqhFj6nZYzn1go1l656fJUYhRkBz\nPkCiq7xi+XBkKym3wSvMutRe6Az0xTFitGmYDsDatkEABTy4vjaM84J33BpuAByl\nOL5ccejUecxxWPXN+/rFW6MdIt93kLllc0S0+HVMRcsYdKQgatmdT/T/yxTGKoP4\n715EUN7xVaqqwFklBbuDZplZPw7SRJbeNmRZdpq85jeLKGR+x0vqiEl/YCmXnPrd\n3hB61pCRge0fBmAPS2sLtDy/Ct93YwFRt81m45OF/dX/dlJPnkTp4Dj2dU0MQrgH\n0rPYlobji7Y6AllhE5te7RumPO/fPXy0AikwXSBwC5i2yBV8OO8HPB+tMZAydefV\nhIYdBxki+1ouye4AcCG2BvAYh0h0IwMWdWOfYbcmQBrZra4megyXE1ZsoeJK75/C\nCJiG132iiQv5tTmxO2n878OHjZ2TzoIzXffFOWHGClVGXMnkE4Lk8/nIp0N8eh8E\nF/pIzpVhelzM85IuOecqGFHrz4z7WSMCay5MjMc08+6VQhsWIfT6M1+Y6g7kEAJ5\nLqEAAAc4XT5P3V0+T90AAAAHc3NoLXJzYQAAAgEAv0+GnPlowCcJQIomslA3y91W\nEXnWq+WRWO9Bb+r/4vrkzCi6zmOX7DvkdGi8Kg7gHR/GIxUVGvOMEaNct6M9A0lp\nRgwFR67oyAA1J+/G+3m4Bks9JVB9GQviyKEOEgKR2fAiKo8CEnDNGqhFj6nZYzn1\ngo1l656fJUYhRkBzPkCiq7xi+XBkKym3wSvMutRe6Az0xTFitGmYDsDatkEABTy4\nvjaM84J33BpuABylOL5ccejUecxxWPXN+/rFW6MdIt93kLllc0S0+HVMRcsYdKQg\natmdT/T/yxTGKoP4715EUN7xVaqqwFklBbuDZplZPw7SRJbeNmRZdpq85jeLKGR+\nx0vqiEl/YCmXnPrd3hB61pCRge0fBmAPS2sLtDy/Ct93YwFRt81m45OF/dX/dlJP\nnkTp4Dj2dU0MQrgH0rPYlobji7Y6AllhE5te7RumPO/fPXy0AikwXSBwC5i2yBV8\nOO8HPB+tMZAydefVhIYdBxki+1ouye4AcCG2BvAYh0h0IwMWdWOfYbcmQBrZra4m\negyXE1ZsoeJK75/CCJiG132iiQv5tTmxO2n878OHjZ2TzoIzXffFOWHGClVGXMnk\nE4Lk8/nIp0N8eh8EF/pIzpVhelzM85IuOecqGFHrz4z7WSMCay5MjMc08+6VQhsW\nIfT6M1+Y6g7kEAJ5LqEAAAADAQABAAACABtwlKY/P78P2kvfhN1elCIxhP7MsvXE\n36wZ5RDgbANqaRa/YMvpjQjdLk9kFlkR+SM0Q38UrwpGlHiTLeFJEJ9AEFFzt+4o\nMEs/fGBWC/xV4QdGE2cevFKzWbvdHd+HbtQLlVr1WB68/y4rpI6OlhedYJFxJoU9\nIyZ9gJhK9jyfmLV5N9j/Pd7TBQA4AA1sGJDACvudscKewqibEMPDXvVhWD4wJNdo\nhziSseRiN3CEHU5ZTuCJaliQKRNTTKtwIeW2l7eyX9LAsBRS/rWkA8X3JI8u11l4\nkpfWSvYeJ75tju7qi0L2T7d3EdBYrOgyZpKc1Zvw5751dj+EwkNjBBpvZDbx90ul\nQqqZbg0hWpGfzn3NnMySQeQypIs9Yvd4cPn8AS4lr9iD3zPKjQ/5yqZya9kReiq7\nzXkoIVcZHiuLeFd3x7GDFG608u3nB/XVasXCWdSbF9HosfhpYf6W7chP1kB2g1DR\n5i1jetpa8Funbde0Y6/fRtDkd9PqFTwi867HxKXTqaaMcDdguUg3Y6ZC0jwNfXfe\niPDSqbuA9wSCKUJO0VcArhA7/NHCGtZ69O/KsFO0M4zCH69czprB4ObzDMSNmkyw\npgvx+rvmRRFsy+FVghiwLQ9wpGgoLlKIlA+oXioa2zhfdLpC8WTTXD8/M2jNQhR+\ngkbVRUTwj5jhAAABAQC8PJIpkyxLIQPobdndmI6g7VsAjIqEdUAyVH7f2XEJHjqZ\nIc+XnssDySZUTHt6TLhFFW2ZZg1d9evIPGXRPqUCE/AjbDX5qm6plGiX5sYYYdmc\nvb4t9PFBy7v9lbPL9NrD6ujtPtNbfUcFNIsXLdKmGMDiW32KGMryQoW6ckdZcZQC\nwwkM0nbv1hlByngOV5M7WIRfx4a/4BfbLSWKYEXoZNF7A35wAoq64ED5xKSbRngB\nUaE4wZBaO+uRzOIYSUgZVka56WGWY8lLg0WzO7evWnnBs2y1iJ7kh/l97DMB8iaI\nL69oeIZE3BeR1pSIg8mrRNZTV16bv+VmRdgmqYfZAAABAQDNCZmstgiL48kPm+SD\nxkPBQrv/8kw4fzUCEtwj6F2CNeK9MetQMACk6w8e29jlnp5BdTnq2rdMAGlhzE+J\nbn62hPP+xmJQY65PDDU4vVsFC5IacZXwEVH4ARUveo/ylhoLOqWh1Klz2pgUXHlX\nmniVRG6lYJVrU3mekORV7LHiwuPbzMFhWQ1Y+w1yRyA1hu3c3wgwexNECub1Nngv\nakn526twu8qqMgFg1NP7yMUn2rbox2/Rv7dc0CaPUGUETPpUjfL1Wji/5cPQCaen\nR5HzSjwF3tMuUc1DJpYAYnr79V2XSNibhTZo3WLp1h9kyPiZUUBB7mnsRqI/oZRR\nV1//AAABAQDu3H64Tu001HVwBm9+gg+tjgK0f/6cC+yyEIlet5Pbo+OWF9+l22RD\n8X16FpNudHIua9Xvpj+jwBjWs6lBoNOeOn/i/VExYs6qNIvCHg+neQdKOBYYK8/F\nA60pGr1r1jAsuBb8C89Qx4HojC/S02Cy7fh5HSKHnvVeOz8NjXdAwd+uW6CWpII9\nAQny7wDwjB0bxyYMN73yjOLqnR9YTuFygFjuFP3yF2s9YV4XXYvW1+cOjvlBW3Da\nrEOA0BMcXgTiK97opNBHiadRR04xHpMMg75Qq3G9rztJem/sRJlxq7VhKusKgNJw\nG3QrDSJoN2jJYHFCU9rdPaevjnXeU3FfAAAAAAEC\n-----END OPENSSH PRIVATE KEY-----\n",
            "private_key_pem": "-----BEGIN RSA PRIVATE KEY-----\nMIIJKQIBAAKCAgEAv0+GnPlowCcJQIomslA3y91WEXnWq+WRWO9Bb+r/4vrkzCi6\nzmOX7DvkdGi8Kg7gHR/GIxUVGvOMEaNct6M9A0lpRgwFR67oyAA1J+/G+3m4Bks9\nJVB9GQviyKEOEgKR2fAiKo8CEnDNGqhFj6nZYzn1go1l656fJUYhRkBzPkCiq7xi\n+XBkKym3wSvMutRe6Az0xTFitGmYDsDatkEABTy4vjaM84J33BpuABylOL5ccejU\necxxWPXN+/rFW6MdIt93kLllc0S0+HVMRcsYdKQgatmdT/T/yxTGKoP4715EUN7x\nVaqqwFklBbuDZplZPw7SRJbeNmRZdpq85jeLKGR+x0vqiEl/YCmXnPrd3hB61pCR\nge0fBmAPS2sLtDy/Ct93YwFRt81m45OF/dX/dlJPnkTp4Dj2dU0MQrgH0rPYlobj\ni7Y6AllhE5te7RumPO/fPXy0AikwXSBwC5i2yBV8OO8HPB+tMZAydefVhIYdBxki\n+1ouye4AcCG2BvAYh0h0IwMWdWOfYbcmQBrZra4megyXE1ZsoeJK75/CCJiG132i\niQv5tTmxO2n878OHjZ2TzoIzXffFOWHGClVGXMnkE4Lk8/nIp0N8eh8EF/pIzpVh\nelzM85IuOecqGFHrz4z7WSMCay5MjMc08+6VQhsWIfT6M1+Y6g7kEAJ5LqECAwEA\nAQKCAgAbcJSmPz+/D9pL34TdXpQiMYT+zLL1xN+sGeUQ4GwDamkWv2DL6Y0I3S5P\nZBZZEfkjNEN/FK8KRpR4ky3hSRCfQBBRc7fuKDBLP3xgVgv8VeEHRhNnHrxSs1m7\n3R3fh27UC5Va9VgevP8uK6SOjpYXnWCRcSaFPSMmfYCYSvY8n5i1eTfY/z3e0wUA\nOAANbBiQwAr7nbHCnsKomxDDw171YVg+MCTXaIc4krHkYjdwhB1OWU7giWpYkCkT\nU0yrcCHltpe3sl/SwLAUUv61pAPF9ySPLtdZeJKX1kr2Hie+bY7u6otC9k+3dxHQ\nWKzoMmaSnNWb8Oe+dXY/hMJDYwQab2Q28fdLpUKqmW4NIVqRn859zZzMkkHkMqSL\nPWL3eHD5/AEuJa/Yg98zyo0P+cqmcmvZEXoqu815KCFXGR4ri3hXd8exgxRutPLt\n5wf11WrFwlnUmxfR6LH4aWH+lu3IT9ZAdoNQ0eYtY3raWvBbp23XtGOv30bQ5HfT\n6hU8IvOux8Sl06mmjHA3YLlIN2OmQtI8DX133ojw0qm7gPcEgilCTtFXAK4QO/zR\nwhrWevTvyrBTtDOMwh+vXM6aweDm8wzEjZpMsKYL8fq75kURbMvhVYIYsC0PcKRo\nKC5SiJQPqF4qGts4X3S6QvFk01w/PzNozUIUfoJG1UVE8I+Y4QKCAQEAzQmZrLYI\ni+PJD5vkg8ZDwUK7//JMOH81AhLcI+hdgjXivTHrUDAApOsPHtvY5Z6eQXU56tq3\nTABpYcxPiW5+toTz/sZiUGOuTww1OL1bBQuSGnGV8BFR+AEVL3qP8pYaCzqlodSp\nc9qYFFx5V5p4lURupWCVa1N5npDkVeyx4sLj28zBYVkNWPsNckcgNYbt3N8IMHsT\nRArm9TZ4L2pJ+durcLvKqjIBYNTT+8jFJ9q26Mdv0b+3XNAmj1BlBEz6VI3y9Vo4\nv+XD0Amnp0eR80o8Bd7TLlHNQyaWAGJ6+/Vdl0jYm4U2aN1i6dYfZMj4mVFAQe5p\n7EaiP6GUUVdf/wKCAQEA7tx+uE7tNNR1cAZvfoIPrY4CtH/+nAvsshCJXreT26Pj\nlhffpdtkQ/F9ehaTbnRyLmvV76Y/o8AY1rOpQaDTnjp/4v1RMWLOqjSLwh4Pp3kH\nSjgWGCvPxQOtKRq9a9YwLLgW/AvPUMeB6Iwv0tNgsu34eR0ih571Xjs/DY13QMHf\nrluglqSCPQEJ8u8A8IwdG8cmDDe98ozi6p0fWE7hcoBY7hT98hdrPWFeF12L1tfn\nDo75QVtw2qxDgNATHF4E4ive6KTQR4mnUUdOMR6TDIO+UKtxva87SXpv7ESZcau1\nYSrrCoDScBt0Kw0iaDdoyWBxQlPa3T2nr4513lNxXwKCAQEAoe3JDhudWE2HRuqJ\naIC2lfTMYPDMvXnJNWALt9gVsXY5Ic5A101x1M1HXcmm3IGO3odkPFSLmlxg3bnr\nvtAjBqatxDKNBowS557ukWcKcUuYEYZPMg+bus+wGZUkBiQBYYjpsosvYK3smXgG\n5Oa8ALbQ448Jsn90d4RasHmEa2AbcEWfG/Cml/V9wxjlGSD8zgjegNtSddReXp6s\nAFZjIg8YsKm+/vcLG5w55onDGxyig+iuKOrON2C0c0682M6qjQimLpsYYoVlRfG6\nFGRzob6o9MHr6pL0FupsYNVl54L6bTY8y2ZDeEIPkjlnBcOqgfsnUmqmANIv5S0I\n48yrpQKCAQAZqJX0NoZEpo32+rn/XPlSK28e9KDlImLKvfwDsLSxY2mPNgFQT8D1\ni3tvIf20X83kLrFMjQ9JB9mjNql3407YMHCMcanHJFYO8pYQxCnqU5X04xF8hzhK\ncZqoT7cJXnjOVPgjGyGqC8RotqZsf0hj8CxA1mBfMTQqazLawdeNnUXp9O3LQOC8\nrN/kuMfhDywRT9NGfLZq17eIfFhhpBeTtTXYXWjqGJnsfgkdeW8MJSUs6y7bVndJ\nBjg6Hh/vbCoaIZxQYWP+S0st7/r2S9KABabsA360YZ58xio/tx7Ely1kwrd86Vmx\nsUFJXp/TkiAvgayo81kPaxAYS7VdrJkBAoIBAQC8PJIpkyxLIQPobdndmI6g7VsA\njIqEdUAyVH7f2XEJHjqZIc+XnssDySZUTHt6TLhFFW2ZZg1d9evIPGXRPqUCE/Aj\nbDX5qm6plGiX5sYYYdmcvb4t9PFBy7v9lbPL9NrD6ujtPtNbfUcFNIsXLdKmGMDi\nW32KGMryQoW6ckdZcZQCwwkM0nbv1hlByngOV5M7WIRfx4a/4BfbLSWKYEXoZNF7\nA35wAoq64ED5xKSbRngBUaE4wZBaO+uRzOIYSUgZVka56WGWY8lLg0WzO7evWnnB\ns2y1iJ7kh/l97DMB8iaIL69oeIZE3BeR1pSIg8mrRNZTV16bv+VmRdgmqYfZ\n-----END RSA PRIVATE KEY-----\n",
            "private_key_pem_pkcs8": "-----BEGIN PRIVATE KEY-----\nMIIJQwIBADANBgkqhkiG9w0BAQEFAASCCS0wggkpAgEAAoICAQC/T4ac+WjAJwlA\niiayUDfL3VYRedar5ZFY70Fv6v/i+uTMKLrOY5fsO+R0aLwqDuAdH8YjFRUa84wR\no1y3oz0DSWlGDAVHrujIADUn78b7ebgGSz0lUH0ZC+LIoQ4SApHZ8CIqjwIScM0a\nqEWPqdljOfWCjWXrnp8lRiFGQHM+QKKrvGL5cGQrKbfBK8y61F7oDPTFMWK0aZgO\nwNq2QQAFPLi+NozzgnfcGm4AHKU4vlxx6NR5zHFY9c37+sVbox0i33eQuWVzRLT4\ndUxFyxh0pCBq2Z1P9P/LFMYqg/jvXkRQ3vFVqqrAWSUFu4NmmVk/DtJElt42ZFl2\nmrzmN4soZH7HS+qISX9gKZec+t3eEHrWkJGB7R8GYA9Lawu0PL8K33djAVG3zWbj\nk4X91f92Uk+eROngOPZ1TQxCuAfSs9iWhuOLtjoCWWETm17tG6Y87989fLQCKTBd\nIHALmLbIFXw47wc8H60xkDJ159WEhh0HGSL7Wi7J7gBwIbYG8BiHSHQjAxZ1Y59h\ntyZAGtmtriZ6DJcTVmyh4krvn8IImIbXfaKJC/m1ObE7afzvw4eNnZPOgjNd98U5\nYcYKVUZcyeQTguTz+cinQ3x6HwQX+kjOlWF6XMzzki455yoYUevPjPtZIwJrLkyM\nxzTz7pVCGxYh9PozX5jqDuQQAnkuoQIDAQABAoICABtwlKY/P78P2kvfhN1elCIx\nhP7MsvXE36wZ5RDgbANqaRa/YMvpjQjdLk9kFlkR+SM0Q38UrwpGlHiTLeFJEJ9A\nEFFzt+4oMEs/fGBWC/xV4QdGE2cevFKzWbvdHd+HbtQLlVr1WB68/y4rpI6Olhed\nYJFxJoU9IyZ9gJhK9jyfmLV5N9j/Pd7TBQA4AA1sGJDACvudscKewqibEMPDXvVh\nWD4wJNdohziSseRiN3CEHU5ZTuCJaliQKRNTTKtwIeW2l7eyX9LAsBRS/rWkA8X3\nJI8u11l4kpfWSvYeJ75tju7qi0L2T7d3EdBYrOgyZpKc1Zvw5751dj+EwkNjBBpv\nZDbx90ulQqqZbg0hWpGfzn3NnMySQeQypIs9Yvd4cPn8AS4lr9iD3zPKjQ/5yqZy\na9kReiq7zXkoIVcZHiuLeFd3x7GDFG608u3nB/XVasXCWdSbF9HosfhpYf6W7chP\n1kB2g1DR5i1jetpa8Funbde0Y6/fRtDkd9PqFTwi867HxKXTqaaMcDdguUg3Y6ZC\n0jwNfXfeiPDSqbuA9wSCKUJO0VcArhA7/NHCGtZ69O/KsFO0M4zCH69czprB4Obz\nDMSNmkywpgvx+rvmRRFsy+FVghiwLQ9wpGgoLlKIlA+oXioa2zhfdLpC8WTTXD8/\nM2jNQhR+gkbVRUTwj5jhAoIBAQDNCZmstgiL48kPm+SDxkPBQrv/8kw4fzUCEtwj\n6F2CNeK9MetQMACk6w8e29jlnp5BdTnq2rdMAGlhzE+Jbn62hPP+xmJQY65PDDU4\nvVsFC5IacZXwEVH4ARUveo/ylhoLOqWh1Klz2pgUXHlXmniVRG6lYJVrU3mekORV\n7LHiwuPbzMFhWQ1Y+w1yRyA1hu3c3wgwexNECub1Nngvakn526twu8qqMgFg1NP7\nyMUn2rbox2/Rv7dc0CaPUGUETPpUjfL1Wji/5cPQCaenR5HzSjwF3tMuUc1DJpYA\nYnr79V2XSNibhTZo3WLp1h9kyPiZUUBB7mnsRqI/oZRRV1//AoIBAQDu3H64Tu00\n1HVwBm9+gg+tjgK0f/6cC+yyEIlet5Pbo+OWF9+l22RD8X16FpNudHIua9Xvpj+j\nwBjWs6lBoNOeOn/i/VExYs6qNIvCHg+neQdKOBYYK8/FA60pGr1r1jAsuBb8C89Q\nx4HojC/S02Cy7fh5HSKHnvVeOz8NjXdAwd+uW6CWpII9AQny7wDwjB0bxyYMN73y\njOLqnR9YTuFygFjuFP3yF2s9YV4XXYvW1+cOjvlBW3DarEOA0BMcXgTiK97opNBH\niadRR04xHpMMg75Qq3G9rztJem/sRJlxq7VhKusKgNJwG3QrDSJoN2jJYHFCU9rd\nPaevjnXeU3FfAoIBAQCh7ckOG51YTYdG6ologLaV9Mxg8My9eck1YAu32BWxdjkh\nzkDXTXHUzUddyabcgY7eh2Q8VIuaXGDdueu+0CMGpq3EMo0GjBLnnu6RZwpxS5gR\nhk8yD5u6z7AZlSQGJAFhiOmyiy9greyZeAbk5rwAttDjjwmyf3R3hFqweYRrYBtw\nRZ8b8KaX9X3DGOUZIPzOCN6A21J11F5enqwAVmMiDxiwqb7+9wsbnDnmicMbHKKD\n6K4o6s43YLRzTrzYzqqNCKYumxhihWVF8boUZHOhvqj0wevqkvQW6mxg1WXngvpt\nNjzLZkN4Qg+SOWcFw6qB+ydSaqYA0i/lLQjjzKulAoIBABmolfQ2hkSmjfb6uf9c\n+VIrbx70oOUiYsq9/AOwtLFjaY82AVBPwPWLe28h/bRfzeQusUyND0kH2aM2qXfj\nTtgwcIxxqcckVg7ylhDEKepTlfTjEXyHOEpxmqhPtwleeM5U+CMbIaoLxGi2pmx/\nSGPwLEDWYF8xNCprMtrB142dRen07ctA4Lys3+S4x+EPLBFP00Z8tmrXt4h8WGGk\nF5O1NdhdaOoYmex+CR15bwwlJSzrLttWd0kGODoeH+9sKhohnFBhY/5LSy3v+vZL\n0oAFpuwDfrRhnnzGKj+3HsSXLWTCt3zpWbGxQUlen9OSIC+BrKjzWQ9rEBhLtV2s\nmQECggEBALw8kimTLEshA+ht2d2YjqDtWwCMioR1QDJUft/ZcQkeOpkhz5eeywPJ\nJlRMe3pMuEUVbZlmDV3168g8ZdE+pQIT8CNsNfmqbqmUaJfmxhhh2Zy9vi308UHL\nu/2Vs8v02sPq6O0+01t9RwU0ixct0qYYwOJbfYoYyvJChbpyR1lxlALDCQzSdu/W\nGUHKeA5XkztYhF/Hhr/gF9stJYpgRehk0XsDfnACirrgQPnEpJtGeAFRoTjBkFo7\n65HM4hhJSBlWRrnpYZZjyUuDRbM7t69aecGzbLWInuSH+X3sMwHyJogvr2h4hkTc\nF5HWlIiDyatE1lNXXpu/5WZF2Caph9k=\n-----END PRIVATE KEY-----\n",
            "public_key_fingerprint_md5": "1a:5a:d1:77:67:05:95:d0:f8:00:1d:7d:66:c8:79:59",
            "public_key_fingerprint_sha256": "SHA256:zd+XpZ/QZrHrwi/+y/Zg0/ts2aFtvfkHUJ91WFYBbxg",
            "public_key_openssh": "ssh-rsa AAAAB3NzaC1yc2EAAAADAQABAAACAQC/T4ac+WjAJwlAiiayUDfL3VYRedar5ZFY70Fv6v/i+uTMKLrOY5fsO+R0aLwqDuAdH8YjFRUa84wRo1y3oz0DSWlGDAVHrujIADUn78b7ebgGSz0lUH0ZC+LIoQ4SApHZ8CIqjwIScM0aqEWPqdljOfWCjWXrnp8lRiFGQHM+QKKrvGL5cGQrKbfBK8y61F7oDPTFMWK0aZgOwNq2QQAFPLi+NozzgnfcGm4AHKU4vlxx6NR5zHFY9c37+sVbox0i33eQuWVzRLT4dUxFyxh0pCBq2Z1P9P/LFMYqg/jvXkRQ3vFVqqrAWSUFu4NmmVk/DtJElt42ZFl2mrzmN4soZH7HS+qISX9gKZec+t3eEHrWkJGB7R8GYA9Lawu0PL8K33djAVG3zWbjk4X91f92Uk+eROngOPZ1TQxCuAfSs9iWhuOLtjoCWWETm17tG6Y87989fLQCKTBdIHALmLbIFXw47wc8H60xkDJ159WEhh0HGSL7Wi7J7gBwIbYG8BiHSHQjAxZ1Y59htyZAGtmtriZ6DJcTVmyh4krvn8IImIbXfaKJC/m1ObE7afzvw4eNnZPOgjNd98U5YcYKVUZcyeQTguTz+cinQ3x6HwQX+kjOlWF6XMzzki455yoYUevPjPtZIwJrLkyMxzTz7pVCGxYh9PozX5jqDuQQAnkuoQ==\n",
            "public_key_pem": "-----BEGIN PUBLIC KEY-----\nMIICIjANBgkqhkiG9w0BAQEFAAOCAg8AMIICCgKCAgEAv0+GnPlowCcJQIomslA3\ny91WEXnWq+WRWO9Bb+r/4vrkzCi6zmOX7DvkdGi8Kg7gHR/GIxUVGvOMEaNct6M9\nA0lpRgwFR67oyAA1J+/G+3m4Bks9JVB9GQviyKEOEgKR2fAiKo8CEnDNGqhFj6nZ\nYzn1go1l656fJUYhRkBzPkCiq7xi+XBkKym3wSvMutRe6Az0xTFitGmYDsDatkEA\nBTy4vjaM84J33BpuABylOL5ccejUecxxWPXN+/rFW6MdIt93kLllc0S0+HVMRcsY\ndKQgatmdT/T/yxTGKoP4715EUN7xVaqqwFklBbuDZplZPw7SRJbeNmRZdpq85jeL\nKGR+x0vqiEl/YCmXnPrd3hB61pCRge0fBmAPS2sLtDy/Ct93YwFRt81m45OF/dX/\ndlJPnkTp4Dj2dU0MQrgH0rPYlobji7Y6AllhE5te7RumPO/fPXy0AikwXSBwC5i2\nyBV8OO8HPB+tMZAydefVhIYdBxki+1ouye4AcCG2BvAYh0h0IwMWdWOfYbcmQBrZ\nra4megyXE1ZsoeJK75/CCJiG132iiQv5tTmxO2n878OHjZ2TzoIzXffFOWHGClVG\nXMnkE4Lk8/nIp0N8eh8EF/pIzpVhelzM85IuOecqGFHrz4z7WSMCay5MjMc08+6V\nQhsWIfT6M1+Y6g7kEAJ5LqECAwEAAQ==\n-----END PUBLIC KEY-----\n",
            "rsa_bits": 4096
          },
          "sensitive_attributes": [
            [
              {
                "type": "get_attr",
                "value": "private_key_openssh"
              }
            ],
            [
              {
                "type": "get_attr",
                "value": "private_key_pem_pkcs8"
              }
            ],
            [
              {
                "type": "get_attr",
                "value": "private_key_pem"
              }
            ]
          ]
        }
      ]
    }
  ],
  "check_results": null
}
