{
  "version": 4,
  "terraform_version": "1.8.3",
  "serial": 32,
  "lineage": "a75bfd1b-fe67-58b4-d3b6-200a11440530",
  "outputs": {
    "vpc_cidr_block": {
      "value": "15.9.97.0/24",
      "type": "string"
    },
    "vpc_id": {
      "value": "vpc-0f2cdbc6a33637627",
      "type": "string"
    }
  },
  "resources": [
    {
      "mode": "data",
      "type": "aws_ami",
      "name": "ami",
      "provider": "provider[\"registry.terraform.io/hashicorp/aws\"]",
      "instances": [
        {
          "schema_version": 0,
          "attributes": {
            "architecture": "x86_64",
            "arn": "arn:aws:ec2:us-east-1::image/ami-0f81732f07ce19b1c",
            "block_device_mappings": [
              {
                "device_name": "/dev/sda1",
                "ebs": {
                  "delete_on_termination": "true",
                  "encrypted": "false",
                  "iops": "0",
                  "snapshot_id": "snap-01d8ccc2f320dee18",
                  "throughput": "0",
                  "volume_size": "8",
                  "volume_type": "gp2"
                },
                "no_device": "",
                "virtual_name": ""
              },
              {
                "device_name": "/dev/sdb",
                "ebs": {},
                "no_device": "",
                "virtual_name": "ephemeral0"
              },
              {
                "device_name": "/dev/sdc",
                "ebs": {},
                "no_device": "",
                "virtual_name": "ephemeral1"
              }
            ],
            "boot_mode": "legacy-bios",
            "creation_date": "2024-05-31T22:18:53.000Z",
            "deprecation_time": "2026-05-31T22:18:53.000Z",
            "description": "Canonical, Ubuntu, 20.04 LTS, amd64 focal image build on 2024-05-31",
            "ena_support": true,
            "executable_users": null,
            "filter": [
              {
                "name": "name",
                "values": [
                  "ubuntu*20.04*-amd64-server-*"
                ]
              }
            ],
            "hypervisor": "xen",
            "id": "ami-0f81732f07ce19b1c",
            "image_id": "ami-0f81732f07ce19b1c",
            "image_location": "amazon/ubuntu/images/hvm-ssd/ubuntu-focal-20.04-amd64-server-20240531",
            "image_owner_alias": "amazon",
            "image_type": "machine",
            "imds_support": "",
            "include_deprecated": false,
            "kernel_id": "",
            "most_recent": true,
            "name": "ubuntu/images/hvm-ssd/ubuntu-focal-20.04-amd64-server-20240531",
            "name_regex": null,
            "owner_id": "099720109477",
            "owners": [
              "099720109477"
            ],
            "platform": "",
            "platform_details": "Linux/UNIX",
            "product_codes": [],
            "public": true,
            "ramdisk_id": "",
            "root_device_name": "/dev/sda1",
            "root_device_type": "ebs",
            "root_snapshot_id": "snap-01d8ccc2f320dee18",
            "sriov_net_support": "simple",
            "state": "available",
            "state_reason": {
              "code": "UNSET",
              "message": "UNSET"
            },
            "tags": {},
            "timeouts": null,
            "tpm_support": "",
            "usage_operation": "RunInstances",
            "virtualization_type": "hvm"
          },
          "sensitive_attributes": []
        }
      ]
    },
    {
      "mode": "data",
      "type": "aws_vpc",
      "name": "this",
      "provider": "provider[\"registry.terraform.io/hashicorp/aws\"]",
      "instances": [
        {
          "schema_version": 0,
          "attributes": {
            "arn": "arn:aws:ec2:us-east-1:708113109960:vpc/vpc-0f2cdbc6a33637627",
            "cidr_block": "15.9.97.0/24",
            "cidr_block_associations": [
              {
                "association_id": "vpc-cidr-assoc-0e8cf1467aa7b0954",
                "cidr_block": "15.9.97.0/24",
                "state": "associated"
              }
            ],
            "default": false,
            "dhcp_options_id": "dopt-0e2f66217ab8d5ccf",
            "enable_dns_hostnames": false,
            "enable_dns_support": true,
            "enable_network_address_usage_metrics": false,
            "filter": [
              {
                "name": "tag:Name",
                "values": [
                  "KofraVPC"
                ]
              }
            ],
            "id": "vpc-0f2cdbc6a33637627",
            "instance_tenancy": "default",
            "ipv6_association_id": "",
            "ipv6_cidr_block": "",
            "main_route_table_id": "rtb-09d69ff5a337b3d10",
            "owner_id": "708113109960",
            "state": null,
            "tags": {
              "Name": "KofraVPC",
              "Tag": "",
              "vpc-id": "kofra_vpc_01"
            },
            "timeouts": null
          },
          "sensitive_attributes": []
        }
      ]
    },
    {
      "mode": "managed",
      "type": "aws_instance",
      "name": "terraform_instance",
      "provider": "provider[\"registry.terraform.io/hashicorp/aws\"]",
      "instances": [
        {
          "schema_version": 1,
          "attributes": {
            "ami": "ami-0f81732f07ce19b1c",
            "arn": "arn:aws:ec2:us-east-1:708113109960:instance/i-05bbb5a22e415d724",
            "associate_public_ip_address": true,
            "availability_zone": "us-east-1a",
            "capacity_reservation_specification": [
              {
                "capacity_reservation_preference": "open",
                "capacity_reservation_target": []
              }
            ],
            "cpu_core_count": 1,
            "cpu_options": [
              {
                "amd_sev_snp": "",
                "core_count": 1,
                "threads_per_core": 1
              }
            ],
            "cpu_threads_per_core": 1,
            "credit_specification": [
              {
                "cpu_credits": "standard"
              }
            ],
            "disable_api_stop": false,
            "disable_api_termination": false,
            "ebs_block_device": [],
            "ebs_optimized": false,
            "enclave_options": [
              {
                "enabled": false
              }
            ],
            "ephemeral_block_device": [],
            "get_password_data": false,
            "hibernation": false,
            "host_id": "",
            "host_resource_group_arn": null,
            "iam_instance_profile": "",
            "id": "i-05bbb5a22e415d724",
            "instance_initiated_shutdown_behavior": "stop",
            "instance_lifecycle": "",
            "instance_market_options": [],
            "instance_state": "running",
            "instance_type": "t2.nano",
            "ipv6_address_count": 0,
            "ipv6_addresses": [],
            "key_name": "kofra-vm-key",
            "launch_template": [],
            "maintenance_options": [
              {
                "auto_recovery": "default"
              }
            ],
            "metadata_options": [
              {
                "http_endpoint": "enabled",
                "http_protocol_ipv6": "disabled",
                "http_put_response_hop_limit": 1,
                "http_tokens": "optional",
                "instance_metadata_tags": "disabled"
              }
            ],
            "monitoring": false,
            "network_interface": [],
            "outpost_arn": "",
            "password_data": "",
            "placement_group": "",
            "placement_partition_number": 0,
            "primary_network_interface_id": "eni-035eedf8063753551",
            "private_dns": "ip-15-9-97-47.ec2.internal",
            "private_dns_name_options": [
              {
                "enable_resource_name_dns_a_record": false,
                "enable_resource_name_dns_aaaa_record": false,
                "hostname_type": "ip-name"
              }
            ],
            "private_ip": "15.9.97.47",
            "public_dns": "",
            "public_ip": "100.24.114.54",
            "root_block_device": [
              {
                "delete_on_termination": true,
                "device_name": "/dev/sda1",
                "encrypted": false,
                "iops": 100,
                "kms_key_id": "",
                "tags": {},
                "tags_all": {},
                "throughput": 0,
                "volume_id": "vol-010260dbe959b003b",
                "volume_size": 8,
                "volume_type": "gp2"
              }
            ],
            "secondary_private_ips": [],
            "security_groups": [],
            "source_dest_check": false,
            "spot_instance_request_id": "",
            "subnet_id": "subnet-09ef8ab240b5bfef3",
            "tags": {
              "Name": "kofra_vm"
            },
            "tags_all": {
              "Name": "kofra_vm"
            },
            "tenancy": "default",
            "timeouts": null,
            "user_data": null,
            "user_data_base64": null,
            "user_data_replace_on_change": false,
            "volume_tags": null,
            "vpc_security_group_ids": [
              "sg-059ee723644cf337a"
            ]
          },
          "sensitive_attributes": [],
          "private": "eyJlMmJmYjczMC1lY2FhLTExZTYtOGY4OC0zNDM2M2JjN2M0YzAiOnsiY3JlYXRlIjo2MDAwMDAwMDAwMDAsImRlbGV0ZSI6MTIwMDAwMDAwMDAwMCwicmVhZCI6OTAwMDAwMDAwMDAwLCJ1cGRhdGUiOjYwMDAwMDAwMDAwMH0sInNjaGVtYV92ZXJzaW9uIjoiMSJ9",
          "dependencies": [
            "aws_security_group.allow_ssh",
            "aws_subnet.public",
            "data.aws_ami.ami",
            "data.aws_vpc.this"
          ]
        }
      ]
    },
    {
      "mode": "managed",
      "type": "aws_internet_gateway",
      "name": "kofra_gw",
      "provider": "provider[\"registry.terraform.io/hashicorp/aws\"]",
      "instances": [
        {
          "schema_version": 0,
          "attributes": {
            "arn": "arn:aws:ec2:us-east-1:708113109960:internet-gateway/igw-0f98ebbd087fd34c5",
            "id": "igw-0f98ebbd087fd34c5",
            "owner_id": "708113109960",
            "tags": {
              "Name": "kofra-internet-gw"
            },
            "tags_all": {
              "Name": "kofra-internet-gw"
            },
            "timeouts": null,
            "vpc_id": "vpc-0f2cdbc6a33637627"
          },
          "sensitive_attributes": [],
          "private": "eyJlMmJmYjczMC1lY2FhLTExZTYtOGY4OC0zNDM2M2JjN2M0YzAiOnsiY3JlYXRlIjoxMjAwMDAwMDAwMDAwLCJkZWxldGUiOjEyMDAwMDAwMDAwMDAsInVwZGF0ZSI6MTIwMDAwMDAwMDAwMH19",
          "dependencies": [
            "data.aws_vpc.this"
          ]
        }
      ]
    },
    {
      "mode": "managed",
      "type": "aws_key_pair",
      "name": "key_pair",
      "provider": "provider[\"registry.terraform.io/hashicorp/aws\"]",
      "instances": [
        {
          "schema_version": 1,
          "attributes": {
            "arn": "arn:aws:ec2:us-east-1:708113109960:key-pair/kofra-vm-key",
            "fingerprint": "9b:e8:65:b8:18:c0:97:7a:2e:82:51:74:e2:73:6d:ec",
            "id": "kofra-vm-key",
            "key_name": "kofra-vm-key",
            "key_name_prefix": "",
            "key_pair_id": "key-0b6cb674676df5692",
            "key_type": "rsa",
            "public_key": "ssh-rsa AAAAB3NzaC1yc2EAAAADAQABAAACAQDWj8enIUvB06UoOraD32p5/Ymnc3TmXdiUqbpAEm3weoVPJftpTPh+/jeoPxMzjhk6oyzt2emphZU3RtBBItLcGgjXzZD0CEM08xFM08bIx3W31Vy82/epTxNe+Pd8rielrm0JRVG05cIjFif7aFJbrX2HPyu4hv7QTmtKvlwZtRgg2Jacin6StFIsIgbbJTfLY7ysSnZx5nGw1C98EZcMsRTt/QNw6OkjY3qFK0s98sKwR9n/a4B4mMJIx/cCcmAeVUem9QpW7964PAGr2KMQuesPcevTNJVFpZneDxbrSYhCrS+LG9FaX0PMjnImT3rL4bZk5YkbHfdS6SncbSpNkTkf/09hOZu1T80wDY4VQ5KrULfIOA0XWoawQBHYZFhSXHMn5NrOeHLcWNrcq3bI/UHLsK42nB20r2rc9nhfNQBHoOIxPnlHr+WEhqvh4ZnME+H0h0eIWQ5dy16S7WzFyzAKaqL/Z8USskKBaLpShoNMymUDHJuJPTTfAWnLIuaZBWPBP1p9A7i1sR97eTTbSX3ApjOPOeDyGfBa7nVYNJ+sgogXkb4SjoZ4VRY96XZ9gtMZbeGJKj/QInwxxl++tki0XjI+MSNfIPo95z9jUYjtM7iOUntTVVthFTMHwhGcOnVKDyRAOqL+03UdQ++4IECO6+ICEw+61ABCWC3kYQ==",
            "tags": {},
            "tags_all": {}
          },
          "sensitive_attributes": [],
          "private": "eyJzY2hlbWFfdmVyc2lvbiI6IjEifQ==",
          "dependencies": [
            "tls_private_key.pk"
          ]
        }
      ]
    },
    {
      "mode": "managed",
      "type": "aws_route_table",
      "name": "route_table",
      "provider": "provider[\"registry.terraform.io/hashicorp/aws\"]",
      "instances": [
        {
          "schema_version": 0,
          "attributes": {
            "arn": "arn:aws:ec2:us-east-1:708113109960:route-table/rtb-0b71e6d23e0989f03",
            "id": "rtb-0b71e6d23e0989f03",
            "owner_id": "708113109960",
            "propagating_vgws": [],
            "route": [
              {
                "carrier_gateway_id": "",
                "cidr_block": "0.0.0.0/0",
                "core_network_arn": "",
                "destination_prefix_list_id": "",
                "egress_only_gateway_id": "",
                "gateway_id": "igw-0f98ebbd087fd34c5",
                "ipv6_cidr_block": "",
                "local_gateway_id": "",
                "nat_gateway_id": "",
                "network_interface_id": "",
                "transit_gateway_id": "",
                "vpc_endpoint_id": "",
                "vpc_peering_connection_id": ""
              }
            ],
            "tags": {
              "Name": "kofra-route-table"
            },
            "tags_all": {
              "Name": "kofra-route-table"
            },
            "timeouts": null,
            "vpc_id": "vpc-0f2cdbc6a33637627"
          },
          "sensitive_attributes": [],
          "private": "eyJlMmJmYjczMC1lY2FhLTExZTYtOGY4OC0zNDM2M2JjN2M0YzAiOnsiY3JlYXRlIjozMDAwMDAwMDAwMDAsImRlbGV0ZSI6MzAwMDAwMDAwMDAwLCJ1cGRhdGUiOjEyMDAwMDAwMDAwMH19",
          "dependencies": [
            "aws_internet_gateway.kofra_gw",
            "data.aws_vpc.this"
          ]
        }
      ]
    },
    {
      "mode": "managed",
      "type": "aws_route_table_association",
      "name": "route_association",
      "provider": "provider[\"registry.terraform.io/hashicorp/aws\"]",
      "instances": [
        {
          "schema_version": 0,
          "attributes": {
            "gateway_id": "",
            "id": "rtbassoc-0941c7b4da9ed2c0b",
            "route_table_id": "rtb-0b71e6d23e0989f03",
            "subnet_id": "subnet-09ef8ab240b5bfef3",
            "timeouts": null
          },
          "sensitive_attributes": [],
          "private": "eyJlMmJmYjczMC1lY2FhLTExZTYtOGY4OC0zNDM2M2JjN2M0YzAiOnsiY3JlYXRlIjozMDAwMDAwMDAwMDAsImRlbGV0ZSI6MzAwMDAwMDAwMDAwLCJ1cGRhdGUiOjEyMDAwMDAwMDAwMH19",
          "dependencies": [
            "aws_internet_gateway.kofra_gw",
            "aws_route_table.route_table",
            "aws_subnet.public",
            "data.aws_vpc.this"
          ]
        }
      ]
    },
    {
      "mode": "managed",
      "type": "aws_security_group",
      "name": "allow_ssh",
      "provider": "provider[\"registry.terraform.io/hashicorp/aws\"]",
      "instances": [
        {
          "schema_version": 1,
          "attributes": {
            "arn": "arn:aws:ec2:us-east-1:708113109960:security-group/sg-059ee723644cf337a",
            "description": "Allow SSH inbound  and outbound traffic",
            "egress": [],
            "id": "sg-059ee723644cf337a",
            "ingress": [],
            "name": "kofra-ssh-security-group",
            "name_prefix": "",
            "owner_id": "708113109960",
            "revoke_rules_on_delete": false,
            "tags": {
              "Name": "kofra_allow_ssh"
            },
            "tags_all": {
              "Name": "kofra_allow_ssh"
            },
            "timeouts": null,
            "vpc_id": "vpc-0f2cdbc6a33637627"
          },
          "sensitive_attributes": [],
          "private": "eyJlMmJmYjczMC1lY2FhLTExZTYtOGY4OC0zNDM2M2JjN2M0YzAiOnsiY3JlYXRlIjo2MDAwMDAwMDAwMDAsImRlbGV0ZSI6OTAwMDAwMDAwMDAwfSwic2NoZW1hX3ZlcnNpb24iOiIxIn0=",
          "dependencies": [
            "data.aws_vpc.this"
          ]
        }
      ]
    },
    {
      "mode": "managed",
      "type": "aws_subnet",
      "name": "private",
      "provider": "provider[\"registry.terraform.io/hashicorp/aws\"]",
      "instances": [
        {
          "schema_version": 1,
          "attributes": {
            "arn": "arn:aws:ec2:us-east-1:708113109960:subnet/subnet-001433c9178b7cfef",
            "assign_ipv6_address_on_creation": false,
            "availability_zone": "us-east-1b",
            "availability_zone_id": "use1-az2",
            "cidr_block": "15.9.97.128/26",
            "customer_owned_ipv4_pool": "",
            "enable_dns64": false,
            "enable_lni_at_device_index": 0,
            "enable_resource_name_dns_a_record_on_launch": false,
            "enable_resource_name_dns_aaaa_record_on_launch": false,
            "id": "subnet-001433c9178b7cfef",
            "ipv6_cidr_block": "",
            "ipv6_cidr_block_association_id": "",
            "ipv6_native": false,
            "map_customer_owned_ip_on_launch": false,
            "map_public_ip_on_launch": false,
            "outpost_arn": "",
            "owner_id": "708113109960",
            "private_dns_hostname_type_on_launch": "ip-name",
            "tags": {
              "Name": "kofra-private-subnet"
            },
            "tags_all": {
              "Name": "kofra-private-subnet"
            },
            "timeouts": null,
            "vpc_id": "vpc-0f2cdbc6a33637627"
          },
          "sensitive_attributes": [],
          "private": "eyJlMmJmYjczMC1lY2FhLTExZTYtOGY4OC0zNDM2M2JjN2M0YzAiOnsiY3JlYXRlIjo2MDAwMDAwMDAwMDAsImRlbGV0ZSI6MTIwMDAwMDAwMDAwMH0sInNjaGVtYV92ZXJzaW9uIjoiMSJ9",
          "dependencies": [
            "data.aws_vpc.this"
          ]
        }
      ]
    },
    {
      "mode": "managed",
      "type": "aws_subnet",
      "name": "public",
      "provider": "provider[\"registry.terraform.io/hashicorp/aws\"]",
      "instances": [
        {
          "schema_version": 1,
          "attributes": {
            "arn": "arn:aws:ec2:us-east-1:708113109960:subnet/subnet-09ef8ab240b5bfef3",
            "assign_ipv6_address_on_creation": false,
            "availability_zone": "us-east-1a",
            "availability_zone_id": "use1-az1",
            "cidr_block": "15.9.97.0/26",
            "customer_owned_ipv4_pool": "",
            "enable_dns64": false,
            "enable_lni_at_device_index": 0,
            "enable_resource_name_dns_a_record_on_launch": false,
            "enable_resource_name_dns_aaaa_record_on_launch": false,
            "id": "subnet-09ef8ab240b5bfef3",
            "ipv6_cidr_block": "",
            "ipv6_cidr_block_association_id": "",
            "ipv6_native": false,
            "map_customer_owned_ip_on_launch": false,
            "map_public_ip_on_launch": false,
            "outpost_arn": "",
            "owner_id": "708113109960",
            "private_dns_hostname_type_on_launch": "ip-name",
            "tags": {
              "Name": "kofra-public-subnet"
            },
            "tags_all": {
              "Name": "kofra-public-subnet"
            },
            "timeouts": null,
            "vpc_id": "vpc-0f2cdbc6a33637627"
          },
          "sensitive_attributes": [],
          "private": "eyJlMmJmYjczMC1lY2FhLTExZTYtOGY4OC0zNDM2M2JjN2M0YzAiOnsiY3JlYXRlIjo2MDAwMDAwMDAwMDAsImRlbGV0ZSI6MTIwMDAwMDAwMDAwMH0sInNjaGVtYV92ZXJzaW9uIjoiMSJ9",
          "dependencies": [
            "data.aws_vpc.this"
          ]
        }
      ]
    },
    {
      "mode": "managed",
      "type": "aws_vpc_security_group_egress_rule",
      "name": "allow_ssh_out",
      "provider": "provider[\"registry.terraform.io/hashicorp/aws\"]",
      "instances": [
        {
          "schema_version": 0,
          "attributes": {
            "arn": "arn:aws:ec2:us-east-1:708113109960:security-group-rule/sgr-0e97fa24b2238fbcf",
            "cidr_ipv4": "0.0.0.0/0",
            "cidr_ipv6": null,
            "description": null,
            "from_port": -1,
            "id": "sgr-0e97fa24b2238fbcf",
            "ip_protocol": "-1",
            "prefix_list_id": null,
            "referenced_security_group_id": null,
            "security_group_id": "sg-059ee723644cf337a",
            "security_group_rule_id": "sgr-0e97fa24b2238fbcf",
            "tags": null,
            "tags_all": {},
            "to_port": -1
          },
          "sensitive_attributes": [],
          "dependencies": [
            "aws_security_group.allow_ssh",
            "data.aws_vpc.this"
          ]
        }
      ]
    },
    {
      "mode": "managed",
      "type": "aws_vpc_security_group_ingress_rule",
      "name": "allow_ssh_in",
      "provider": "provider[\"registry.terraform.io/hashicorp/aws\"]",
      "instances": [
        {
          "schema_version": 0,
          "attributes": {
            "arn": "arn:aws:ec2:us-east-1:708113109960:security-group-rule/sgr-01afdd14e2c2ec52f",
            "cidr_ipv4": "15.9.97.0/24",
            "cidr_ipv6": null,
            "description": null,
            "from_port": 22,
            "id": "sgr-01afdd14e2c2ec52f",
            "ip_protocol": "tcp",
            "prefix_list_id": null,
            "referenced_security_group_id": null,
            "security_group_id": "sg-059ee723644cf337a",
            "security_group_rule_id": "sgr-01afdd14e2c2ec52f",
            "tags": null,
            "tags_all": {},
            "to_port": 22
          },
          "sensitive_attributes": [],
          "dependencies": [
            "aws_security_group.allow_ssh",
            "data.aws_vpc.this"
          ]
        }
      ]
    },
    {
      "mode": "managed",
      "type": "tls_private_key",
      "name": "pk",
      "provider": "provider[\"registry.terraform.io/hashicorp/tls\"]",
      "instances": [
        {
          "schema_version": 1,
          "attributes": {
            "algorithm": "RSA",
            "ecdsa_curve": "P224",
            "id": "fae6aae5c5bec96d1d9c6af80bdb3192b4f7d959",
            "private_key_openssh": "-----BEGIN OPENSSH PRIVATE KEY-----\nb3BlbnNzaC1rZXktdjEAAAAABG5vbmUAAAAEbm9uZQAAAAAAAAABAAACFwAAAAdz\nc2gtcnNhAAAAAwEAAQAAAgEA1o/HpyFLwdOlKDq2g99qef2Jp3N05l3YlKm6QBJt\n8HqFTyX7aUz4fv43qD8TM44ZOqMs7dnpqYWVN0bQQSLS3BoI182Q9AhDNPMRTNPG\nyMd1t9VcvNv3qU8TXvj3fK4npa5tCUVRtOXCIxYn+2hSW619hz8ruIb+0E5rSr5c\nGbUYINiWnIp+krRSLCIG2yU3y2O8rEp2ceZxsNQvfBGXDLEU7f0DcOjpI2N6hStL\nPfLCsEfZ/2uAeJjCSMf3AnJgHlVHpvUKVu/euDwBq9ijELnrD3Hr0zSVRaWZ3g8W\n60mIQq0vixvRWl9DzI5yJk96y+G2ZOWJGx33Uukp3G0qTZE5H/9PYTmbtU/NMA2O\nFUOSq1C3yDgNF1qGsEAR2GRYUlxzJ+Taznhy3Fja3Kt2yP1By7CuNpwdtK9q3PZ4\nXzUAR6DiMT55R6/lhIar4eGZzBPh9IdHiFkOXcteku1sxcswCmqi/2fFErJCgWi6\nUoaDTMplAxybiT003wFpyyLmmQVjwT9afQO4tbEfe3k020l9wKYzjzng8hnwWu51\nWDSfrIKIF5G+Eo6GeFUWPel2fYLTGW3hiSo/0CJ8McZfvrZItF4yPjEjXyD6Pec/\nY1GI7TO4jlJ7U1VbYRUzB8IRnDp1Sg8kQDqi/tN1HUPvuCBAjuviAhMPutQAQlgt\n5GEAAAc4bKccBGynHAQAAAAHc3NoLXJzYQAAAgEA1o/HpyFLwdOlKDq2g99qef2J\np3N05l3YlKm6QBJt8HqFTyX7aUz4fv43qD8TM44ZOqMs7dnpqYWVN0bQQSLS3BoI\n182Q9AhDNPMRTNPGyMd1t9VcvNv3qU8TXvj3fK4npa5tCUVRtOXCIxYn+2hSW619\nhz8ruIb+0E5rSr5cGbUYINiWnIp+krRSLCIG2yU3y2O8rEp2ceZxsNQvfBGXDLEU\n7f0DcOjpI2N6hStLPfLCsEfZ/2uAeJjCSMf3AnJgHlVHpvUKVu/euDwBq9ijELnr\nD3Hr0zSVRaWZ3g8W60mIQq0vixvRWl9DzI5yJk96y+G2ZOWJGx33Uukp3G0qTZE5\nH/9PYTmbtU/NMA2OFUOSq1C3yDgNF1qGsEAR2GRYUlxzJ+Taznhy3Fja3Kt2yP1B\ny7CuNpwdtK9q3PZ4XzUAR6DiMT55R6/lhIar4eGZzBPh9IdHiFkOXcteku1sxcsw\nCmqi/2fFErJCgWi6UoaDTMplAxybiT003wFpyyLmmQVjwT9afQO4tbEfe3k020l9\nwKYzjzng8hnwWu51WDSfrIKIF5G+Eo6GeFUWPel2fYLTGW3hiSo/0CJ8McZfvrZI\ntF4yPjEjXyD6Pec/Y1GI7TO4jlJ7U1VbYRUzB8IRnDp1Sg8kQDqi/tN1HUPvuCBA\njuviAhMPutQAQlgt5GEAAAADAQABAAACAGB9CCwArTDdHMianrlvH1L80YqcQVXX\nni48paVqpEYg0xJk4krYcmepqx3eP6RPosjb2Lid5pZ1nETfc4fXQTv5+UATEbys\neoy1QnJqSlrAWA/zw2CrCxT4mp17GNDZALthVWd15OiU6lkc/Z3xrBfOTUUlA2RY\nUP8cROO393MYHWGoBRMgtQsETG/MXYjvk8fDcnWIhvtxxm7e/PuubV8nw2HDBmkg\nVLe1ZMO+VHfnU+YyabaTgZK6H6TbSBmxlcgOUcqjJ6Mw+9eeJKJDKhG7ihnIAWVZ\noEdR0YArCQOGbeCOQXMtb1hUvwiehnb0ByTovD1je+TV9QM0F78o2Hx17BNXxIUj\n7bFCQYiV52aTutR89SaAfzz74sS6LncQeMk7OHBpCZeq/YB1GDEUTxxJVAHkCWmR\nWnBnOAA7ULYeCwQvzEqbRI5EPM5ZT37OmSHB5mgpqdR6hM16PF/aRYoVBMahTvLu\nLG6c4y0ZLZFFPLnfCfNCmYaXTXYX6Nq6dOEC5XZaUepBFmd/dnkIGt6GVLSsos3m\nGYjwRs2PP4xJrIDg6I5blGVOSRk7IaB2Lw2msgoxdWd12/FmRqUlNKjOOrhwmeDf\n5IaFQw/bvzloWpba925M2E/E3D2izm/hGvafiHHXqYzvmXZJJcDLjAzAzWhQ/Gdc\nLJ7szNLrxo6BAAABAQDcRFfqKRBsCtsrqmL9RvDc54VyLPXegMZmuyCe24XHnrVo\nEfKnU2Lt34ZW//keuzrQBxSNzWQ2sjxpJkHWZaexYhowvQfxaf2XLXooXx3AebPX\nsJTRKYdBxazE6Fwi4kM48DuGhI7PcxJnp4MDSaXUTHGEeDaSH/eyx3Kav4Usknpy\nTmi6he7Qztr6FFo0XD3y4mlny3zKRXrBlJZggnjiFLq75mSw4HtsTyDJtLlGdgaR\n5KLANHlL0bvHoRl0VT1QYG0VGVJR/RiGcizX15OzPzufMSFEcfsHGbVZrsSCNSii\nCeMEWO1/gGiOduH8ik0aR3rx9jSgY7uaB67Q8QVFAAABAQD+ucuccymMc0DD6i4U\nqVRHfeG27fXZfjZ9s2xSlQMZ8re12TGRZ35hOesyt+A+WzJQxMxwqSeACxXmroQA\njzPF+ZGhRDCQO7v3/Bzh1rjZCsnwfhquMLXbSmMX5P7AaLymkrdn+Pmnw3jmFISU\nbr4mm80su338F5VM6EaZjjJqD1WoR5SM06tU8pLqkjO5UyUEa4lvJnZ0T0XWq7KF\nqRke01b37S1NItNAvpvSHBve98h8qUzqPZOdTGVti6E6aB1DZUxVmzBOSzH5LBSJ\nTWqPp/d2DcVVXTMvrclLuJKtIHW7VT/D+6ANV26Lha+GHWzSyqFv/EB4WcLOWmsS\noTwrAAABAQDXoozHRiWJI0SZV+8lOmVM9HkQZJ1egh041O2CTorOkUxe36D61W0Y\n+/g24Mc6PVr6dAFD0CDxycehMU2sqRZ1aM+dofFTxampXJimhOYP2wboHSl7ienN\nUfJe4892WZvz17u/fRhl9AI6pxdEW+Nt9Wd4Yez5fXrhZKlQhLYoKrCsRaYqz5rC\ngNl7hUjfrJB0/bCr3itRUVV0VIUx7RWW1WpFluQd8j2c37NWRThZTOtQqK3oiwEg\nhHK/kjzHOfDrfeS9Gqemwil0/p70MJtMIOW1wpvsGtHJkcZ+C/IHOlNLtfysNNDh\nFDLdO8fthM9/0miiNvyYl2+Z+clwIj+jAAAAAAEC\n-----END OPENSSH PRIVATE KEY-----\n",
            "private_key_pem": "-----BEGIN RSA PRIVATE KEY-----\nMIIJKAIBAAKCAgEA1o/HpyFLwdOlKDq2g99qef2Jp3N05l3YlKm6QBJt8HqFTyX7\naUz4fv43qD8TM44ZOqMs7dnpqYWVN0bQQSLS3BoI182Q9AhDNPMRTNPGyMd1t9Vc\nvNv3qU8TXvj3fK4npa5tCUVRtOXCIxYn+2hSW619hz8ruIb+0E5rSr5cGbUYINiW\nnIp+krRSLCIG2yU3y2O8rEp2ceZxsNQvfBGXDLEU7f0DcOjpI2N6hStLPfLCsEfZ\n/2uAeJjCSMf3AnJgHlVHpvUKVu/euDwBq9ijELnrD3Hr0zSVRaWZ3g8W60mIQq0v\nixvRWl9DzI5yJk96y+G2ZOWJGx33Uukp3G0qTZE5H/9PYTmbtU/NMA2OFUOSq1C3\nyDgNF1qGsEAR2GRYUlxzJ+Taznhy3Fja3Kt2yP1By7CuNpwdtK9q3PZ4XzUAR6Di\nMT55R6/lhIar4eGZzBPh9IdHiFkOXcteku1sxcswCmqi/2fFErJCgWi6UoaDTMpl\nAxybiT003wFpyyLmmQVjwT9afQO4tbEfe3k020l9wKYzjzng8hnwWu51WDSfrIKI\nF5G+Eo6GeFUWPel2fYLTGW3hiSo/0CJ8McZfvrZItF4yPjEjXyD6Pec/Y1GI7TO4\njlJ7U1VbYRUzB8IRnDp1Sg8kQDqi/tN1HUPvuCBAjuviAhMPutQAQlgt5GECAwEA\nAQKCAgBgfQgsAK0w3RzImp65bx9S/NGKnEFV154uPKWlaqRGINMSZOJK2HJnqasd\n3j+kT6LI29i4neaWdZxE33OH10E7+flAExG8rHqMtUJyakpawFgP88NgqwsU+Jqd\nexjQ2QC7YVVndeTolOpZHP2d8awXzk1FJQNkWFD/HETjt/dzGB1hqAUTILULBExv\nzF2I75PHw3J1iIb7ccZu3vz7rm1fJ8NhwwZpIFS3tWTDvlR351PmMmm2k4GSuh+k\n20gZsZXIDlHKoyejMPvXniSiQyoRu4oZyAFlWaBHUdGAKwkDhm3gjkFzLW9YVL8I\nnoZ29Ack6Lw9Y3vk1fUDNBe/KNh8dewTV8SFI+2xQkGIledmk7rUfPUmgH88++LE\nui53EHjJOzhwaQmXqv2AdRgxFE8cSVQB5AlpkVpwZzgAO1C2HgsEL8xKm0SORDzO\nWU9+zpkhweZoKanUeoTNejxf2kWKFQTGoU7y7ixunOMtGS2RRTy53wnzQpmGl012\nF+jaunThAuV2WlHqQRZnf3Z5CBrehlS0rKLN5hmI8EbNjz+MSayA4OiOW5RlTkkZ\nOyGgdi8NprIKMXVnddvxZkalJTSozjq4cJng3+SGhUMP2785aFqW2vduTNhPxNw9\nos5v4Rr2n4hx16mM75l2SSXAy4wMwM1oUPxnXCye7MzS68aOgQKCAQEA/rnLnHMp\njHNAw+ouFKlUR33htu312X42fbNsUpUDGfK3tdkxkWd+YTnrMrfgPlsyUMTMcKkn\ngAsV5q6EAI8zxfmRoUQwkDu79/wc4da42QrJ8H4arjC120pjF+T+wGi8ppK3Z/j5\np8N45hSElG6+JpvNLLt9/BeVTOhGmY4yag9VqEeUjNOrVPKS6pIzuVMlBGuJbyZ2\ndE9F1quyhakZHtNW9+0tTSLTQL6b0hwb3vfIfKlM6j2TnUxlbYuhOmgdQ2VMVZsw\nTksx+SwUiU1qj6f3dg3FVV0zL63JS7iSrSB1u1U/w/ugDVdui4Wvhh1s0sqhb/xA\neFnCzlprEqE8KwKCAQEA16KMx0YliSNEmVfvJTplTPR5EGSdXoIdONTtgk6KzpFM\nXt+g+tVtGPv4NuDHOj1a+nQBQ9Ag8cnHoTFNrKkWdWjPnaHxU8WpqVyYpoTmD9sG\n6B0pe4npzVHyXuPPdlmb89e7v30YZfQCOqcXRFvjbfVneGHs+X164WSpUIS2KCqw\nrEWmKs+awoDZe4VI36yQdP2wq94rUVFVdFSFMe0VltVqRZbkHfI9nN+zVkU4WUzr\nUKit6IsBIIRyv5I8xznw633kvRqnpsIpdP6e9DCbTCDltcKb7BrRyZHGfgvyBzpT\nS7X8rDTQ4RQy3TvH7YTPf9Joojb8mJdvmfnJcCI/owKCAQBr61+eexQhUzsfRfob\n+tmgKG8Wx56fdN+1Re0g180mkzTOMKTVi9l5a8aACHNTN+QLYDWVjbUUhJ3UzB9U\n9VbkC6Ztgqxoj0ZF/GRoMkbCfdWstGCtaCnELLHrD7P25Oj4UbSuskdjkmeIYy0A\njiK1zNCSoSTxRzSUDtzKdfpaAQEzeJAxUgSGyvb/ts1/OQC37K+fjdYl1Ogr2Tab\ndlcUPkncZHoK8jQ6fAccb5hHUQd5+WiC3W/K9vEKBlxamH29bg93PXar1SPpA4n3\n2frJvkoTlCYE0qW7D4/3Ks3J17TJl4aai+L1hBNrvUnuMk1GyV64SVEvLChisOAo\nVnNdAoIBACP4JWuIM/KwQ10g4e9f0k4H6bnmTqnZIm68dfHqkBTs/8RDoWK1/0DP\npxPgYttAKNDmUN+y9AvhEL++rapDek+TcC5nOQ40RpzNqVj9ijLS4lANrUHCO5HY\nPYm+jni7cdw2/EZw44T+MvD9tk/c1A8fhGb8Tr8/QyQd2nBn8sq4dEgIRjOV9cbE\nH4MPNJy6+E3Lk5DXunoSCyMghidR2OwUJWn+RYcJRWXJmuylF0UuI4KM4JWNul5m\nOY3jIuhIrftaQLGapKSYdrnhTzqEcSM9yZOMJt43iw8IlgeojnLOM97JOKCxHras\n298zfaINKV+1BWcprPD3MdKJbCScUekCggEBANxEV+opEGwK2yuqYv1G8NznhXIs\n9d6Axma7IJ7bhceetWgR8qdTYu3fhlb/+R67OtAHFI3NZDayPGkmQdZlp7FiGjC9\nB/Fp/ZcteihfHcB5s9ewlNEph0HFrMToXCLiQzjwO4aEjs9zEmengwNJpdRMcYR4\nNpIf97LHcpq/hSySenJOaLqF7tDO2voUWjRcPfLiaWfLfMpFesGUlmCCeOIUurvm\nZLDge2xPIMm0uUZ2BpHkosA0eUvRu8ehGXRVPVBgbRUZUlH9GIZyLNfXk7M/O58x\nIURx+wcZtVmuxII1KKIJ4wRY7X+AaI524fyKTRpHevH2NKBju5oHrtDxBUU=\n-----END RSA PRIVATE KEY-----\n",
            "private_key_pem_pkcs8": "-----BEGIN PRIVATE KEY-----\nMIIJQgIBADANBgkqhkiG9w0BAQEFAASCCSwwggkoAgEAAoICAQDWj8enIUvB06Uo\nOraD32p5/Ymnc3TmXdiUqbpAEm3weoVPJftpTPh+/jeoPxMzjhk6oyzt2emphZU3\nRtBBItLcGgjXzZD0CEM08xFM08bIx3W31Vy82/epTxNe+Pd8rielrm0JRVG05cIj\nFif7aFJbrX2HPyu4hv7QTmtKvlwZtRgg2Jacin6StFIsIgbbJTfLY7ysSnZx5nGw\n1C98EZcMsRTt/QNw6OkjY3qFK0s98sKwR9n/a4B4mMJIx/cCcmAeVUem9QpW7964\nPAGr2KMQuesPcevTNJVFpZneDxbrSYhCrS+LG9FaX0PMjnImT3rL4bZk5YkbHfdS\n6SncbSpNkTkf/09hOZu1T80wDY4VQ5KrULfIOA0XWoawQBHYZFhSXHMn5NrOeHLc\nWNrcq3bI/UHLsK42nB20r2rc9nhfNQBHoOIxPnlHr+WEhqvh4ZnME+H0h0eIWQ5d\ny16S7WzFyzAKaqL/Z8USskKBaLpShoNMymUDHJuJPTTfAWnLIuaZBWPBP1p9A7i1\nsR97eTTbSX3ApjOPOeDyGfBa7nVYNJ+sgogXkb4SjoZ4VRY96XZ9gtMZbeGJKj/Q\nInwxxl++tki0XjI+MSNfIPo95z9jUYjtM7iOUntTVVthFTMHwhGcOnVKDyRAOqL+\n03UdQ++4IECO6+ICEw+61ABCWC3kYQIDAQABAoICAGB9CCwArTDdHMianrlvH1L8\n0YqcQVXXni48paVqpEYg0xJk4krYcmepqx3eP6RPosjb2Lid5pZ1nETfc4fXQTv5\n+UATEbyseoy1QnJqSlrAWA/zw2CrCxT4mp17GNDZALthVWd15OiU6lkc/Z3xrBfO\nTUUlA2RYUP8cROO393MYHWGoBRMgtQsETG/MXYjvk8fDcnWIhvtxxm7e/PuubV8n\nw2HDBmkgVLe1ZMO+VHfnU+YyabaTgZK6H6TbSBmxlcgOUcqjJ6Mw+9eeJKJDKhG7\nihnIAWVZoEdR0YArCQOGbeCOQXMtb1hUvwiehnb0ByTovD1je+TV9QM0F78o2Hx1\n7BNXxIUj7bFCQYiV52aTutR89SaAfzz74sS6LncQeMk7OHBpCZeq/YB1GDEUTxxJ\nVAHkCWmRWnBnOAA7ULYeCwQvzEqbRI5EPM5ZT37OmSHB5mgpqdR6hM16PF/aRYoV\nBMahTvLuLG6c4y0ZLZFFPLnfCfNCmYaXTXYX6Nq6dOEC5XZaUepBFmd/dnkIGt6G\nVLSsos3mGYjwRs2PP4xJrIDg6I5blGVOSRk7IaB2Lw2msgoxdWd12/FmRqUlNKjO\nOrhwmeDf5IaFQw/bvzloWpba925M2E/E3D2izm/hGvafiHHXqYzvmXZJJcDLjAzA\nzWhQ/GdcLJ7szNLrxo6BAoIBAQD+ucuccymMc0DD6i4UqVRHfeG27fXZfjZ9s2xS\nlQMZ8re12TGRZ35hOesyt+A+WzJQxMxwqSeACxXmroQAjzPF+ZGhRDCQO7v3/Bzh\n1rjZCsnwfhquMLXbSmMX5P7AaLymkrdn+Pmnw3jmFISUbr4mm80su338F5VM6EaZ\njjJqD1WoR5SM06tU8pLqkjO5UyUEa4lvJnZ0T0XWq7KFqRke01b37S1NItNAvpvS\nHBve98h8qUzqPZOdTGVti6E6aB1DZUxVmzBOSzH5LBSJTWqPp/d2DcVVXTMvrclL\nuJKtIHW7VT/D+6ANV26Lha+GHWzSyqFv/EB4WcLOWmsSoTwrAoIBAQDXoozHRiWJ\nI0SZV+8lOmVM9HkQZJ1egh041O2CTorOkUxe36D61W0Y+/g24Mc6PVr6dAFD0CDx\nycehMU2sqRZ1aM+dofFTxampXJimhOYP2wboHSl7ienNUfJe4892WZvz17u/fRhl\n9AI6pxdEW+Nt9Wd4Yez5fXrhZKlQhLYoKrCsRaYqz5rCgNl7hUjfrJB0/bCr3itR\nUVV0VIUx7RWW1WpFluQd8j2c37NWRThZTOtQqK3oiwEghHK/kjzHOfDrfeS9Gqem\nwil0/p70MJtMIOW1wpvsGtHJkcZ+C/IHOlNLtfysNNDhFDLdO8fthM9/0miiNvyY\nl2+Z+clwIj+jAoIBAGvrX557FCFTOx9F+hv62aAobxbHnp9037VF7SDXzSaTNM4w\npNWL2XlrxoAIc1M35AtgNZWNtRSEndTMH1T1VuQLpm2CrGiPRkX8ZGgyRsJ91ay0\nYK1oKcQssesPs/bk6PhRtK6yR2OSZ4hjLQCOIrXM0JKhJPFHNJQO3Mp1+loBATN4\nkDFSBIbK9v+2zX85ALfsr5+N1iXU6CvZNpt2VxQ+SdxkegryNDp8BxxvmEdRB3n5\naILdb8r28QoGXFqYfb1uD3c9dqvVI+kDiffZ+sm+ShOUJgTSpbsPj/cqzcnXtMmX\nhpqL4vWEE2u9Se4yTUbJXrhJUS8sKGKw4ChWc10CggEAI/gla4gz8rBDXSDh71/S\nTgfpueZOqdkibrx18eqQFOz/xEOhYrX/QM+nE+Bi20Ao0OZQ37L0C+EQv76tqkN6\nT5NwLmc5DjRGnM2pWP2KMtLiUA2tQcI7kdg9ib6OeLtx3Db8RnDjhP4y8P22T9zU\nDx+EZvxOvz9DJB3acGfyyrh0SAhGM5X1xsQfgw80nLr4TcuTkNe6ehILIyCGJ1HY\n7BQlaf5FhwlFZcma7KUXRS4jgozglY26XmY5jeMi6Eit+1pAsZqkpJh2ueFPOoRx\nIz3Jk4wm3jeLDwiWB6iOcs4z3sk4oLEetqzb3zN9og0pX7UFZyms8Pcx0olsJJxR\n6QKCAQEA3ERX6ikQbArbK6pi/Ubw3OeFciz13oDGZrsgntuFx561aBHyp1Ni7d+G\nVv/5Hrs60AcUjc1kNrI8aSZB1mWnsWIaML0H8Wn9ly16KF8dwHmz17CU0SmHQcWs\nxOhcIuJDOPA7hoSOz3MSZ6eDA0ml1ExxhHg2kh/3ssdymr+FLJJ6ck5ouoXu0M7a\n+hRaNFw98uJpZ8t8ykV6wZSWYIJ44hS6u+ZksOB7bE8gybS5RnYGkeSiwDR5S9G7\nx6EZdFU9UGBtFRlSUf0YhnIs19eTsz87nzEhRHH7Bxm1Wa7EgjUoognjBFjtf4Bo\njnbh/IpNGkd68fY0oGO7mgeu0PEFRQ==\n-----END PRIVATE KEY-----\n",
            "public_key_fingerprint_md5": "93:be:f9:52:a2:70:5f:0c:b5:78:86:03:99:15:f9:0f",
            "public_key_fingerprint_sha256": "SHA256:qvaQTK8O5jAGwRdI7cnjpgHYnMukc6IBUPT8A8R3Tqw",
            "public_key_openssh": "ssh-rsa AAAAB3NzaC1yc2EAAAADAQABAAACAQDWj8enIUvB06UoOraD32p5/Ymnc3TmXdiUqbpAEm3weoVPJftpTPh+/jeoPxMzjhk6oyzt2emphZU3RtBBItLcGgjXzZD0CEM08xFM08bIx3W31Vy82/epTxNe+Pd8rielrm0JRVG05cIjFif7aFJbrX2HPyu4hv7QTmtKvlwZtRgg2Jacin6StFIsIgbbJTfLY7ysSnZx5nGw1C98EZcMsRTt/QNw6OkjY3qFK0s98sKwR9n/a4B4mMJIx/cCcmAeVUem9QpW7964PAGr2KMQuesPcevTNJVFpZneDxbrSYhCrS+LG9FaX0PMjnImT3rL4bZk5YkbHfdS6SncbSpNkTkf/09hOZu1T80wDY4VQ5KrULfIOA0XWoawQBHYZFhSXHMn5NrOeHLcWNrcq3bI/UHLsK42nB20r2rc9nhfNQBHoOIxPnlHr+WEhqvh4ZnME+H0h0eIWQ5dy16S7WzFyzAKaqL/Z8USskKBaLpShoNMymUDHJuJPTTfAWnLIuaZBWPBP1p9A7i1sR97eTTbSX3ApjOPOeDyGfBa7nVYNJ+sgogXkb4SjoZ4VRY96XZ9gtMZbeGJKj/QInwxxl++tki0XjI+MSNfIPo95z9jUYjtM7iOUntTVVthFTMHwhGcOnVKDyRAOqL+03UdQ++4IECO6+ICEw+61ABCWC3kYQ==\n",
            "public_key_pem": "-----BEGIN PUBLIC KEY-----\nMIICIjANBgkqhkiG9w0BAQEFAAOCAg8AMIICCgKCAgEA1o/HpyFLwdOlKDq2g99q\nef2Jp3N05l3YlKm6QBJt8HqFTyX7aUz4fv43qD8TM44ZOqMs7dnpqYWVN0bQQSLS\n3BoI182Q9AhDNPMRTNPGyMd1t9VcvNv3qU8TXvj3fK4npa5tCUVRtOXCIxYn+2hS\nW619hz8ruIb+0E5rSr5cGbUYINiWnIp+krRSLCIG2yU3y2O8rEp2ceZxsNQvfBGX\nDLEU7f0DcOjpI2N6hStLPfLCsEfZ/2uAeJjCSMf3AnJgHlVHpvUKVu/euDwBq9ij\nELnrD3Hr0zSVRaWZ3g8W60mIQq0vixvRWl9DzI5yJk96y+G2ZOWJGx33Uukp3G0q\nTZE5H/9PYTmbtU/NMA2OFUOSq1C3yDgNF1qGsEAR2GRYUlxzJ+Taznhy3Fja3Kt2\nyP1By7CuNpwdtK9q3PZ4XzUAR6DiMT55R6/lhIar4eGZzBPh9IdHiFkOXcteku1s\nxcswCmqi/2fFErJCgWi6UoaDTMplAxybiT003wFpyyLmmQVjwT9afQO4tbEfe3k0\n20l9wKYzjzng8hnwWu51WDSfrIKIF5G+Eo6GeFUWPel2fYLTGW3hiSo/0CJ8McZf\nvrZItF4yPjEjXyD6Pec/Y1GI7TO4jlJ7U1VbYRUzB8IRnDp1Sg8kQDqi/tN1HUPv\nuCBAjuviAhMPutQAQlgt5GECAwEAAQ==\n-----END PUBLIC KEY-----\n",
            "rsa_bits": 4096
          },
          "sensitive_attributes": [
            [
              {
                "type": "get_attr",
                "value": "private_key_pem_pkcs8"
              }
            ],
            [
              {
                "type": "get_attr",
                "value": "private_key_pem"
              }
            ],
            [
              {
                "type": "get_attr",
                "value": "private_key_openssh"
              }
            ]
          ]
        }
      ]
    }
  ],
  "check_results": null
}
