{
  "version": 4,
  "terraform_version": "1.8.3",
  "serial": 97,
  "lineage": "a75bfd1b-fe67-58b4-d3b6-200a11440530",
  "outputs": {
    "vpc_cidr_block": {
      "value": "15.9.97.0/24",
      "type": "string"
    },
    "vpc_id": {
      "value": "vpc-0f2cdbc6a33637627",
      "type": "string"
    }
  },
  "resources": [
    {
      "mode": "data",
      "type": "aws_ami",
      "name": "ami",
      "provider": "provider[\"registry.terraform.io/hashicorp/aws\"]",
      "instances": [
        {
          "schema_version": 0,
          "attributes": {
            "architecture": "x86_64",
            "arn": "arn:aws:ec2:us-east-1::image/ami-0f81732f07ce19b1c",
            "block_device_mappings": [
              {
                "device_name": "/dev/sda1",
                "ebs": {
                  "delete_on_termination": "true",
                  "encrypted": "false",
                  "iops": "0",
                  "snapshot_id": "snap-01d8ccc2f320dee18",
                  "throughput": "0",
                  "volume_size": "8",
                  "volume_type": "gp2"
                },
                "no_device": "",
                "virtual_name": ""
              },
              {
                "device_name": "/dev/sdb",
                "ebs": {},
                "no_device": "",
                "virtual_name": "ephemeral0"
              },
              {
                "device_name": "/dev/sdc",
                "ebs": {},
                "no_device": "",
                "virtual_name": "ephemeral1"
              }
            ],
            "boot_mode": "legacy-bios",
            "creation_date": "2024-05-31T22:18:53.000Z",
            "deprecation_time": "2026-05-31T22:18:53.000Z",
            "description": "Canonical, Ubuntu, 20.04 LTS, amd64 focal image build on 2024-05-31",
            "ena_support": true,
            "executable_users": null,
            "filter": [
              {
                "name": "name",
                "values": [
                  "ubuntu*20.04*-amd64-server-*"
                ]
              }
            ],
            "hypervisor": "xen",
            "id": "ami-0f81732f07ce19b1c",
            "image_id": "ami-0f81732f07ce19b1c",
            "image_location": "amazon/ubuntu/images/hvm-ssd/ubuntu-focal-20.04-amd64-server-20240531",
            "image_owner_alias": "amazon",
            "image_type": "machine",
            "imds_support": "",
            "include_deprecated": false,
            "kernel_id": "",
            "most_recent": true,
            "name": "ubuntu/images/hvm-ssd/ubuntu-focal-20.04-amd64-server-20240531",
            "name_regex": null,
            "owner_id": "099720109477",
            "owners": [
              "099720109477"
            ],
            "platform": "",
            "platform_details": "Linux/UNIX",
            "product_codes": [],
            "public": true,
            "ramdisk_id": "",
            "root_device_name": "/dev/sda1",
            "root_device_type": "ebs",
            "root_snapshot_id": "snap-01d8ccc2f320dee18",
            "sriov_net_support": "simple",
            "state": "available",
            "state_reason": {
              "code": "UNSET",
              "message": "UNSET"
            },
            "tags": {},
            "timeouts": null,
            "tpm_support": "",
            "usage_operation": "RunInstances",
            "virtualization_type": "hvm"
          },
          "sensitive_attributes": []
        }
      ]
    },
    {
      "mode": "data",
      "type": "aws_vpc",
      "name": "this",
      "provider": "provider[\"registry.terraform.io/hashicorp/aws\"]",
      "instances": [
        {
          "schema_version": 0,
          "attributes": {
            "arn": "arn:aws:ec2:us-east-1:708113109960:vpc/vpc-0f2cdbc6a33637627",
            "cidr_block": "15.9.97.0/24",
            "cidr_block_associations": [
              {
                "association_id": "vpc-cidr-assoc-0e8cf1467aa7b0954",
                "cidr_block": "15.9.97.0/24",
                "state": "associated"
              }
            ],
            "default": false,
            "dhcp_options_id": "dopt-0e2f66217ab8d5ccf",
            "enable_dns_hostnames": false,
            "enable_dns_support": true,
            "enable_network_address_usage_metrics": false,
            "filter": [
              {
                "name": "tag:Name",
                "values": [
                  "KofraVPC"
                ]
              }
            ],
            "id": "vpc-0f2cdbc6a33637627",
            "instance_tenancy": "default",
            "ipv6_association_id": "",
            "ipv6_cidr_block": "",
            "main_route_table_id": "rtb-09d69ff5a337b3d10",
            "owner_id": "708113109960",
            "state": null,
            "tags": {
              "Name": "KofraVPC",
              "Tag": "",
              "vpc-id": "kofra_vpc_01"
            },
            "timeouts": null
          },
          "sensitive_attributes": []
        }
      ]
    },
    {
      "mode": "managed",
      "type": "aws_instance",
      "name": "terraform_instance",
      "provider": "provider[\"registry.terraform.io/hashicorp/aws\"]",
      "instances": [
        {
          "schema_version": 1,
          "attributes": {
            "ami": "ami-0f81732f07ce19b1c",
            "arn": "arn:aws:ec2:us-east-1:708113109960:instance/i-067f66fed6cf046fc",
            "associate_public_ip_address": true,
            "availability_zone": "us-east-1a",
            "capacity_reservation_specification": [
              {
                "capacity_reservation_preference": "open",
                "capacity_reservation_target": []
              }
            ],
            "cpu_core_count": 1,
            "cpu_options": [
              {
                "amd_sev_snp": "",
                "core_count": 1,
                "threads_per_core": 1
              }
            ],
            "cpu_threads_per_core": 1,
            "credit_specification": [
              {
                "cpu_credits": "standard"
              }
            ],
            "disable_api_stop": false,
            "disable_api_termination": false,
            "ebs_block_device": [],
            "ebs_optimized": false,
            "enclave_options": [
              {
                "enabled": false
              }
            ],
            "ephemeral_block_device": [],
            "get_password_data": false,
            "hibernation": false,
            "host_id": "",
            "host_resource_group_arn": null,
            "iam_instance_profile": "",
            "id": "i-067f66fed6cf046fc",
            "instance_initiated_shutdown_behavior": "stop",
            "instance_lifecycle": "",
            "instance_market_options": [],
            "instance_state": "running",
            "instance_type": "t2.nano",
            "ipv6_address_count": 0,
            "ipv6_addresses": [],
            "key_name": "kofra-vm-key",
            "launch_template": [],
            "maintenance_options": [
              {
                "auto_recovery": "default"
              }
            ],
            "metadata_options": [
              {
                "http_endpoint": "enabled",
                "http_protocol_ipv6": "disabled",
                "http_put_response_hop_limit": 1,
                "http_tokens": "optional",
                "instance_metadata_tags": "disabled"
              }
            ],
            "monitoring": false,
            "network_interface": [],
            "outpost_arn": "",
            "password_data": "",
            "placement_group": "",
            "placement_partition_number": 0,
            "primary_network_interface_id": "eni-03d653208ca2742a3",
            "private_dns": "ip-15-9-97-13.ec2.internal",
            "private_dns_name_options": [
              {
                "enable_resource_name_dns_a_record": false,
                "enable_resource_name_dns_aaaa_record": false,
                "hostname_type": "ip-name"
              }
            ],
            "private_ip": "15.9.97.13",
            "public_dns": "",
            "public_ip": "44.200.15.250",
            "root_block_device": [
              {
                "delete_on_termination": true,
                "device_name": "/dev/sda1",
                "encrypted": false,
                "iops": 100,
                "kms_key_id": "",
                "tags": {},
                "tags_all": {},
                "throughput": 0,
                "volume_id": "vol-0ee9fb5d12e6cd052",
                "volume_size": 8,
                "volume_type": "gp2"
              }
            ],
            "secondary_private_ips": [],
            "security_groups": [],
            "source_dest_check": false,
            "spot_instance_request_id": "",
            "subnet_id": "subnet-06eb18d4d4e37bf62",
            "tags": {
              "Name": "kofra_vm"
            },
            "tags_all": {
              "Name": "kofra_vm"
            },
            "tenancy": "default",
            "timeouts": null,
            "user_data": null,
            "user_data_base64": null,
            "user_data_replace_on_change": false,
            "volume_tags": null,
            "vpc_security_group_ids": [
              "sg-0aaaec94e5e636f40"
            ]
          },
          "sensitive_attributes": [],
          "private": "eyJlMmJmYjczMC1lY2FhLTExZTYtOGY4OC0zNDM2M2JjN2M0YzAiOnsiY3JlYXRlIjo2MDAwMDAwMDAwMDAsImRlbGV0ZSI6MTIwMDAwMDAwMDAwMCwicmVhZCI6OTAwMDAwMDAwMDAwLCJ1cGRhdGUiOjYwMDAwMDAwMDAwMH0sInNjaGVtYV92ZXJzaW9uIjoiMSJ9",
          "dependencies": [
            "aws_security_group.web_server_security_group",
            "aws_subnet.public",
            "data.aws_ami.ami",
            "data.aws_vpc.this"
          ]
        }
      ]
    },
    {
      "mode": "managed",
      "type": "aws_internet_gateway",
      "name": "kofra_gw",
      "provider": "provider[\"registry.terraform.io/hashicorp/aws\"]",
      "instances": [
        {
          "schema_version": 0,
          "attributes": {
            "arn": "arn:aws:ec2:us-east-1:708113109960:internet-gateway/igw-059a08382ead6925a",
            "id": "igw-059a08382ead6925a",
            "owner_id": "708113109960",
            "tags": {
              "Name": "kofra-internet-gw"
            },
            "tags_all": {
              "Name": "kofra-internet-gw"
            },
            "timeouts": null,
            "vpc_id": "vpc-0f2cdbc6a33637627"
          },
          "sensitive_attributes": [],
          "private": "eyJlMmJmYjczMC1lY2FhLTExZTYtOGY4OC0zNDM2M2JjN2M0YzAiOnsiY3JlYXRlIjoxMjAwMDAwMDAwMDAwLCJkZWxldGUiOjEyMDAwMDAwMDAwMDAsInVwZGF0ZSI6MTIwMDAwMDAwMDAwMH19",
          "dependencies": [
            "data.aws_vpc.this"
          ]
        }
      ]
    },
    {
      "mode": "managed",
      "type": "aws_key_pair",
      "name": "key_pair",
      "provider": "provider[\"registry.terraform.io/hashicorp/aws\"]",
      "instances": [
        {
          "schema_version": 1,
          "attributes": {
            "arn": "arn:aws:ec2:us-east-1:708113109960:key-pair/kofra-vm-key",
            "fingerprint": "1c:05:a5:e5:cb:f7:df:ac:df:fc:dd:75:9b:0a:b7:10",
            "id": "kofra-vm-key",
            "key_name": "kofra-vm-key",
            "key_name_prefix": "",
            "key_pair_id": "key-00f34b91b8e8dbe25",
            "key_type": "rsa",
            "public_key": "ssh-rsa AAAAB3NzaC1yc2EAAAADAQABAAACAQDb2WIiWShOZURj2KorPVZ/yOXDcx6iq3hQujzQ6udPkzgCx6mFUcRW7HUrePvb3DQpBM7uu5wFTOEV1ppfmpObeP30yAb7/fdo1RgaU3cVpwMjKn3A6SwvYViz4IDikX0E8eTjIbSkfMTff9hws1H1ZOVjNmYLf2xR9D0sJK2v+HrjSvY4c2Y+vEcrB89LFnGacjmm7VI0ui1hkXUuBZGsNmPTHOjmZfR5GFeOyXnLBHSXKXTEbC0JqGg5eNfWal+iDiB1vyObNUlufiZm8gNB3ynTzuCkqmvbA/6+Zh5uga8SE/c5kFg90eRnuwr2NddaonPL6yhA/3yQRMxl4OpZolXM7/tBLCedfg44vJtHrGrFjJ12BIxx/R4ZipJMDLm5uL2PiXxK4VGvrhzR+5lJYwHFjmXbrtpdafKJwY1GVVnQSvvRIhQh921SOT/XIVh82HsYeX4ITvI/VzSGS2g7F8mrC9wDO7mdW24PSYHyNFuLIGNcehA1jMY8kR0ZsxiHqn6nt0EX0SV78axH0xDvDRxBhwevck9OTKbb+xhGfcFkpqI91Zf/6f6HqUP5BygJzdiO7kTBjoM4nD44o/mdQDAEg1W+qoRDYs2bRpgnnoTEEkPcr4EBd5GG4OzW93wzV9g1xf8XI1Lv8sE0bf12iTlF3oLe/r0CB4kWGwLQFQ==",
            "tags": {},
            "tags_all": {}
          },
          "sensitive_attributes": [],
          "private": "eyJzY2hlbWFfdmVyc2lvbiI6IjEifQ==",
          "dependencies": [
            "tls_private_key.pk"
          ]
        }
      ]
    },
    {
      "mode": "managed",
      "type": "aws_route_table",
      "name": "route_table",
      "provider": "provider[\"registry.terraform.io/hashicorp/aws\"]",
      "instances": [
        {
          "schema_version": 0,
          "attributes": {
            "arn": "arn:aws:ec2:us-east-1:708113109960:route-table/rtb-0b9e6d3226d931715",
            "id": "rtb-0b9e6d3226d931715",
            "owner_id": "708113109960",
            "propagating_vgws": [],
            "route": [
              {
                "carrier_gateway_id": "",
                "cidr_block": "0.0.0.0/0",
                "core_network_arn": "",
                "destination_prefix_list_id": "",
                "egress_only_gateway_id": "",
                "gateway_id": "igw-059a08382ead6925a",
                "ipv6_cidr_block": "",
                "local_gateway_id": "",
                "nat_gateway_id": "",
                "network_interface_id": "",
                "transit_gateway_id": "",
                "vpc_endpoint_id": "",
                "vpc_peering_connection_id": ""
              }
            ],
            "tags": {
              "Name": "kofra-route-table"
            },
            "tags_all": {
              "Name": "kofra-route-table"
            },
            "timeouts": null,
            "vpc_id": "vpc-0f2cdbc6a33637627"
          },
          "sensitive_attributes": [],
          "private": "eyJlMmJmYjczMC1lY2FhLTExZTYtOGY4OC0zNDM2M2JjN2M0YzAiOnsiY3JlYXRlIjozMDAwMDAwMDAwMDAsImRlbGV0ZSI6MzAwMDAwMDAwMDAwLCJ1cGRhdGUiOjEyMDAwMDAwMDAwMH19",
          "dependencies": [
            "aws_internet_gateway.kofra_gw",
            "data.aws_vpc.this"
          ]
        }
      ]
    },
    {
      "mode": "managed",
      "type": "aws_route_table_association",
      "name": "route_association",
      "provider": "provider[\"registry.terraform.io/hashicorp/aws\"]",
      "instances": [
        {
          "schema_version": 0,
          "attributes": {
            "gateway_id": "",
            "id": "rtbassoc-0931cd3c96bd5bef0",
            "route_table_id": "rtb-0b9e6d3226d931715",
            "subnet_id": "subnet-06eb18d4d4e37bf62",
            "timeouts": null
          },
          "sensitive_attributes": [],
          "private": "eyJlMmJmYjczMC1lY2FhLTExZTYtOGY4OC0zNDM2M2JjN2M0YzAiOnsiY3JlYXRlIjozMDAwMDAwMDAwMDAsImRlbGV0ZSI6MzAwMDAwMDAwMDAwLCJ1cGRhdGUiOjEyMDAwMDAwMDAwMH19",
          "dependencies": [
            "aws_internet_gateway.kofra_gw",
            "aws_route_table.route_table",
            "aws_subnet.public",
            "data.aws_vpc.this"
          ]
        }
      ]
    },
    {
      "mode": "managed",
      "type": "aws_security_group",
      "name": "web_server_security_group",
      "provider": "provider[\"registry.terraform.io/hashicorp/aws\"]",
      "instances": [
        {
          "schema_version": 1,
          "attributes": {
            "arn": "arn:aws:ec2:us-east-1:708113109960:security-group/sg-0aaaec94e5e636f40",
            "description": "Allow SSH inbound  and outbound traffic",
            "egress": [],
            "id": "sg-0aaaec94e5e636f40",
            "ingress": [],
            "name": "kofra-ssh-security-group",
            "name_prefix": "",
            "owner_id": "708113109960",
            "revoke_rules_on_delete": false,
            "tags": {
              "Name": "kofra_allow_ssh"
            },
            "tags_all": {
              "Name": "kofra_allow_ssh"
            },
            "timeouts": null,
            "vpc_id": "vpc-0f2cdbc6a33637627"
          },
          "sensitive_attributes": [],
          "private": "eyJlMmJmYjczMC1lY2FhLTExZTYtOGY4OC0zNDM2M2JjN2M0YzAiOnsiY3JlYXRlIjo2MDAwMDAwMDAwMDAsImRlbGV0ZSI6OTAwMDAwMDAwMDAwfSwic2NoZW1hX3ZlcnNpb24iOiIxIn0=",
          "dependencies": [
            "data.aws_vpc.this"
          ]
        }
      ]
    },
    {
      "mode": "managed",
      "type": "aws_subnet",
      "name": "private",
      "provider": "provider[\"registry.terraform.io/hashicorp/aws\"]",
      "instances": [
        {
          "schema_version": 1,
          "attributes": {
            "arn": "arn:aws:ec2:us-east-1:708113109960:subnet/subnet-0d556cf6685f9d2cd",
            "assign_ipv6_address_on_creation": false,
            "availability_zone": "us-east-1b",
            "availability_zone_id": "use1-az2",
            "cidr_block": "15.9.97.128/26",
            "customer_owned_ipv4_pool": "",
            "enable_dns64": false,
            "enable_lni_at_device_index": 0,
            "enable_resource_name_dns_a_record_on_launch": false,
            "enable_resource_name_dns_aaaa_record_on_launch": false,
            "id": "subnet-0d556cf6685f9d2cd",
            "ipv6_cidr_block": "",
            "ipv6_cidr_block_association_id": "",
            "ipv6_native": false,
            "map_customer_owned_ip_on_launch": false,
            "map_public_ip_on_launch": false,
            "outpost_arn": "",
            "owner_id": "708113109960",
            "private_dns_hostname_type_on_launch": "ip-name",
            "tags": {
              "Name": "kofra-private-subnet"
            },
            "tags_all": {
              "Name": "kofra-private-subnet"
            },
            "timeouts": null,
            "vpc_id": "vpc-0f2cdbc6a33637627"
          },
          "sensitive_attributes": [],
          "private": "eyJlMmJmYjczMC1lY2FhLTExZTYtOGY4OC0zNDM2M2JjN2M0YzAiOnsiY3JlYXRlIjo2MDAwMDAwMDAwMDAsImRlbGV0ZSI6MTIwMDAwMDAwMDAwMH0sInNjaGVtYV92ZXJzaW9uIjoiMSJ9",
          "dependencies": [
            "data.aws_vpc.this"
          ]
        }
      ]
    },
    {
      "mode": "managed",
      "type": "aws_subnet",
      "name": "public",
      "provider": "provider[\"registry.terraform.io/hashicorp/aws\"]",
      "instances": [
        {
          "schema_version": 1,
          "attributes": {
            "arn": "arn:aws:ec2:us-east-1:708113109960:subnet/subnet-06eb18d4d4e37bf62",
            "assign_ipv6_address_on_creation": false,
            "availability_zone": "us-east-1a",
            "availability_zone_id": "use1-az1",
            "cidr_block": "15.9.97.0/26",
            "customer_owned_ipv4_pool": "",
            "enable_dns64": false,
            "enable_lni_at_device_index": 0,
            "enable_resource_name_dns_a_record_on_launch": false,
            "enable_resource_name_dns_aaaa_record_on_launch": false,
            "id": "subnet-06eb18d4d4e37bf62",
            "ipv6_cidr_block": "",
            "ipv6_cidr_block_association_id": "",
            "ipv6_native": false,
            "map_customer_owned_ip_on_launch": false,
            "map_public_ip_on_launch": false,
            "outpost_arn": "",
            "owner_id": "708113109960",
            "private_dns_hostname_type_on_launch": "ip-name",
            "tags": {
              "Name": "kofra-public-subnet"
            },
            "tags_all": {
              "Name": "kofra-public-subnet"
            },
            "timeouts": null,
            "vpc_id": "vpc-0f2cdbc6a33637627"
          },
          "sensitive_attributes": [],
          "private": "eyJlMmJmYjczMC1lY2FhLTExZTYtOGY4OC0zNDM2M2JjN2M0YzAiOnsiY3JlYXRlIjo2MDAwMDAwMDAwMDAsImRlbGV0ZSI6MTIwMDAwMDAwMDAwMH0sInNjaGVtYV92ZXJzaW9uIjoiMSJ9",
          "dependencies": [
            "data.aws_vpc.this"
          ]
        }
      ]
    },
    {
      "mode": "managed",
      "type": "aws_vpc_security_group_egress_rule",
      "name": "allow_ssh_out",
      "provider": "provider[\"registry.terraform.io/hashicorp/aws\"]",
      "instances": [
        {
          "schema_version": 0,
          "attributes": {
            "arn": "arn:aws:ec2:us-east-1:708113109960:security-group-rule/sgr-0a67b6f411e509ef7",
            "cidr_ipv4": "0.0.0.0/0",
            "cidr_ipv6": null,
            "description": null,
            "from_port": -1,
            "id": "sgr-0a67b6f411e509ef7",
            "ip_protocol": "-1",
            "prefix_list_id": null,
            "referenced_security_group_id": null,
            "security_group_id": "sg-0aaaec94e5e636f40",
            "security_group_rule_id": "sgr-0a67b6f411e509ef7",
            "tags": null,
            "tags_all": {},
            "to_port": -1
          },
          "sensitive_attributes": [],
          "dependencies": [
            "aws_security_group.web_server_security_group",
            "data.aws_vpc.this"
          ]
        }
      ]
    },
    {
      "mode": "managed",
      "type": "aws_vpc_security_group_ingress_rule",
      "name": "allow_ssh_in",
      "provider": "provider[\"registry.terraform.io/hashicorp/aws\"]",
      "instances": [
        {
          "schema_version": 0,
          "attributes": {
            "arn": "arn:aws:ec2:us-east-1:708113109960:security-group-rule/sgr-0eaac877f38ece5af",
            "cidr_ipv4": "0.0.0.0/0",
            "cidr_ipv6": null,
            "description": null,
            "from_port": 22,
            "id": "sgr-0eaac877f38ece5af",
            "ip_protocol": "tcp",
            "prefix_list_id": null,
            "referenced_security_group_id": null,
            "security_group_id": "sg-0aaaec94e5e636f40",
            "security_group_rule_id": "sgr-0eaac877f38ece5af",
            "tags": null,
            "tags_all": {},
            "to_port": 22
          },
          "sensitive_attributes": [],
          "dependencies": [
            "aws_security_group.web_server_security_group",
            "data.aws_vpc.this"
          ]
        }
      ]
    },
    {
      "mode": "managed",
      "type": "tls_private_key",
      "name": "pk",
      "provider": "provider[\"registry.terraform.io/hashicorp/tls\"]",
      "instances": [
        {
          "schema_version": 1,
          "attributes": {
            "algorithm": "RSA",
            "ecdsa_curve": "P224",
            "id": "3e9178bd4fab99ac954c579d92bddbb90ab6294a",
            "private_key_openssh": "-----BEGIN OPENSSH PRIVATE KEY-----\nb3BlbnNzaC1rZXktdjEAAAAABG5vbmUAAAAEbm9uZQAAAAAAAAABAAACFwAAAAdz\nc2gtcnNhAAAAAwEAAQAAAgEA29liIlkoTmVEY9iqKz1Wf8jlw3Meoqt4ULo80Orn\nT5M4AsephVHEVux1K3j729w0KQTO7rucBUzhFdaaX5qTm3j99MgG+/33aNUYGlN3\nFacDIyp9wOksL2FYs+CA4pF9BPHk4yG0pHzE33/YcLNR9WTlYzZmC39sUfQ9LCSt\nr/h640r2OHNmPrxHKwfPSxZxmnI5pu1SNLotYZF1LgWRrDZj0xzo5mX0eRhXjsl5\nywR0lyl0xGwtCahoOXjX1mpfog4gdb8jmzVJbn4mZvIDQd8p087gpKpr2wP+vmYe\nboGvEhP3OZBYPdHkZ7sK9jXXWqJzy+soQP98kETMZeDqWaJVzO/7QSwnnX4OOLyb\nR6xqxYyddgSMcf0eGYqSTAy5ubi9j4l8SuFRr64c0fuZSWMBxY5l267aXWnyicGN\nRlVZ0Er70SIUIfdtUjk/1yFYfNh7GHl+CE7yP1c0hktoOxfJqwvcAzu5nVtuD0mB\n8jRbiyBjXHoQNYzGPJEdGbMYh6p+p7dBF9Ele/GsR9MQ7w0cQYcHr3JPTkym2/sY\nRn3BZKaiPdWX/+n+h6lD+QcoCc3Yju5EwY6DOJw+OKP5nUAwBINVvqqEQ2LNm0aY\nJ56ExBJD3K+BAXeRhuDs1vd8M1fYNcX/FyNS7/LBNG39dok5Rd6C3v69AgeJFhsC\n0BUAAAc4fhJaxX4SWsUAAAAHc3NoLXJzYQAAAgEA29liIlkoTmVEY9iqKz1Wf8jl\nw3Meoqt4ULo80OrnT5M4AsephVHEVux1K3j729w0KQTO7rucBUzhFdaaX5qTm3j9\n9MgG+/33aNUYGlN3FacDIyp9wOksL2FYs+CA4pF9BPHk4yG0pHzE33/YcLNR9WTl\nYzZmC39sUfQ9LCStr/h640r2OHNmPrxHKwfPSxZxmnI5pu1SNLotYZF1LgWRrDZj\n0xzo5mX0eRhXjsl5ywR0lyl0xGwtCahoOXjX1mpfog4gdb8jmzVJbn4mZvIDQd8p\n087gpKpr2wP+vmYeboGvEhP3OZBYPdHkZ7sK9jXXWqJzy+soQP98kETMZeDqWaJV\nzO/7QSwnnX4OOLybR6xqxYyddgSMcf0eGYqSTAy5ubi9j4l8SuFRr64c0fuZSWMB\nxY5l267aXWnyicGNRlVZ0Er70SIUIfdtUjk/1yFYfNh7GHl+CE7yP1c0hktoOxfJ\nqwvcAzu5nVtuD0mB8jRbiyBjXHoQNYzGPJEdGbMYh6p+p7dBF9Ele/GsR9MQ7w0c\nQYcHr3JPTkym2/sYRn3BZKaiPdWX/+n+h6lD+QcoCc3Yju5EwY6DOJw+OKP5nUAw\nBINVvqqEQ2LNm0aYJ56ExBJD3K+BAXeRhuDs1vd8M1fYNcX/FyNS7/LBNG39dok5\nRd6C3v69AgeJFhsC0BUAAAADAQABAAACAQCZVaOhS0fWbcDmVr5RDCXhWDAQQqFy\nWV/ABjTWjY+pK4fcQH+WkbH74k3SdT5MWOg0V7swPL+T3sv6XEQtO/WJcTjG2iAs\n7zP49O8rpV0gR+zjQQaWXsrHfQDN7F5YJ5rnsQKv+9kvBCqXq2Y9LISUP7vRl6ZS\njJvzCQMFX8uYORkUoDrcongEd3K3q2nD+DJhwxs8trcoOVXfgAEXiSDR2NmE69vw\nndmGABlJaHI+y6u5pltfiAddfgy7UPJRBL4QnAO9vANMhDzkCK4mDNOCxPA6X0bE\n8mvpRH8PMtA0yNRfKne6uVciPtssEgOSN3ktKLLU3f2kX8z0HlflEpq/gDUdY3x7\nvIFFYEXwYVKNrIU/GQgbg6TWhes+GYlerVMKZKrQ1aniLI7itYBoypyQ5VLatKkC\nf5EyYVlpgoIwUmMl5FVG2xGlF6NWRmfjShZn0RD8UDQK97QjpVA7AwIuUjCVGbrI\nnkBVxUfr+OWKR4dsT4oVCl3U4q1slR1HBxcjSu8rxIAJLBwXHkZFTYNyEt+UIYrz\n2Nul/dVTBLEm1fza/kmKvV+Im/HiVLJmm8clCWazuRZoeWwWHhvswuj0YXRE0AII\nzHgwXv3L3F2XIxL+m2d/V9qn72n9r6fseUAHLFhoD0aOwoHKCxXa2K/Xmv2V2+j3\nIIADO2EH0aAnvQAAAQA0XBHlJiFb972xH36zkayoW5F4OB+9jX3FXx61lFYh+OWe\nzm7/jnIanYcp1oCjKvhujTqUDeMMdge7sLifqNAIEyo/a6irImBI1Tw2NyQTsaUz\nDA+4zYPLUzzi7vae0ParR1l0FZTpP5gryvslMJwANDVgqI0gs1fn+vnTkRTE9kuh\n8eaICNfDjvnXAVryjIpjg5S2ru+gayqxc04IhQHUEn1TcSen5AL6quGjdiwrgicz\nC5jVMXZuWIAnUgk7c8pxn/We4c2RPIVaaP2LtWkYvmkW44pKP47YKMXv1KIr+1Cd\n6MNxINghDkXn4inoJus3J+fluXexFYeAEaUgRIhXAAABAQDicwWTMSOF0lykjw0E\nVH61SFkCXzrpPR4S/ZcVKErDaswjYMLqH9NuErcq/VrRrvbJyGPhT+LQNPe7OQFC\nbt4jnV/KA5W/nPnPx2MZiUPu94IFdS4HC6eY+OKCX2pXIlCk/nuesXS0DlWXwisj\n/cqo7alSLKBEFeH0rUsjXYdEHi1Y3hk7+oVdMIs2nO8D4f2thKlTOTCVM5mQwmmn\nxG4u+Gzbloe58Au9DYWhgkhSt3OnA9KElIuJ0QtnYX9t/kzjhMz7j8gjHrAhjI1o\nh7lc8myEy0CE6yHxzk5eTBuZZ1IkZ8YFpE+k6VokR3c0PJSHhyxIn7xbAd7Df4hz\nEMzfAAABAQD4id7o6a934CfYYtVcqsX9sulge8do7tEF734dIOG76Qxa4/wkLTFE\nGALau7Gj1XUX8h/U/2Uh8fbFE/1zISWMh/oE9vtiVAdYPhqqLVU0D4wB21lIZpZj\njHp9aDPplJSmZ3mtleWWEv41JG1KZjODSZz32jhvsXdfsnpPpUgiHR0nXiEDXH6u\njg4gX5y2eBhhUEJSRKC57YM/4Y1IBNP7t8vk/CWiWxAHzm7/tFHeOkRSuvd6e+L5\nD3DvHIsoXM2BlDxoL75XItVL9iyhgeh/bKmiK6iWLIPSnXXq8S3LGdhYHsVujy3B\ncvlxWTpQIqhFPnm05iXz2mQQJVZIy82LAAAAAAEC\n-----END OPENSSH PRIVATE KEY-----\n",
            "private_key_pem": "-----BEGIN RSA PRIVATE KEY-----\nMIIJKQIBAAKCAgEA29liIlkoTmVEY9iqKz1Wf8jlw3Meoqt4ULo80OrnT5M4Asep\nhVHEVux1K3j729w0KQTO7rucBUzhFdaaX5qTm3j99MgG+/33aNUYGlN3FacDIyp9\nwOksL2FYs+CA4pF9BPHk4yG0pHzE33/YcLNR9WTlYzZmC39sUfQ9LCStr/h640r2\nOHNmPrxHKwfPSxZxmnI5pu1SNLotYZF1LgWRrDZj0xzo5mX0eRhXjsl5ywR0lyl0\nxGwtCahoOXjX1mpfog4gdb8jmzVJbn4mZvIDQd8p087gpKpr2wP+vmYeboGvEhP3\nOZBYPdHkZ7sK9jXXWqJzy+soQP98kETMZeDqWaJVzO/7QSwnnX4OOLybR6xqxYyd\ndgSMcf0eGYqSTAy5ubi9j4l8SuFRr64c0fuZSWMBxY5l267aXWnyicGNRlVZ0Er7\n0SIUIfdtUjk/1yFYfNh7GHl+CE7yP1c0hktoOxfJqwvcAzu5nVtuD0mB8jRbiyBj\nXHoQNYzGPJEdGbMYh6p+p7dBF9Ele/GsR9MQ7w0cQYcHr3JPTkym2/sYRn3BZKai\nPdWX/+n+h6lD+QcoCc3Yju5EwY6DOJw+OKP5nUAwBINVvqqEQ2LNm0aYJ56ExBJD\n3K+BAXeRhuDs1vd8M1fYNcX/FyNS7/LBNG39dok5Rd6C3v69AgeJFhsC0BUCAwEA\nAQKCAgEAmVWjoUtH1m3A5la+UQwl4VgwEEKhcllfwAY01o2PqSuH3EB/lpGx++JN\n0nU+TFjoNFe7MDy/k97L+lxELTv1iXE4xtogLO8z+PTvK6VdIEfs40EGll7Kx30A\nzexeWCea57ECr/vZLwQql6tmPSyElD+70ZemUoyb8wkDBV/LmDkZFKA63KJ4BHdy\nt6tpw/gyYcMbPLa3KDlV34ABF4kg0djZhOvb8J3ZhgAZSWhyPsuruaZbX4gHXX4M\nu1DyUQS+EJwDvbwDTIQ85AiuJgzTgsTwOl9GxPJr6UR/DzLQNMjUXyp3urlXIj7b\nLBIDkjd5LSiy1N39pF/M9B5X5RKav4A1HWN8e7yBRWBF8GFSjayFPxkIG4Ok1oXr\nPhmJXq1TCmSq0NWp4iyO4rWAaMqckOVS2rSpAn+RMmFZaYKCMFJjJeRVRtsRpRej\nVkZn40oWZ9EQ/FA0Cve0I6VQOwMCLlIwlRm6yJ5AVcVH6/jlikeHbE+KFQpd1OKt\nbJUdRwcXI0rvK8SACSwcFx5GRU2DchLflCGK89jbpf3VUwSxJtX82v5Jir1fiJvx\n4lSyZpvHJQlms7kWaHlsFh4b7MLo9GF0RNACCMx4MF79y9xdlyMS/ptnf1fap+9p\n/a+n7HlAByxYaA9GjsKBygsV2tiv15r9ldvo9yCAAzthB9GgJ70CggEBAOJzBZMx\nI4XSXKSPDQRUfrVIWQJfOuk9HhL9lxUoSsNqzCNgwuof024Styr9WtGu9snIY+FP\n4tA097s5AUJu3iOdX8oDlb+c+c/HYxmJQ+73ggV1LgcLp5j44oJfalciUKT+e56x\ndLQOVZfCKyP9yqjtqVIsoEQV4fStSyNdh0QeLVjeGTv6hV0wizac7wPh/a2EqVM5\nMJUzmZDCaafEbi74bNuWh7nwC70NhaGCSFK3c6cD0oSUi4nRC2dhf23+TOOEzPuP\nyCMesCGMjWiHuVzybITLQITrIfHOTl5MG5lnUiRnxgWkT6TpWiRHdzQ8lIeHLEif\nvFsB3sN/iHMQzN8CggEBAPiJ3ujpr3fgJ9hi1Vyqxf2y6WB7x2ju0QXvfh0g4bvp\nDFrj/CQtMUQYAtq7saPVdRfyH9T/ZSHx9sUT/XMhJYyH+gT2+2JUB1g+GqotVTQP\njAHbWUhmlmOMen1oM+mUlKZnea2V5ZYS/jUkbUpmM4NJnPfaOG+xd1+yek+lSCId\nHSdeIQNcfq6ODiBfnLZ4GGFQQlJEoLntgz/hjUgE0/u3y+T8JaJbEAfObv+0Ud46\nRFK693p74vkPcO8ciyhczYGUPGgvvlci1Uv2LKGB6H9sqaIrqJYsg9KdderxLcsZ\n2FgexW6PLcFy+XFZOlAiqEU+ebTmJfPaZBAlVkjLzYsCggEBALp2E8Ub1TBAA2DN\nGd7S5HLJW+GEILIlTTo97cXSI529ttH6vwShqCse5gxUChBWjYehpfzFFvJyavqS\n+eKGAAw7bcCeKxRYYashdwxz5qhCzaFI19mdUye26GyJvLp62wTBN3F4lawdkYUg\nsP014UYwTBgJ/v2RNzmN6Cz6uoLwhk6CsyycIGyXqEoT9wuvbn8OmY6ZrNNuZai5\nLN6j9EZg8OHvlVsZudC17a8L5BmYTXbcwt/AoRWeOFGsCo27s/w0QcVyo02n20gE\nv/uupodOZuUBp+LK6mx9gDJNYPx0A0NO39ONdLdKHpt47ULqDzN5rpEuVp5pb9By\nlxyIXOkCggEAeCvxpByZwxSXL4FaONw5r1l6jjRLTulqF7yc9eiYPQuJ9ciWeceA\nMrSJbMmkMttbKqDf01VJyQf9kX0A51H3neOBeDUTh4+pnXkp227f67Q4tg0hNmij\n/q5F660erKoy1eLiapQ31kCIuZlLXtXbwnctdooFD7x3Q8ZAbZI1NoltN0PEIqPu\nfOgi3HReibu3zhXIe47DSCMXeyPL9C6hcOyFocppR/9P2PZvpSPDEfiKYJYWYxrT\nvClDKdpbTsDQfP731kh/eBJXn8r/+Xeeuz4HJ2qEsVgExSltgpPq2HE+shzuyW5h\naU/2XGAQWf7n7dMvddByOV43U7c56Sjh0QKCAQA0XBHlJiFb972xH36zkayoW5F4\nOB+9jX3FXx61lFYh+OWezm7/jnIanYcp1oCjKvhujTqUDeMMdge7sLifqNAIEyo/\na6irImBI1Tw2NyQTsaUzDA+4zYPLUzzi7vae0ParR1l0FZTpP5gryvslMJwANDVg\nqI0gs1fn+vnTkRTE9kuh8eaICNfDjvnXAVryjIpjg5S2ru+gayqxc04IhQHUEn1T\ncSen5AL6quGjdiwrgiczC5jVMXZuWIAnUgk7c8pxn/We4c2RPIVaaP2LtWkYvmkW\n44pKP47YKMXv1KIr+1Cd6MNxINghDkXn4inoJus3J+fluXexFYeAEaUgRIhX\n-----END RSA PRIVATE KEY-----\n",
            "private_key_pem_pkcs8": "-----BEGIN PRIVATE KEY-----\nMIIJQwIBADANBgkqhkiG9w0BAQEFAASCCS0wggkpAgEAAoICAQDb2WIiWShOZURj\n2KorPVZ/yOXDcx6iq3hQujzQ6udPkzgCx6mFUcRW7HUrePvb3DQpBM7uu5wFTOEV\n1ppfmpObeP30yAb7/fdo1RgaU3cVpwMjKn3A6SwvYViz4IDikX0E8eTjIbSkfMTf\nf9hws1H1ZOVjNmYLf2xR9D0sJK2v+HrjSvY4c2Y+vEcrB89LFnGacjmm7VI0ui1h\nkXUuBZGsNmPTHOjmZfR5GFeOyXnLBHSXKXTEbC0JqGg5eNfWal+iDiB1vyObNUlu\nfiZm8gNB3ynTzuCkqmvbA/6+Zh5uga8SE/c5kFg90eRnuwr2NddaonPL6yhA/3yQ\nRMxl4OpZolXM7/tBLCedfg44vJtHrGrFjJ12BIxx/R4ZipJMDLm5uL2PiXxK4VGv\nrhzR+5lJYwHFjmXbrtpdafKJwY1GVVnQSvvRIhQh921SOT/XIVh82HsYeX4ITvI/\nVzSGS2g7F8mrC9wDO7mdW24PSYHyNFuLIGNcehA1jMY8kR0ZsxiHqn6nt0EX0SV7\n8axH0xDvDRxBhwevck9OTKbb+xhGfcFkpqI91Zf/6f6HqUP5BygJzdiO7kTBjoM4\nnD44o/mdQDAEg1W+qoRDYs2bRpgnnoTEEkPcr4EBd5GG4OzW93wzV9g1xf8XI1Lv\n8sE0bf12iTlF3oLe/r0CB4kWGwLQFQIDAQABAoICAQCZVaOhS0fWbcDmVr5RDCXh\nWDAQQqFyWV/ABjTWjY+pK4fcQH+WkbH74k3SdT5MWOg0V7swPL+T3sv6XEQtO/WJ\ncTjG2iAs7zP49O8rpV0gR+zjQQaWXsrHfQDN7F5YJ5rnsQKv+9kvBCqXq2Y9LISU\nP7vRl6ZSjJvzCQMFX8uYORkUoDrcongEd3K3q2nD+DJhwxs8trcoOVXfgAEXiSDR\n2NmE69vwndmGABlJaHI+y6u5pltfiAddfgy7UPJRBL4QnAO9vANMhDzkCK4mDNOC\nxPA6X0bE8mvpRH8PMtA0yNRfKne6uVciPtssEgOSN3ktKLLU3f2kX8z0HlflEpq/\ngDUdY3x7vIFFYEXwYVKNrIU/GQgbg6TWhes+GYlerVMKZKrQ1aniLI7itYBoypyQ\n5VLatKkCf5EyYVlpgoIwUmMl5FVG2xGlF6NWRmfjShZn0RD8UDQK97QjpVA7AwIu\nUjCVGbrInkBVxUfr+OWKR4dsT4oVCl3U4q1slR1HBxcjSu8rxIAJLBwXHkZFTYNy\nEt+UIYrz2Nul/dVTBLEm1fza/kmKvV+Im/HiVLJmm8clCWazuRZoeWwWHhvswuj0\nYXRE0AIIzHgwXv3L3F2XIxL+m2d/V9qn72n9r6fseUAHLFhoD0aOwoHKCxXa2K/X\nmv2V2+j3IIADO2EH0aAnvQKCAQEA4nMFkzEjhdJcpI8NBFR+tUhZAl866T0eEv2X\nFShKw2rMI2DC6h/TbhK3Kv1a0a72ychj4U/i0DT3uzkBQm7eI51fygOVv5z5z8dj\nGYlD7veCBXUuBwunmPjigl9qVyJQpP57nrF0tA5Vl8IrI/3KqO2pUiygRBXh9K1L\nI12HRB4tWN4ZO/qFXTCLNpzvA+H9rYSpUzkwlTOZkMJpp8RuLvhs25aHufALvQ2F\noYJIUrdzpwPShJSLidELZ2F/bf5M44TM+4/IIx6wIYyNaIe5XPJshMtAhOsh8c5O\nXkwbmWdSJGfGBaRPpOlaJEd3NDyUh4csSJ+8WwHew3+IcxDM3wKCAQEA+Ine6Omv\nd+An2GLVXKrF/bLpYHvHaO7RBe9+HSDhu+kMWuP8JC0xRBgC2ruxo9V1F/If1P9l\nIfH2xRP9cyEljIf6BPb7YlQHWD4aqi1VNA+MAdtZSGaWY4x6fWgz6ZSUpmd5rZXl\nlhL+NSRtSmYzg0mc99o4b7F3X7J6T6VIIh0dJ14hA1x+ro4OIF+ctngYYVBCUkSg\nue2DP+GNSATT+7fL5PwlolsQB85u/7RR3jpEUrr3envi+Q9w7xyLKFzNgZQ8aC++\nVyLVS/YsoYHof2ypoiuoliyD0p116vEtyxnYWB7Fbo8twXL5cVk6UCKoRT55tOYl\n89pkECVWSMvNiwKCAQEAunYTxRvVMEADYM0Z3tLkcslb4YQgsiVNOj3txdIjnb22\n0fq/BKGoKx7mDFQKEFaNh6Gl/MUW8nJq+pL54oYADDttwJ4rFFhhqyF3DHPmqELN\noUjX2Z1TJ7bobIm8unrbBME3cXiVrB2RhSCw/TXhRjBMGAn+/ZE3OY3oLPq6gvCG\nToKzLJwgbJeoShP3C69ufw6Zjpms025lqLks3qP0RmDw4e+VWxm50LXtrwvkGZhN\ndtzC38ChFZ44UawKjbuz/DRBxXKjTafbSAS/+66mh05m5QGn4srqbH2AMk1g/HQD\nQ07f0410t0oem3jtQuoPM3mukS5Wnmlv0HKXHIhc6QKCAQB4K/GkHJnDFJcvgVo4\n3DmvWXqONEtO6WoXvJz16Jg9C4n1yJZ5x4AytIlsyaQy21sqoN/TVUnJB/2RfQDn\nUfed44F4NROHj6mdeSnbbt/rtDi2DSE2aKP+rkXrrR6sqjLV4uJqlDfWQIi5mUte\n1dvCdy12igUPvHdDxkBtkjU2iW03Q8Qio+586CLcdF6Ju7fOFch7jsNIIxd7I8v0\nLqFw7IWhymlH/0/Y9m+lI8MR+IpglhZjGtO8KUMp2ltOwNB8/vfWSH94Elefyv/5\nd567PgcnaoSxWATFKW2Ck+rYcT6yHO7JbmFpT/ZcYBBZ/uft0y910HI5XjdTtznp\nKOHRAoIBADRcEeUmIVv3vbEffrORrKhbkXg4H72NfcVfHrWUViH45Z7Obv+Ochqd\nhynWgKMq+G6NOpQN4wx2B7uwuJ+o0AgTKj9rqKsiYEjVPDY3JBOxpTMMD7jNg8tT\nPOLu9p7Q9qtHWXQVlOk/mCvK+yUwnAA0NWCojSCzV+f6+dORFMT2S6Hx5ogI18OO\n+dcBWvKMimODlLau76BrKrFzTgiFAdQSfVNxJ6fkAvqq4aN2LCuCJzMLmNUxdm5Y\ngCdSCTtzynGf9Z7hzZE8hVpo/Yu1aRi+aRbjiko/jtgoxe/Uoiv7UJ3ow3Eg2CEO\nRefiKegm6zcn5+W5d7EVh4ARpSBEiFc=\n-----END PRIVATE KEY-----\n",
            "public_key_fingerprint_md5": "b9:ef:f1:ef:49:4d:39:25:ca:f6:87:86:fb:97:3d:b1",
            "public_key_fingerprint_sha256": "SHA256:qS/dqip41VENhujr0XJepbgNN8177oxEDhp0QgM6Ifg",
            "public_key_openssh": "ssh-rsa AAAAB3NzaC1yc2EAAAADAQABAAACAQDb2WIiWShOZURj2KorPVZ/yOXDcx6iq3hQujzQ6udPkzgCx6mFUcRW7HUrePvb3DQpBM7uu5wFTOEV1ppfmpObeP30yAb7/fdo1RgaU3cVpwMjKn3A6SwvYViz4IDikX0E8eTjIbSkfMTff9hws1H1ZOVjNmYLf2xR9D0sJK2v+HrjSvY4c2Y+vEcrB89LFnGacjmm7VI0ui1hkXUuBZGsNmPTHOjmZfR5GFeOyXnLBHSXKXTEbC0JqGg5eNfWal+iDiB1vyObNUlufiZm8gNB3ynTzuCkqmvbA/6+Zh5uga8SE/c5kFg90eRnuwr2NddaonPL6yhA/3yQRMxl4OpZolXM7/tBLCedfg44vJtHrGrFjJ12BIxx/R4ZipJMDLm5uL2PiXxK4VGvrhzR+5lJYwHFjmXbrtpdafKJwY1GVVnQSvvRIhQh921SOT/XIVh82HsYeX4ITvI/VzSGS2g7F8mrC9wDO7mdW24PSYHyNFuLIGNcehA1jMY8kR0ZsxiHqn6nt0EX0SV78axH0xDvDRxBhwevck9OTKbb+xhGfcFkpqI91Zf/6f6HqUP5BygJzdiO7kTBjoM4nD44o/mdQDAEg1W+qoRDYs2bRpgnnoTEEkPcr4EBd5GG4OzW93wzV9g1xf8XI1Lv8sE0bf12iTlF3oLe/r0CB4kWGwLQFQ==\n",
            "public_key_pem": "-----BEGIN PUBLIC KEY-----\nMIICIjANBgkqhkiG9w0BAQEFAAOCAg8AMIICCgKCAgEA29liIlkoTmVEY9iqKz1W\nf8jlw3Meoqt4ULo80OrnT5M4AsephVHEVux1K3j729w0KQTO7rucBUzhFdaaX5qT\nm3j99MgG+/33aNUYGlN3FacDIyp9wOksL2FYs+CA4pF9BPHk4yG0pHzE33/YcLNR\n9WTlYzZmC39sUfQ9LCStr/h640r2OHNmPrxHKwfPSxZxmnI5pu1SNLotYZF1LgWR\nrDZj0xzo5mX0eRhXjsl5ywR0lyl0xGwtCahoOXjX1mpfog4gdb8jmzVJbn4mZvID\nQd8p087gpKpr2wP+vmYeboGvEhP3OZBYPdHkZ7sK9jXXWqJzy+soQP98kETMZeDq\nWaJVzO/7QSwnnX4OOLybR6xqxYyddgSMcf0eGYqSTAy5ubi9j4l8SuFRr64c0fuZ\nSWMBxY5l267aXWnyicGNRlVZ0Er70SIUIfdtUjk/1yFYfNh7GHl+CE7yP1c0hkto\nOxfJqwvcAzu5nVtuD0mB8jRbiyBjXHoQNYzGPJEdGbMYh6p+p7dBF9Ele/GsR9MQ\n7w0cQYcHr3JPTkym2/sYRn3BZKaiPdWX/+n+h6lD+QcoCc3Yju5EwY6DOJw+OKP5\nnUAwBINVvqqEQ2LNm0aYJ56ExBJD3K+BAXeRhuDs1vd8M1fYNcX/FyNS7/LBNG39\ndok5Rd6C3v69AgeJFhsC0BUCAwEAAQ==\n-----END PUBLIC KEY-----\n",
            "rsa_bits": 4096
          },
          "sensitive_attributes": [
            [
              {
                "type": "get_attr",
                "value": "private_key_pem_pkcs8"
              }
            ],
            [
              {
                "type": "get_attr",
                "value": "private_key_openssh"
              }
            ],
            [
              {
                "type": "get_attr",
                "value": "private_key_pem"
              }
            ]
          ]
        }
      ]
    }
  ],
  "check_results": null
}
