{
  "version": 4,
  "terraform_version": "1.8.3",
  "serial": 241,
  "lineage": "351066d8-0f1a-1489-49e5-43db713296f9",
  "outputs": {
    "frontend_public_ip": {
      "value": "34.201.210.217",
      "type": "string"
    },
    "streamer_public_ip": {
      "value": "18.212.19.107",
      "type": "string"
    },
    "vpc_cidr_block": {
      "value": "10.20.0.0/16",
      "type": "string"
    },
    "vpc_id": {
      "value": "vpc-051f7d14b08b60cd9",
      "type": "string"
    }
  },
  "resources": [
    {
      "mode": "data",
      "type": "aws_ami",
      "name": "ami",
      "provider": "provider[\"registry.terraform.io/hashicorp/aws\"]",
      "instances": [
        {
          "schema_version": 0,
          "attributes": {
            "architecture": "x86_64",
            "arn": "arn:aws:ec2:us-east-1::image/ami-0c819f65440d5f1d1",
            "block_device_mappings": [
              {
                "device_name": "/dev/sda1",
                "ebs": {
                  "delete_on_termination": "true",
                  "encrypted": "false",
                  "iops": "0",
                  "snapshot_id": "snap-09d658007a3b4a9a0",
                  "throughput": "0",
                  "volume_size": "8",
                  "volume_type": "gp2"
                },
                "no_device": "",
                "virtual_name": ""
              },
              {
                "device_name": "/dev/sdb",
                "ebs": {},
                "no_device": "",
                "virtual_name": "ephemeral0"
              },
              {
                "device_name": "/dev/sdc",
                "ebs": {},
                "no_device": "",
                "virtual_name": "ephemeral1"
              }
            ],
            "boot_mode": "legacy-bios",
            "creation_date": "2024-06-14T22:19:42.000Z",
            "deprecation_time": "2026-06-14T22:19:42.000Z",
            "description": "Canonical, Ubuntu, 20.04 LTS, amd64 focal image build on 2024-06-14",
            "ena_support": true,
            "executable_users": null,
            "filter": [
              {
                "name": "name",
                "values": [
                  "ubuntu*20.04*-amd64-server-*"
                ]
              }
            ],
            "hypervisor": "xen",
            "id": "ami-0c819f65440d5f1d1",
            "image_id": "ami-0c819f65440d5f1d1",
            "image_location": "amazon/ubuntu/images/hvm-ssd/ubuntu-focal-20.04-amd64-server-20240614",
            "image_owner_alias": "amazon",
            "image_type": "machine",
            "imds_support": "",
            "include_deprecated": false,
            "kernel_id": "",
            "most_recent": true,
            "name": "ubuntu/images/hvm-ssd/ubuntu-focal-20.04-amd64-server-20240614",
            "name_regex": null,
            "owner_id": "099720109477",
            "owners": [
              "099720109477"
            ],
            "platform": "",
            "platform_details": "Linux/UNIX",
            "product_codes": [],
            "public": true,
            "ramdisk_id": "",
            "root_device_name": "/dev/sda1",
            "root_device_type": "ebs",
            "root_snapshot_id": "snap-09d658007a3b4a9a0",
            "sriov_net_support": "simple",
            "state": "available",
            "state_reason": {
              "code": "UNSET",
              "message": "UNSET"
            },
            "tags": {},
            "timeouts": null,
            "tpm_support": "",
            "usage_operation": "RunInstances",
            "virtualization_type": "hvm"
          },
          "sensitive_attributes": []
        }
      ]
    },
    {
      "mode": "data",
      "type": "aws_route53_zone",
      "name": "intuitivesoft",
      "provider": "provider[\"registry.terraform.io/hashicorp/aws\"]",
      "instances": [
        {
          "schema_version": 0,
          "attributes": {
            "arn": "arn:aws:route53:::hostedzone/Z03385262WMCAFO2KASN1",
            "caller_reference": "ac7d4ea8-9ad4-4334-9437-da4ebeef5c7d",
            "comment": "",
            "id": "Z03385262WMCAFO2KASN1",
            "linked_service_description": null,
            "linked_service_principal": null,
            "name": "devops.intuitivesoft.cloud",
            "name_servers": [
              "ns-1060.awsdns-04.org",
              "ns-1802.awsdns-33.co.uk",
              "ns-980.awsdns-58.net",
              "ns-315.awsdns-39.com"
            ],
            "primary_name_server": "ns-1060.awsdns-04.org",
            "private_zone": false,
            "resource_record_set_count": 42,
            "tags": {},
            "vpc_id": null,
            "zone_id": "Z03385262WMCAFO2KASN1"
          },
          "sensitive_attributes": []
        }
      ]
    },
    {
      "mode": "data",
      "type": "aws_vpc",
      "name": "this",
      "provider": "provider[\"registry.terraform.io/hashicorp/aws\"]",
      "instances": [
        {
          "schema_version": 0,
          "attributes": {
            "arn": "arn:aws:ec2:us-east-1:708113109960:vpc/vpc-051f7d14b08b60cd9",
            "cidr_block": "10.20.0.0/16",
            "cidr_block_associations": [
              {
                "association_id": "vpc-cidr-assoc-00e566367bb5dabdb",
                "cidr_block": "10.20.0.0/16",
                "state": "associated"
              }
            ],
            "default": false,
            "dhcp_options_id": "dopt-0e2f66217ab8d5ccf",
            "enable_dns_hostnames": false,
            "enable_dns_support": true,
            "enable_network_address_usage_metrics": false,
            "filter": [
              {
                "name": "tag:Name",
                "values": [
                  "kmh-vpc"
                ]
              }
            ],
            "id": "vpc-051f7d14b08b60cd9",
            "instance_tenancy": "default",
            "ipv6_association_id": "",
            "ipv6_cidr_block": "",
            "main_route_table_id": "rtb-00483209d6f33eb8a",
            "owner_id": "708113109960",
            "state": null,
            "tags": {
              "Name": "kmh-vpc"
            },
            "timeouts": null
          },
          "sensitive_attributes": []
        }
      ]
    },
    {
      "mode": "managed",
      "type": "aws_instance",
      "name": "servers",
      "provider": "provider[\"registry.terraform.io/hashicorp/aws\"]",
      "instances": [
        {
          "index_key": 0,
          "schema_version": 1,
          "attributes": {
            "ami": "ami-0c819f65440d5f1d1",
            "arn": "arn:aws:ec2:us-east-1:708113109960:instance/i-00afac52bc2ac11c1",
            "associate_public_ip_address": true,
            "availability_zone": "us-east-1a",
            "capacity_reservation_specification": [
              {
                "capacity_reservation_preference": "open",
                "capacity_reservation_target": []
              }
            ],
            "cpu_core_count": 1,
            "cpu_options": [
              {
                "amd_sev_snp": "",
                "core_count": 1,
                "threads_per_core": 1
              }
            ],
            "cpu_threads_per_core": 1,
            "credit_specification": [
              {
                "cpu_credits": "standard"
              }
            ],
            "disable_api_stop": false,
            "disable_api_termination": false,
            "ebs_block_device": [],
            "ebs_optimized": false,
            "enclave_options": [
              {
                "enabled": false
              }
            ],
            "ephemeral_block_device": [],
            "get_password_data": false,
            "hibernation": false,
            "host_id": "",
            "host_resource_group_arn": null,
            "iam_instance_profile": "",
            "id": "i-00afac52bc2ac11c1",
            "instance_initiated_shutdown_behavior": "stop",
            "instance_lifecycle": "",
            "instance_market_options": [],
            "instance_state": "running",
            "instance_type": "t2.nano",
            "ipv6_address_count": 0,
            "ipv6_addresses": [],
            "key_name": "kmh-vm-key",
            "launch_template": [],
            "maintenance_options": [
              {
                "auto_recovery": "default"
              }
            ],
            "metadata_options": [
              {
                "http_endpoint": "enabled",
                "http_protocol_ipv6": "disabled",
                "http_put_response_hop_limit": 1,
                "http_tokens": "optional",
                "instance_metadata_tags": "disabled"
              }
            ],
            "monitoring": false,
            "network_interface": [],
            "outpost_arn": "",
            "password_data": "",
            "placement_group": "",
            "placement_partition_number": 0,
            "primary_network_interface_id": "eni-0c56f9b0502e745f8",
            "private_dns": "ip-10-20-0-179.ec2.internal",
            "private_dns_name_options": [
              {
                "enable_resource_name_dns_a_record": false,
                "enable_resource_name_dns_aaaa_record": false,
                "hostname_type": "ip-name"
              }
            ],
            "private_ip": "10.20.0.179",
            "public_dns": "",
            "public_ip": "34.201.210.217",
            "root_block_device": [
              {
                "delete_on_termination": true,
                "device_name": "/dev/sda1",
                "encrypted": false,
                "iops": 100,
                "kms_key_id": "",
                "tags": {},
                "tags_all": {},
                "throughput": 0,
                "volume_id": "vol-01482dede9d83ba0e",
                "volume_size": 8,
                "volume_type": "gp2"
              }
            ],
            "secondary_private_ips": [],
            "security_groups": [],
            "source_dest_check": false,
            "spot_instance_request_id": "",
            "subnet_id": "subnet-067ca50312cf9f455",
            "tags": {
              "Name": "kmh-frontend"
            },
            "tags_all": {
              "Name": "kmh-frontend"
            },
            "tenancy": "default",
            "timeouts": null,
            "user_data": null,
            "user_data_base64": null,
            "user_data_replace_on_change": false,
            "volume_tags": null,
            "vpc_security_group_ids": [
              "sg-019a8023626db098a"
            ]
          },
          "sensitive_attributes": [],
          "private": "eyJlMmJmYjczMC1lY2FhLTExZTYtOGY4OC0zNDM2M2JjN2M0YzAiOnsiY3JlYXRlIjo2MDAwMDAwMDAwMDAsImRlbGV0ZSI6MTIwMDAwMDAwMDAwMCwicmVhZCI6OTAwMDAwMDAwMDAwLCJ1cGRhdGUiOjYwMDAwMDAwMDAwMH0sInNjaGVtYV92ZXJzaW9uIjoiMSJ9",
          "dependencies": [
            "aws_key_pair.key_pair",
            "aws_security_group.frontend_security_group",
            "aws_security_group.streamer_security_group",
            "aws_subnet.private",
            "aws_subnet.public",
            "data.aws_ami.ami",
            "data.aws_vpc.this",
            "tls_private_key.pk"
          ]
        },
        {
          "index_key": 1,
          "schema_version": 1,
          "attributes": {
            "ami": "ami-0c819f65440d5f1d1",
            "arn": "arn:aws:ec2:us-east-1:708113109960:instance/i-0bbdbee3ea205f306",
            "associate_public_ip_address": true,
            "availability_zone": "us-east-1b",
            "capacity_reservation_specification": [
              {
                "capacity_reservation_preference": "open",
                "capacity_reservation_target": []
              }
            ],
            "cpu_core_count": 1,
            "cpu_options": [
              {
                "amd_sev_snp": "",
                "core_count": 1,
                "threads_per_core": 1
              }
            ],
            "cpu_threads_per_core": 1,
            "credit_specification": [
              {
                "cpu_credits": "standard"
              }
            ],
            "disable_api_stop": false,
            "disable_api_termination": false,
            "ebs_block_device": [],
            "ebs_optimized": false,
            "enclave_options": [
              {
                "enabled": false
              }
            ],
            "ephemeral_block_device": [],
            "get_password_data": false,
            "hibernation": false,
            "host_id": "",
            "host_resource_group_arn": null,
            "iam_instance_profile": "",
            "id": "i-0bbdbee3ea205f306",
            "instance_initiated_shutdown_behavior": "stop",
            "instance_lifecycle": "",
            "instance_market_options": [],
            "instance_state": "running",
            "instance_type": "t2.nano",
            "ipv6_address_count": 0,
            "ipv6_addresses": [],
            "key_name": "kmh-vm-key",
            "launch_template": [],
            "maintenance_options": [
              {
                "auto_recovery": "default"
              }
            ],
            "metadata_options": [
              {
                "http_endpoint": "enabled",
                "http_protocol_ipv6": "disabled",
                "http_put_response_hop_limit": 1,
                "http_tokens": "optional",
                "instance_metadata_tags": "disabled"
              }
            ],
            "monitoring": false,
            "network_interface": [],
            "outpost_arn": "",
            "password_data": "",
            "placement_group": "",
            "placement_partition_number": 0,
            "primary_network_interface_id": "eni-0b264df0f9d30dfd0",
            "private_dns": "ip-10-20-128-226.ec2.internal",
            "private_dns_name_options": [
              {
                "enable_resource_name_dns_a_record": false,
                "enable_resource_name_dns_aaaa_record": false,
                "hostname_type": "ip-name"
              }
            ],
            "private_ip": "10.20.128.226",
            "public_dns": "",
            "public_ip": "18.212.19.107",
            "root_block_device": [
              {
                "delete_on_termination": true,
                "device_name": "/dev/sda1",
                "encrypted": false,
                "iops": 100,
                "kms_key_id": "",
                "tags": {},
                "tags_all": {},
                "throughput": 0,
                "volume_id": "vol-07d17cca2226b3f2a",
                "volume_size": 8,
                "volume_type": "gp2"
              }
            ],
            "secondary_private_ips": [],
            "security_groups": [],
            "source_dest_check": false,
            "spot_instance_request_id": "",
            "subnet_id": "subnet-0eb08d2598dab5093",
            "tags": {
              "Name": "kmh-streamer"
            },
            "tags_all": {
              "Name": "kmh-streamer"
            },
            "tenancy": "default",
            "timeouts": null,
            "user_data": null,
            "user_data_base64": null,
            "user_data_replace_on_change": false,
            "volume_tags": null,
            "vpc_security_group_ids": [
              "sg-02fbeadd41f05b189"
            ]
          },
          "sensitive_attributes": [],
          "private": "eyJlMmJmYjczMC1lY2FhLTExZTYtOGY4OC0zNDM2M2JjN2M0YzAiOnsiY3JlYXRlIjo2MDAwMDAwMDAwMDAsImRlbGV0ZSI6MTIwMDAwMDAwMDAwMCwicmVhZCI6OTAwMDAwMDAwMDAwLCJ1cGRhdGUiOjYwMDAwMDAwMDAwMH0sInNjaGVtYV92ZXJzaW9uIjoiMSJ9",
          "dependencies": [
            "aws_key_pair.key_pair",
            "aws_security_group.frontend_security_group",
            "aws_security_group.streamer_security_group",
            "aws_subnet.private",
            "aws_subnet.public",
            "data.aws_ami.ami",
            "data.aws_vpc.this",
            "tls_private_key.pk"
          ]
        }
      ]
    },
    {
      "mode": "managed",
      "type": "aws_internet_gateway",
      "name": "kmh_gw",
      "provider": "provider[\"registry.terraform.io/hashicorp/aws\"]",
      "instances": [
        {
          "schema_version": 0,
          "attributes": {
            "arn": "arn:aws:ec2:us-east-1:708113109960:internet-gateway/igw-07ba5b20f45476aea",
            "id": "igw-07ba5b20f45476aea",
            "owner_id": "708113109960",
            "tags": {
              "Name": "kmh-internet-gw"
            },
            "tags_all": {
              "Name": "kmh-internet-gw"
            },
            "timeouts": null,
            "vpc_id": "vpc-051f7d14b08b60cd9"
          },
          "sensitive_attributes": [],
          "private": "eyJlMmJmYjczMC1lY2FhLTExZTYtOGY4OC0zNDM2M2JjN2M0YzAiOnsiY3JlYXRlIjoxMjAwMDAwMDAwMDAwLCJkZWxldGUiOjEyMDAwMDAwMDAwMDAsInVwZGF0ZSI6MTIwMDAwMDAwMDAwMH19",
          "dependencies": [
            "data.aws_vpc.this"
          ]
        }
      ]
    },
    {
      "mode": "managed",
      "type": "aws_key_pair",
      "name": "key_pair",
      "provider": "provider[\"registry.terraform.io/hashicorp/aws\"]",
      "instances": [
        {
          "schema_version": 1,
          "attributes": {
            "arn": "arn:aws:ec2:us-east-1:708113109960:key-pair/kmh-vm-key",
            "fingerprint": "f7:fd:be:52:f2:78:17:f9:a9:da:39:d9:80:49:9e:a4",
            "id": "kmh-vm-key",
            "key_name": "kmh-vm-key",
            "key_name_prefix": "",
            "key_pair_id": "key-0824f9ffc31e1364a",
            "key_type": "rsa",
            "public_key": "ssh-rsa AAAAB3NzaC1yc2EAAAADAQABAAACAQDoDO5UoBk12Jn7kdTwUw80YdS0t3IYlBGdwhcf/57j+Nd1svlaWT+eo1RBfQ95ddxoaUc5A+/ymFZZ1YoiJ4/7EFEPzEsTgAS1AjpAaZvHwmLEZ1ddNtRYLUbh28TxQfMi92al43JXqC5+zwo18WuqjfBdxq9ClbS/dUSwQiQ6dm4ah2v2UGJzAAQAAYoX6G6rI4dppBHSySDb78IYdRkQXsmqqPPpgacSO/UVgT8fbZsN3ONOhr9iXhc8nFE9HmTWK2v0ojmJb9JB4XoUj4aKbLlVNr8KH8pVMnJj7Hj/I7J0vqMIAGNqkzw+OveOgcxsOrGsvY6gXjCEVSCEbnl3l4YmQGm4CGVeHLNtPb8oEx8n10RHtJIE2sSrCNjcwTkUis+pg1+a0sFNuwfGjg9W3gPnNSvnWTSihU3ZdM/h6O2zclEgDGZtuAzZvff5N1v6pDPmbdLlNJCUjGWA0nubXTQTQq+WxI9ilAbWGIB+/4lB0NQjVNTLZnAKmU/1jj2aP8yya0VOBa+fHlToFfpeFrlVhbtAKhHIGAJq4dxde9gJWZiXMNTZuWX15vcdo83OklLjk16Z+taUswh/D8pLjCx0kfIA6claCJuQKqA4AgCQnJpOzBfSyVf14Rp5tH1rhz8MYytgTn+bo7RrAKC8B/mE+j1s+cQX2TBlKqenMQ==",
            "tags": null,
            "tags_all": {}
          },
          "sensitive_attributes": [],
          "private": "eyJzY2hlbWFfdmVyc2lvbiI6IjEifQ==",
          "dependencies": [
            "tls_private_key.pk"
          ]
        }
      ]
    },
    {
      "mode": "managed",
      "type": "aws_route53_record",
      "name": "kmh_record",
      "provider": "provider[\"registry.terraform.io/hashicorp/aws\"]",
      "instances": [
        {
          "schema_version": 2,
          "attributes": {
            "alias": [],
            "allow_overwrite": null,
            "cidr_routing_policy": [],
            "failover_routing_policy": [],
            "fqdn": "kmh.devops.intuitivesoft.cloud",
            "geolocation_routing_policy": [],
            "geoproximity_routing_policy": [],
            "health_check_id": "",
            "id": "Z03385262WMCAFO2KASN1_kmh_A",
            "latency_routing_policy": [],
            "multivalue_answer_routing_policy": false,
            "name": "kmh",
            "records": [
              "34.201.210.217"
            ],
            "set_identifier": "",
            "ttl": 300,
            "type": "A",
            "weighted_routing_policy": [],
            "zone_id": "Z03385262WMCAFO2KASN1"
          },
          "sensitive_attributes": [],
          "private": "eyJzY2hlbWFfdmVyc2lvbiI6IjIifQ==",
          "dependencies": [
            "aws_instance.servers",
            "aws_key_pair.key_pair",
            "aws_security_group.frontend_security_group",
            "aws_security_group.streamer_security_group",
            "aws_subnet.private",
            "aws_subnet.public",
            "data.aws_ami.ami",
            "data.aws_route53_zone.intuitivesoft",
            "data.aws_vpc.this",
            "tls_private_key.pk"
          ]
        }
      ]
    },
    {
      "mode": "managed",
      "type": "aws_route_table",
      "name": "route_table",
      "provider": "provider[\"registry.terraform.io/hashicorp/aws\"]",
      "instances": [
        {
          "schema_version": 0,
          "attributes": {
            "arn": "arn:aws:ec2:us-east-1:708113109960:route-table/rtb-0c3a757e82a67256b",
            "id": "rtb-0c3a757e82a67256b",
            "owner_id": "708113109960",
            "propagating_vgws": [],
            "route": [
              {
                "carrier_gateway_id": "",
                "cidr_block": "0.0.0.0/0",
                "core_network_arn": "",
                "destination_prefix_list_id": "",
                "egress_only_gateway_id": "",
                "gateway_id": "igw-07ba5b20f45476aea",
                "ipv6_cidr_block": "",
                "local_gateway_id": "",
                "nat_gateway_id": "",
                "network_interface_id": "",
                "transit_gateway_id": "",
                "vpc_endpoint_id": "",
                "vpc_peering_connection_id": ""
              }
            ],
            "tags": {
              "Name": "kmh-route-table"
            },
            "tags_all": {
              "Name": "kmh-route-table"
            },
            "timeouts": null,
            "vpc_id": "vpc-051f7d14b08b60cd9"
          },
          "sensitive_attributes": [],
          "private": "eyJlMmJmYjczMC1lY2FhLTExZTYtOGY4OC0zNDM2M2JjN2M0YzAiOnsiY3JlYXRlIjozMDAwMDAwMDAwMDAsImRlbGV0ZSI6MzAwMDAwMDAwMDAwLCJ1cGRhdGUiOjEyMDAwMDAwMDAwMH19",
          "dependencies": [
            "aws_internet_gateway.kmh_gw",
            "data.aws_vpc.this"
          ]
        }
      ]
    },
    {
      "mode": "managed",
      "type": "aws_route_table_association",
      "name": "route_private_association",
      "provider": "provider[\"registry.terraform.io/hashicorp/aws\"]",
      "instances": [
        {
          "schema_version": 0,
          "attributes": {
            "gateway_id": "",
            "id": "rtbassoc-05cc4960429ce8e06",
            "route_table_id": "rtb-0c3a757e82a67256b",
            "subnet_id": "subnet-0eb08d2598dab5093",
            "timeouts": null
          },
          "sensitive_attributes": [],
          "private": "eyJlMmJmYjczMC1lY2FhLTExZTYtOGY4OC0zNDM2M2JjN2M0YzAiOnsiY3JlYXRlIjozMDAwMDAwMDAwMDAsImRlbGV0ZSI6MzAwMDAwMDAwMDAwLCJ1cGRhdGUiOjEyMDAwMDAwMDAwMH19",
          "dependencies": [
            "aws_internet_gateway.kmh_gw",
            "aws_route_table.route_table",
            "aws_subnet.private",
            "data.aws_vpc.this"
          ]
        }
      ]
    },
    {
      "mode": "managed",
      "type": "aws_route_table_association",
      "name": "route_public_association",
      "provider": "provider[\"registry.terraform.io/hashicorp/aws\"]",
      "instances": [
        {
          "schema_version": 0,
          "attributes": {
            "gateway_id": "",
            "id": "rtbassoc-01467fe23f0e97c42",
            "route_table_id": "rtb-0c3a757e82a67256b",
            "subnet_id": "subnet-067ca50312cf9f455",
            "timeouts": null
          },
          "sensitive_attributes": [],
          "private": "eyJlMmJmYjczMC1lY2FhLTExZTYtOGY4OC0zNDM2M2JjN2M0YzAiOnsiY3JlYXRlIjozMDAwMDAwMDAwMDAsImRlbGV0ZSI6MzAwMDAwMDAwMDAwLCJ1cGRhdGUiOjEyMDAwMDAwMDAwMH19",
          "dependencies": [
            "aws_internet_gateway.kmh_gw",
            "aws_route_table.route_table",
            "aws_subnet.public",
            "data.aws_vpc.this"
          ]
        }
      ]
    },
    {
      "mode": "managed",
      "type": "aws_security_group",
      "name": "frontend_security_group",
      "provider": "provider[\"registry.terraform.io/hashicorp/aws\"]",
      "instances": [
        {
          "schema_version": 1,
          "attributes": {
            "arn": "arn:aws:ec2:us-east-1:708113109960:security-group/sg-019a8023626db098a",
            "description": "Allow SSH and HTTPS inbound  and outbound traffic",
            "egress": [
              {
                "cidr_blocks": [
                  "0.0.0.0/0"
                ],
                "description": "",
                "from_port": 0,
                "ipv6_cidr_blocks": [],
                "prefix_list_ids": [],
                "protocol": "-1",
                "security_groups": [],
                "self": false,
                "to_port": 0
              }
            ],
            "id": "sg-019a8023626db098a",
            "ingress": [
              {
                "cidr_blocks": [
                  "0.0.0.0/0"
                ],
                "description": "",
                "from_port": 22,
                "ipv6_cidr_blocks": [],
                "prefix_list_ids": [],
                "protocol": "tcp",
                "security_groups": [],
                "self": false,
                "to_port": 22
              },
              {
                "cidr_blocks": [
                  "0.0.0.0/0"
                ],
                "description": "",
                "from_port": 443,
                "ipv6_cidr_blocks": [],
                "prefix_list_ids": [],
                "protocol": "tcp",
                "security_groups": [],
                "self": false,
                "to_port": 443
              },
              {
                "cidr_blocks": [
                  "0.0.0.0/0"
                ],
                "description": "",
                "from_port": 80,
                "ipv6_cidr_blocks": [],
                "prefix_list_ids": [],
                "protocol": "tcp",
                "security_groups": [],
                "self": false,
                "to_port": 80
              },
              {
                "cidr_blocks": [
                  "10.20.128.0/24"
                ],
                "description": "",
                "from_port": 0,
                "ipv6_cidr_blocks": [],
                "prefix_list_ids": [],
                "protocol": "-1",
                "security_groups": [],
                "self": false,
                "to_port": 0
              },
              {
                "cidr_blocks": [
                  "10.20.128.0/24"
                ],
                "description": "",
                "from_port": 0,
                "ipv6_cidr_blocks": [],
                "prefix_list_ids": [],
                "protocol": "icmp",
                "security_groups": [],
                "self": false,
                "to_port": 0
              }
            ],
            "name": "kmh-frontend-sg",
            "name_prefix": "",
            "owner_id": "708113109960",
            "revoke_rules_on_delete": false,
            "tags": {
              "Name": "kmh-sg-frontend"
            },
            "tags_all": {
              "Name": "kmh-sg-frontend"
            },
            "timeouts": null,
            "vpc_id": "vpc-051f7d14b08b60cd9"
          },
          "sensitive_attributes": [],
          "private": "eyJlMmJmYjczMC1lY2FhLTExZTYtOGY4OC0zNDM2M2JjN2M0YzAiOnsiY3JlYXRlIjo2MDAwMDAwMDAwMDAsImRlbGV0ZSI6OTAwMDAwMDAwMDAwfSwic2NoZW1hX3ZlcnNpb24iOiIxIn0=",
          "dependencies": [
            "aws_subnet.private",
            "data.aws_vpc.this"
          ]
        }
      ]
    },
    {
      "mode": "managed",
      "type": "aws_security_group",
      "name": "streamer_security_group",
      "provider": "provider[\"registry.terraform.io/hashicorp/aws\"]",
      "instances": [
        {
          "schema_version": 1,
          "attributes": {
            "arn": "arn:aws:ec2:us-east-1:708113109960:security-group/sg-02fbeadd41f05b189",
            "description": "Allow RTMP inbound  and outbound traffic",
            "egress": [
              {
                "cidr_blocks": [
                  "0.0.0.0/0"
                ],
                "description": "",
                "from_port": 0,
                "ipv6_cidr_blocks": [],
                "prefix_list_ids": [],
                "protocol": "-1",
                "security_groups": [],
                "self": false,
                "to_port": 0
              }
            ],
            "id": "sg-02fbeadd41f05b189",
            "ingress": [
              {
                "cidr_blocks": [
                  "0.0.0.0/0"
                ],
                "description": "",
                "from_port": 1935,
                "ipv6_cidr_blocks": [],
                "prefix_list_ids": [],
                "protocol": "tcp",
                "security_groups": [],
                "self": false,
                "to_port": 1935
              },
              {
                "cidr_blocks": [
                  "0.0.0.0/0"
                ],
                "description": "",
                "from_port": 22,
                "ipv6_cidr_blocks": [],
                "prefix_list_ids": [],
                "protocol": "tcp",
                "security_groups": [],
                "self": false,
                "to_port": 22
              },
              {
                "cidr_blocks": [
                  "10.20.0.0/24"
                ],
                "description": "",
                "from_port": 0,
                "ipv6_cidr_blocks": [],
                "prefix_list_ids": [],
                "protocol": "-1",
                "security_groups": [],
                "self": false,
                "to_port": 0
              },
              {
                "cidr_blocks": [
                  "10.20.128.0/24"
                ],
                "description": "",
                "from_port": 0,
                "ipv6_cidr_blocks": [],
                "prefix_list_ids": [],
                "protocol": "-1",
                "security_groups": [],
                "self": false,
                "to_port": 0
              }
            ],
            "name": "kmh-streamer-sg",
            "name_prefix": "",
            "owner_id": "708113109960",
            "revoke_rules_on_delete": false,
            "tags": {
              "Name": "kmh-sg-streamer"
            },
            "tags_all": {
              "Name": "kmh-sg-streamer"
            },
            "timeouts": null,
            "vpc_id": "vpc-051f7d14b08b60cd9"
          },
          "sensitive_attributes": [],
          "private": "eyJlMmJmYjczMC1lY2FhLTExZTYtOGY4OC0zNDM2M2JjN2M0YzAiOnsiY3JlYXRlIjo2MDAwMDAwMDAwMDAsImRlbGV0ZSI6OTAwMDAwMDAwMDAwfSwic2NoZW1hX3ZlcnNpb24iOiIxIn0=",
          "dependencies": [
            "aws_subnet.private",
            "data.aws_vpc.this"
          ]
        }
      ]
    },
    {
      "mode": "managed",
      "type": "aws_subnet",
      "name": "private",
      "provider": "provider[\"registry.terraform.io/hashicorp/aws\"]",
      "instances": [
        {
          "schema_version": 1,
          "attributes": {
            "arn": "arn:aws:ec2:us-east-1:708113109960:subnet/subnet-0eb08d2598dab5093",
            "assign_ipv6_address_on_creation": false,
            "availability_zone": "us-east-1b",
            "availability_zone_id": "use1-az2",
            "cidr_block": "10.20.128.0/24",
            "customer_owned_ipv4_pool": "",
            "enable_dns64": false,
            "enable_lni_at_device_index": 0,
            "enable_resource_name_dns_a_record_on_launch": false,
            "enable_resource_name_dns_aaaa_record_on_launch": false,
            "id": "subnet-0eb08d2598dab5093",
            "ipv6_cidr_block": "",
            "ipv6_cidr_block_association_id": "",
            "ipv6_native": false,
            "map_customer_owned_ip_on_launch": false,
            "map_public_ip_on_launch": false,
            "outpost_arn": "",
            "owner_id": "708113109960",
            "private_dns_hostname_type_on_launch": "ip-name",
            "tags": {
              "Name": "kmh-private-subnet"
            },
            "tags_all": {
              "Name": "kmh-private-subnet"
            },
            "timeouts": null,
            "vpc_id": "vpc-051f7d14b08b60cd9"
          },
          "sensitive_attributes": [],
          "private": "eyJlMmJmYjczMC1lY2FhLTExZTYtOGY4OC0zNDM2M2JjN2M0YzAiOnsiY3JlYXRlIjo2MDAwMDAwMDAwMDAsImRlbGV0ZSI6MTIwMDAwMDAwMDAwMH0sInNjaGVtYV92ZXJzaW9uIjoiMSJ9",
          "dependencies": [
            "data.aws_vpc.this"
          ]
        }
      ]
    },
    {
      "mode": "managed",
      "type": "aws_subnet",
      "name": "public",
      "provider": "provider[\"registry.terraform.io/hashicorp/aws\"]",
      "instances": [
        {
          "schema_version": 1,
          "attributes": {
            "arn": "arn:aws:ec2:us-east-1:708113109960:subnet/subnet-067ca50312cf9f455",
            "assign_ipv6_address_on_creation": false,
            "availability_zone": "us-east-1a",
            "availability_zone_id": "use1-az1",
            "cidr_block": "10.20.0.0/24",
            "customer_owned_ipv4_pool": "",
            "enable_dns64": false,
            "enable_lni_at_device_index": 0,
            "enable_resource_name_dns_a_record_on_launch": false,
            "enable_resource_name_dns_aaaa_record_on_launch": false,
            "id": "subnet-067ca50312cf9f455",
            "ipv6_cidr_block": "",
            "ipv6_cidr_block_association_id": "",
            "ipv6_native": false,
            "map_customer_owned_ip_on_launch": false,
            "map_public_ip_on_launch": false,
            "outpost_arn": "",
            "owner_id": "708113109960",
            "private_dns_hostname_type_on_launch": "ip-name",
            "tags": {
              "Name": "kmh-public-subnet"
            },
            "tags_all": {
              "Name": "kmh-public-subnet"
            },
            "timeouts": null,
            "vpc_id": "vpc-051f7d14b08b60cd9"
          },
          "sensitive_attributes": [],
          "private": "eyJlMmJmYjczMC1lY2FhLTExZTYtOGY4OC0zNDM2M2JjN2M0YzAiOnsiY3JlYXRlIjo2MDAwMDAwMDAwMDAsImRlbGV0ZSI6MTIwMDAwMDAwMDAwMH0sInNjaGVtYV92ZXJzaW9uIjoiMSJ9",
          "dependencies": [
            "data.aws_vpc.this"
          ]
        }
      ]
    },
    {
      "mode": "managed",
      "type": "tls_private_key",
      "name": "pk",
      "provider": "provider[\"registry.terraform.io/hashicorp/tls\"]",
      "instances": [
        {
          "schema_version": 1,
          "attributes": {
            "algorithm": "RSA",
            "ecdsa_curve": "P224",
            "id": "943c364a9646a71fccebd8cf38c883ef527eea47",
            "private_key_openssh": "-----BEGIN OPENSSH PRIVATE KEY-----\nb3BlbnNzaC1rZXktdjEAAAAABG5vbmUAAAAEbm9uZQAAAAAAAAABAAACFwAAAAdz\nc2gtcnNhAAAAAwEAAQAAAgEA6AzuVKAZNdiZ+5HU8FMPNGHUtLdyGJQRncIXH/+e\n4/jXdbL5Wlk/nqNUQX0PeXXcaGlHOQPv8phWWdWKIieP+xBRD8xLE4AEtQI6QGmb\nx8JixGdXXTbUWC1G4dvE8UHzIvdmpeNyV6gufs8KNfFrqo3wXcavQpW0v3VEsEIk\nOnZuGodr9lBicwAEAAGKF+huqyOHaaQR0skg2+/CGHUZEF7Jqqjz6YGnEjv1FYE/\nH22bDdzjToa/Yl4XPJxRPR5k1itr9KI5iW/SQeF6FI+Gimy5VTa/Ch/KVTJyY+x4\n/yOydL6jCABjapM8Pjr3joHMbDqxrL2OoF4whFUghG55d5eGJkBpuAhlXhyzbT2/\nKBMfJ9dER7SSBNrEqwjY3ME5FIrPqYNfmtLBTbsHxo4PVt4D5zUr51k0ooVN2XTP\n4ejts3JRIAxmbbgM2b33+Tdb+qQz5m3S5TSQlIxlgNJ7m100E0KvlsSPYpQG1hiA\nfv+JQdDUI1TUy2ZwCplP9Y49mj/MsmtFTgWvnx5U6BX6Xha5VYW7QCoRyBgCauHc\nXXvYCVmYlzDU2bll9eb3HaPNzpJS45NemfrWlLMIfw/KS4wsdJHyAOnJWgibkCqg\nOAIAkJyaTswX0slX9eEaebR9a4c/DGMrYE5/m6O0awCgvAf5hPo9bPnEF9kwZSqn\npzEAAAc4K9EEVivRBFYAAAAHc3NoLXJzYQAAAgEA6AzuVKAZNdiZ+5HU8FMPNGHU\ntLdyGJQRncIXH/+e4/jXdbL5Wlk/nqNUQX0PeXXcaGlHOQPv8phWWdWKIieP+xBR\nD8xLE4AEtQI6QGmbx8JixGdXXTbUWC1G4dvE8UHzIvdmpeNyV6gufs8KNfFrqo3w\nXcavQpW0v3VEsEIkOnZuGodr9lBicwAEAAGKF+huqyOHaaQR0skg2+/CGHUZEF7J\nqqjz6YGnEjv1FYE/H22bDdzjToa/Yl4XPJxRPR5k1itr9KI5iW/SQeF6FI+Gimy5\nVTa/Ch/KVTJyY+x4/yOydL6jCABjapM8Pjr3joHMbDqxrL2OoF4whFUghG55d5eG\nJkBpuAhlXhyzbT2/KBMfJ9dER7SSBNrEqwjY3ME5FIrPqYNfmtLBTbsHxo4PVt4D\n5zUr51k0ooVN2XTP4ejts3JRIAxmbbgM2b33+Tdb+qQz5m3S5TSQlIxlgNJ7m100\nE0KvlsSPYpQG1hiAfv+JQdDUI1TUy2ZwCplP9Y49mj/MsmtFTgWvnx5U6BX6Xha5\nVYW7QCoRyBgCauHcXXvYCVmYlzDU2bll9eb3HaPNzpJS45NemfrWlLMIfw/KS4ws\ndJHyAOnJWgibkCqgOAIAkJyaTswX0slX9eEaebR9a4c/DGMrYE5/m6O0awCgvAf5\nhPo9bPnEF9kwZSqnpzEAAAADAQABAAACAQDdfQo3aCDoDnjbcJTJVt5aZ065t6eF\n4j72T333IuwsOSaex1fObwWUi90uLQqKKn9YgbRjrWhoLBOv52zTsONzBl35MEww\nrq7PfvLO7H6uqtHPGbx/0ofYKk9P4Y8XoJVMOMyXZoOLO5I1o7ThTDAyOQzG1ZAP\nhAlj/bC0dE1UKBpr4/qevpdZoRgwUUfYDhkj7OOhZ+NDSIq+oximc46a236uEFnP\n9drcQrJp9lWjz+CB2OZ125PtdlXDmojIR6yD6CpA9F7q2frcuzTlTyFiGujDd1/d\nb/6WV3JsAhhzn0UEvbmrN4OtBCAqXepQ8X+HhnZ0pPHwDDdO+FnzTedM98659Pp+\nZkDhcdaIWXdvPAbyCcldxM9ic2i0jjvRZDEAHeNhof85/4TfGpfQCqpl5YxRiy97\nynCdXk27avWo3Wo7+duX2TQhlPE1xuTCm8t5twL8WjzlN9Rbr9Ka4wIbDuK+oo86\nG1iXlxGtisOyMTippmK093t12JaIxZr6FslWpP4g1bAro2NhwcfoiaIcCkwzFmo4\nad5g79Bh30ZPIFzEXRezpkBJZJZdC1fq1QZiDUqZs+J5XUt60D+DGct1FalBDwJk\nKI267qI/Ilav+B877DMWJDdU4Zs7xrQfVj9VnhFGhxEvuOTn3im9JWgJx4mBxD/0\niGyU2Rwq+sDJyQAAAQEA0j0LCyX8PQAiB1a9gexhwYrVMxNgaCsu5OFo5cSdmZvz\noYk6XtsYuOi8B5zU6F9Pb7dXFxXvDKywKOHI4DMUq92k7KzMbBp+aEZKsDGXduyo\no2vfH5fADWuoPhtGoVHDGm1OE+MiHenalRl4WGUVGr8LAqrf//hMjdEleUCJYF4u\nziBAu7DgU5svfRh4dIXnets6XwgdfhNvGLbLAG9ChhxUr40711ptJXmMPy7SD//N\nYLMtZgfznVpEj5O3GXTuUfPOx9klO7smlMH7qTqACf1G5a/lSYb+4wVFsDGlJkeP\n1UhQMCNTnZ7gWSAnaW5x7wtAd/LqE0Cyjh55HBR+lAAAAQEA72TF/CWe1pan0nVE\nBci9kSyXggk3GlTbLQX2zMPLB+ykBUJEAlI97ipX4mH5vPCY0+ocWNahXyAGVBg5\nbMGXV9d32HyZEVtiwmVcICaMOLjFlu8Zt321p54lSXLKvF23Y99hrJalyb5lGT8w\neT6wB9cVcKmhyRBQNtQVVhF0ulS/TV8mq9b+sHbIbCSZBt4PSTJpf1SxMNQG6TF0\n0hDy1pdANxMK8dd+9qODSz5VmuUnIzYcqgTraG/4D21BSPPiP5GQaCW+9TVbb/ub\n0FPjbSf+4PP4YBkdiBOtP6jayivatMdHT3KwNDNz4737qtBOjf1t6RWR7DqyFMI+\nF/MEEwAAAQEA+CXBhWykEsgGtlETW05T1mpNBF/PDo7zG0VavKIdCyVx/chlOnY8\ngqMYldapV2iNPbr7X/FKWysgrYrOiyhYORYQPJ0iBCtevHJRhhqoiaqXkEpLWkWS\nNW98Zcgt8rRnJDyuWyqgUJ/RyBsbLi92Tf6PSUV2LzwyWzVxx4etgIg1v80MX+q3\nIs6PlKR56LRJcr88npX4a28hiPnc0AZriwmEoKjKAnyn+2RfIzYPJlhTJaAd0S3z\n8sIvNSyNDwruL2ZbgbK1K7ZVF9BUEJwoIDKYWUd29bViCPIeJJdix3TNaNAqJKQP\nA8tnOlADekw4RrWFws+JfyfDMxQC+2EoKwAAAAAB\n-----END OPENSSH PRIVATE KEY-----\n",
            "private_key_pem": "-----BEGIN RSA PRIVATE KEY-----\nMIIJKQIBAAKCAgEA6AzuVKAZNdiZ+5HU8FMPNGHUtLdyGJQRncIXH/+e4/jXdbL5\nWlk/nqNUQX0PeXXcaGlHOQPv8phWWdWKIieP+xBRD8xLE4AEtQI6QGmbx8JixGdX\nXTbUWC1G4dvE8UHzIvdmpeNyV6gufs8KNfFrqo3wXcavQpW0v3VEsEIkOnZuGodr\n9lBicwAEAAGKF+huqyOHaaQR0skg2+/CGHUZEF7Jqqjz6YGnEjv1FYE/H22bDdzj\nToa/Yl4XPJxRPR5k1itr9KI5iW/SQeF6FI+Gimy5VTa/Ch/KVTJyY+x4/yOydL6j\nCABjapM8Pjr3joHMbDqxrL2OoF4whFUghG55d5eGJkBpuAhlXhyzbT2/KBMfJ9dE\nR7SSBNrEqwjY3ME5FIrPqYNfmtLBTbsHxo4PVt4D5zUr51k0ooVN2XTP4ejts3JR\nIAxmbbgM2b33+Tdb+qQz5m3S5TSQlIxlgNJ7m100E0KvlsSPYpQG1hiAfv+JQdDU\nI1TUy2ZwCplP9Y49mj/MsmtFTgWvnx5U6BX6Xha5VYW7QCoRyBgCauHcXXvYCVmY\nlzDU2bll9eb3HaPNzpJS45NemfrWlLMIfw/KS4wsdJHyAOnJWgibkCqgOAIAkJya\nTswX0slX9eEaebR9a4c/DGMrYE5/m6O0awCgvAf5hPo9bPnEF9kwZSqnpzECAwEA\nAQKCAgEA3X0KN2gg6A5423CUyVbeWmdOubenheI+9k999yLsLDkmnsdXzm8FlIvd\nLi0Kiip/WIG0Y61oaCwTr+ds07DjcwZd+TBMMK6uz37yzux+rqrRzxm8f9KH2CpP\nT+GPF6CVTDjMl2aDizuSNaO04UwwMjkMxtWQD4QJY/2wtHRNVCgaa+P6nr6XWaEY\nMFFH2A4ZI+zjoWfjQ0iKvqMYpnOOmtt+rhBZz/Xa3EKyafZVo8/ggdjmdduT7XZV\nw5qIyEesg+gqQPRe6tn63Ls05U8hYhrow3df3W/+lldybAIYc59FBL25qzeDrQQg\nKl3qUPF/h4Z2dKTx8Aw3TvhZ803nTPfOufT6fmZA4XHWiFl3bzwG8gnJXcTPYnNo\ntI470WQxAB3jYaH/Of+E3xqX0AqqZeWMUYsve8pwnV5Nu2r1qN1qO/nbl9k0IZTx\nNcbkwpvLebcC/Fo85TfUW6/SmuMCGw7ivqKPOhtYl5cRrYrDsjE4qaZitPd7ddiW\niMWa+hbJVqT+INWwK6NjYcHH6ImiHApMMxZqOGneYO/QYd9GTyBcxF0Xs6ZASWSW\nXQtX6tUGYg1KmbPieV1LetA/gxnLdRWpQQ8CZCiNuu6iPyJWr/gfO+wzFiQ3VOGb\nO8a0H1Y/VZ4RRocRL7jk594pvSVoCceJgcQ/9IhslNkcKvrAyckCggEBAO9kxfwl\nntaWp9J1RAXIvZEsl4IJNxpU2y0F9szDywfspAVCRAJSPe4qV+Jh+bzwmNPqHFjW\noV8gBlQYOWzBl1fXd9h8mRFbYsJlXCAmjDi4xZbvGbd9taeeJUlyyrxdt2PfYayW\npcm+ZRk/MHk+sAfXFXCpockQUDbUFVYRdLpUv01fJqvW/rB2yGwkmQbeD0kyaX9U\nsTDUBukxdNIQ8taXQDcTCvHXfvajg0s+VZrlJyM2HKoE62hv+A9tQUjz4j+RkGgl\nvvU1W2/7m9BT420n/uDz+GAZHYgTrT+o2sor2rTHR09ysDQzc+O9+6rQTo39bekV\nkew6shTCPhfzBBMCggEBAPglwYVspBLIBrZRE1tOU9ZqTQRfzw6O8xtFWryiHQsl\ncf3IZTp2PIKjGJXWqVdojT26+1/xSlsrIK2KzosoWDkWEDydIgQrXrxyUYYaqImq\nl5BKS1pFkjVvfGXILfK0ZyQ8rlsqoFCf0cgbGy4vdk3+j0lFdi88Mls1cceHrYCI\nNb/NDF/qtyLOj5Skeei0SXK/PJ6V+GtvIYj53NAGa4sJhKCoygJ8p/tkXyM2DyZY\nUyWgHdEt8/LCLzUsjQ8K7i9mW4GytSu2VRfQVBCcKCAymFlHdvW1YgjyHiSXYsd0\nzWjQKiSkDwPLZzpQA3pMOEa1hcLPiX8nwzMUAvthKCsCggEAao1eGhbclgLEe8Y6\nGqD4z08buINFhXDThTysVwOmsMZBUx3li2rzqbgrGdYmBFTKkTgYmeoeNWrZpkCJ\n/sBEDpMXAsKilrkoQgI/eQfvTafgOof92FAZtJuNWR3A4wqLf+aDYQBEloEqGoyn\nlK+0RikTn+vA2O9r5JuNS5vFatIhu9xoKAAvqHeWSZwYiJf6EchgcI5Pt74HvW+H\n4aAtlhoIOPs+2dni5wBshecezyzDuMZzB7Hc3cVIkgU9E62JvGWb8t8qGZZANp21\nAor0JTeyGIo+uPc0z8aCTF1p1KakV+aC9PfFOdbU9D8xbxv8evKcIyy4oH6XmOnE\nHYDLBQKCAQBAk5rD/RzJonJUuc6ewUiCERHP5Jr+v+a2HxtY4ZtLTkhW8fKd/y0K\nFiWMwNs62wN+oA1Qz3s5NIUBhJDxl+M1n+9DxuSWTy8NPXbHvmJDyTg+HYd0i4xc\nCZJG7ow+kAITZRM+uF4V/TFbsOom38Ua0Pc66y+xZSn5oHPmqAFX5JqQOm1Q/MUB\n8t1colzzWQ+QJAJDhuWqF7aTbeqv3Cvad/Si1qoTcZtJibpUcHoK0Yt5zCxWRm4o\nq64bWWewFXkcrrd7jiUlpgKI+vcVh33Nuzz4ZuenU7eael+ryBW1sEjQUPPWqzcZ\nFrLbcv0ks3clt5GCu/2dMJzUyw1nm8YXAoIBAQDSPQsLJfw9ACIHVr2B7GHBitUz\nE2BoKy7k4WjlxJ2Zm/OhiTpe2xi46LwHnNToX09vt1cXFe8MrLAo4cjgMxSr3aTs\nrMxsGn5oRkqwMZd27Kija98fl8ANa6g+G0ahUcMabU4T4yId6dqVGXhYZRUavwsC\nqt//+EyN0SV5QIlgXi7OIEC7sOBTmy99GHh0hed62zpfCB1+E28YtssAb0KGHFSv\njTvXWm0leYw/LtIP/81gsy1mB/OdWkSPk7cZdO5R887H2SU7uyaUwfupOoAJ/Ubl\nr+VJhv7jBUWwMaUmR4/VSFAwI1OdnuBZICdpbnHvC0B38uoTQLKOHnkcFH6U\n-----END RSA PRIVATE KEY-----\n",
            "private_key_pem_pkcs8": "-----BEGIN PRIVATE KEY-----\nMIIJQwIBADANBgkqhkiG9w0BAQEFAASCCS0wggkpAgEAAoICAQDoDO5UoBk12Jn7\nkdTwUw80YdS0t3IYlBGdwhcf/57j+Nd1svlaWT+eo1RBfQ95ddxoaUc5A+/ymFZZ\n1YoiJ4/7EFEPzEsTgAS1AjpAaZvHwmLEZ1ddNtRYLUbh28TxQfMi92al43JXqC5+\nzwo18WuqjfBdxq9ClbS/dUSwQiQ6dm4ah2v2UGJzAAQAAYoX6G6rI4dppBHSySDb\n78IYdRkQXsmqqPPpgacSO/UVgT8fbZsN3ONOhr9iXhc8nFE9HmTWK2v0ojmJb9JB\n4XoUj4aKbLlVNr8KH8pVMnJj7Hj/I7J0vqMIAGNqkzw+OveOgcxsOrGsvY6gXjCE\nVSCEbnl3l4YmQGm4CGVeHLNtPb8oEx8n10RHtJIE2sSrCNjcwTkUis+pg1+a0sFN\nuwfGjg9W3gPnNSvnWTSihU3ZdM/h6O2zclEgDGZtuAzZvff5N1v6pDPmbdLlNJCU\njGWA0nubXTQTQq+WxI9ilAbWGIB+/4lB0NQjVNTLZnAKmU/1jj2aP8yya0VOBa+f\nHlToFfpeFrlVhbtAKhHIGAJq4dxde9gJWZiXMNTZuWX15vcdo83OklLjk16Z+taU\nswh/D8pLjCx0kfIA6claCJuQKqA4AgCQnJpOzBfSyVf14Rp5tH1rhz8MYytgTn+b\no7RrAKC8B/mE+j1s+cQX2TBlKqenMQIDAQABAoICAQDdfQo3aCDoDnjbcJTJVt5a\nZ065t6eF4j72T333IuwsOSaex1fObwWUi90uLQqKKn9YgbRjrWhoLBOv52zTsONz\nBl35MEwwrq7PfvLO7H6uqtHPGbx/0ofYKk9P4Y8XoJVMOMyXZoOLO5I1o7ThTDAy\nOQzG1ZAPhAlj/bC0dE1UKBpr4/qevpdZoRgwUUfYDhkj7OOhZ+NDSIq+oximc46a\n236uEFnP9drcQrJp9lWjz+CB2OZ125PtdlXDmojIR6yD6CpA9F7q2frcuzTlTyFi\nGujDd1/db/6WV3JsAhhzn0UEvbmrN4OtBCAqXepQ8X+HhnZ0pPHwDDdO+FnzTedM\n98659Pp+ZkDhcdaIWXdvPAbyCcldxM9ic2i0jjvRZDEAHeNhof85/4TfGpfQCqpl\n5YxRiy97ynCdXk27avWo3Wo7+duX2TQhlPE1xuTCm8t5twL8WjzlN9Rbr9Ka4wIb\nDuK+oo86G1iXlxGtisOyMTippmK093t12JaIxZr6FslWpP4g1bAro2NhwcfoiaIc\nCkwzFmo4ad5g79Bh30ZPIFzEXRezpkBJZJZdC1fq1QZiDUqZs+J5XUt60D+DGct1\nFalBDwJkKI267qI/Ilav+B877DMWJDdU4Zs7xrQfVj9VnhFGhxEvuOTn3im9JWgJ\nx4mBxD/0iGyU2Rwq+sDJyQKCAQEA72TF/CWe1pan0nVEBci9kSyXggk3GlTbLQX2\nzMPLB+ykBUJEAlI97ipX4mH5vPCY0+ocWNahXyAGVBg5bMGXV9d32HyZEVtiwmVc\nICaMOLjFlu8Zt321p54lSXLKvF23Y99hrJalyb5lGT8weT6wB9cVcKmhyRBQNtQV\nVhF0ulS/TV8mq9b+sHbIbCSZBt4PSTJpf1SxMNQG6TF00hDy1pdANxMK8dd+9qOD\nSz5VmuUnIzYcqgTraG/4D21BSPPiP5GQaCW+9TVbb/ub0FPjbSf+4PP4YBkdiBOt\nP6jayivatMdHT3KwNDNz4737qtBOjf1t6RWR7DqyFMI+F/MEEwKCAQEA+CXBhWyk\nEsgGtlETW05T1mpNBF/PDo7zG0VavKIdCyVx/chlOnY8gqMYldapV2iNPbr7X/FK\nWysgrYrOiyhYORYQPJ0iBCtevHJRhhqoiaqXkEpLWkWSNW98Zcgt8rRnJDyuWyqg\nUJ/RyBsbLi92Tf6PSUV2LzwyWzVxx4etgIg1v80MX+q3Is6PlKR56LRJcr88npX4\na28hiPnc0AZriwmEoKjKAnyn+2RfIzYPJlhTJaAd0S3z8sIvNSyNDwruL2ZbgbK1\nK7ZVF9BUEJwoIDKYWUd29bViCPIeJJdix3TNaNAqJKQPA8tnOlADekw4RrWFws+J\nfyfDMxQC+2EoKwKCAQBqjV4aFtyWAsR7xjoaoPjPTxu4g0WFcNOFPKxXA6awxkFT\nHeWLavOpuCsZ1iYEVMqROBiZ6h41atmmQIn+wEQOkxcCwqKWuShCAj95B+9Np+A6\nh/3YUBm0m41ZHcDjCot/5oNhAESWgSoajKeUr7RGKROf68DY72vkm41Lm8Vq0iG7\n3GgoAC+od5ZJnBiIl/oRyGBwjk+3vge9b4fhoC2WGgg4+z7Z2eLnAGyF5x7PLMO4\nxnMHsdzdxUiSBT0TrYm8ZZvy3yoZlkA2nbUCivQlN7IYij649zTPxoJMXWnUpqRX\n5oL098U51tT0PzFvG/x68pwjLLigfpeY6cQdgMsFAoIBAECTmsP9HMmiclS5zp7B\nSIIREc/kmv6/5rYfG1jhm0tOSFbx8p3/LQoWJYzA2zrbA36gDVDPezk0hQGEkPGX\n4zWf70PG5JZPLw09dse+YkPJOD4dh3SLjFwJkkbujD6QAhNlEz64XhX9MVuw6ibf\nxRrQ9zrrL7FlKfmgc+aoAVfkmpA6bVD8xQHy3VyiXPNZD5AkAkOG5aoXtpNt6q/c\nK9p39KLWqhNxm0mJulRwegrRi3nMLFZGbiirrhtZZ7AVeRyut3uOJSWmAoj69xWH\nfc27PPhm56dTt5p6X6vIFbWwSNBQ89arNxkWstty/SSzdyW3kYK7/Z0wnNTLDWeb\nxhcCggEBANI9Cwsl/D0AIgdWvYHsYcGK1TMTYGgrLuThaOXEnZmb86GJOl7bGLjo\nvAec1OhfT2+3VxcV7wyssCjhyOAzFKvdpOyszGwafmhGSrAxl3bsqKNr3x+XwA1r\nqD4bRqFRwxptThPjIh3p2pUZeFhlFRq/CwKq3//4TI3RJXlAiWBeLs4gQLuw4FOb\nL30YeHSF53rbOl8IHX4Tbxi2ywBvQoYcVK+NO9dabSV5jD8u0g//zWCzLWYH851a\nRI+Ttxl07lHzzsfZJTu7JpTB+6k6gAn9RuWv5UmG/uMFRbAxpSZHj9VIUDAjU52e\n4FkgJ2luce8LQHfy6hNAso4eeRwUfpQ=\n-----END PRIVATE KEY-----\n",
            "public_key_fingerprint_md5": "0d:94:9d:7e:85:da:ee:23:be:29:f5:b3:c5:49:18:f4",
            "public_key_fingerprint_sha256": "SHA256:9vRny7XajpuJdohwhqq8y/YQ+r11wC4PQELcdTClw1s",
            "public_key_openssh": "ssh-rsa AAAAB3NzaC1yc2EAAAADAQABAAACAQDoDO5UoBk12Jn7kdTwUw80YdS0t3IYlBGdwhcf/57j+Nd1svlaWT+eo1RBfQ95ddxoaUc5A+/ymFZZ1YoiJ4/7EFEPzEsTgAS1AjpAaZvHwmLEZ1ddNtRYLUbh28TxQfMi92al43JXqC5+zwo18WuqjfBdxq9ClbS/dUSwQiQ6dm4ah2v2UGJzAAQAAYoX6G6rI4dppBHSySDb78IYdRkQXsmqqPPpgacSO/UVgT8fbZsN3ONOhr9iXhc8nFE9HmTWK2v0ojmJb9JB4XoUj4aKbLlVNr8KH8pVMnJj7Hj/I7J0vqMIAGNqkzw+OveOgcxsOrGsvY6gXjCEVSCEbnl3l4YmQGm4CGVeHLNtPb8oEx8n10RHtJIE2sSrCNjcwTkUis+pg1+a0sFNuwfGjg9W3gPnNSvnWTSihU3ZdM/h6O2zclEgDGZtuAzZvff5N1v6pDPmbdLlNJCUjGWA0nubXTQTQq+WxI9ilAbWGIB+/4lB0NQjVNTLZnAKmU/1jj2aP8yya0VOBa+fHlToFfpeFrlVhbtAKhHIGAJq4dxde9gJWZiXMNTZuWX15vcdo83OklLjk16Z+taUswh/D8pLjCx0kfIA6claCJuQKqA4AgCQnJpOzBfSyVf14Rp5tH1rhz8MYytgTn+bo7RrAKC8B/mE+j1s+cQX2TBlKqenMQ==\n",
            "public_key_pem": "-----BEGIN PUBLIC KEY-----\nMIICIjANBgkqhkiG9w0BAQEFAAOCAg8AMIICCgKCAgEA6AzuVKAZNdiZ+5HU8FMP\nNGHUtLdyGJQRncIXH/+e4/jXdbL5Wlk/nqNUQX0PeXXcaGlHOQPv8phWWdWKIieP\n+xBRD8xLE4AEtQI6QGmbx8JixGdXXTbUWC1G4dvE8UHzIvdmpeNyV6gufs8KNfFr\nqo3wXcavQpW0v3VEsEIkOnZuGodr9lBicwAEAAGKF+huqyOHaaQR0skg2+/CGHUZ\nEF7Jqqjz6YGnEjv1FYE/H22bDdzjToa/Yl4XPJxRPR5k1itr9KI5iW/SQeF6FI+G\nimy5VTa/Ch/KVTJyY+x4/yOydL6jCABjapM8Pjr3joHMbDqxrL2OoF4whFUghG55\nd5eGJkBpuAhlXhyzbT2/KBMfJ9dER7SSBNrEqwjY3ME5FIrPqYNfmtLBTbsHxo4P\nVt4D5zUr51k0ooVN2XTP4ejts3JRIAxmbbgM2b33+Tdb+qQz5m3S5TSQlIxlgNJ7\nm100E0KvlsSPYpQG1hiAfv+JQdDUI1TUy2ZwCplP9Y49mj/MsmtFTgWvnx5U6BX6\nXha5VYW7QCoRyBgCauHcXXvYCVmYlzDU2bll9eb3HaPNzpJS45NemfrWlLMIfw/K\nS4wsdJHyAOnJWgibkCqgOAIAkJyaTswX0slX9eEaebR9a4c/DGMrYE5/m6O0awCg\nvAf5hPo9bPnEF9kwZSqnpzECAwEAAQ==\n-----END PUBLIC KEY-----\n",
            "rsa_bits": 4096
          },
          "sensitive_attributes": [
            [
              {
                "type": "get_attr",
                "value": "private_key_pem_pkcs8"
              }
            ],
            [
              {
                "type": "get_attr",
                "value": "private_key_pem"
              }
            ],
            [
              {
                "type": "get_attr",
                "value": "private_key_openssh"
              }
            ]
          ]
        }
      ]
    }
  ],
  "check_results": null
}
