{
  "version": 4,
  "terraform_version": "1.8.3",
  "serial": 187,
  "lineage": "351066d8-0f1a-1489-49e5-43db713296f9",
  "outputs": {
    "frontend_public_ip": {
      "value": "3.235.104.12",
      "type": "string"
    },
    "streamer_public_ip": {
      "value": "3.86.242.26",
      "type": "string"
    },
    "vpc_cidr_block": {
      "value": "10.20.0.0/16",
      "type": "string"
    },
    "vpc_id": {
      "value": "vpc-051f7d14b08b60cd9",
      "type": "string"
    }
  },
  "resources": [
    {
      "mode": "data",
      "type": "aws_ami",
      "name": "ami",
      "provider": "provider[\"registry.terraform.io/hashicorp/aws\"]",
      "instances": [
        {
          "schema_version": 0,
          "attributes": {
            "architecture": "x86_64",
            "arn": "arn:aws:ec2:us-east-1::image/ami-0e1fd4ed3e0403447",
            "block_device_mappings": [
              {
                "device_name": "/dev/sda1",
                "ebs": {
                  "delete_on_termination": "true",
                  "encrypted": "false",
                  "iops": "0",
                  "snapshot_id": "snap-008d569af39e8cce1",
                  "throughput": "0",
                  "volume_size": "8",
                  "volume_type": "gp2"
                },
                "no_device": "",
                "virtual_name": ""
              },
              {
                "device_name": "/dev/sdb",
                "ebs": {},
                "no_device": "",
                "virtual_name": "ephemeral0"
              },
              {
                "device_name": "/dev/sdc",
                "ebs": {},
                "no_device": "",
                "virtual_name": "ephemeral1"
              }
            ],
            "boot_mode": "legacy-bios",
            "creation_date": "2024-06-10T23:10:04.000Z",
            "deprecation_time": "2026-06-10T23:10:04.000Z",
            "description": "Canonical, Ubuntu, 20.04 LTS, amd64 focal image build on 2024-06-10",
            "ena_support": true,
            "executable_users": null,
            "filter": [
              {
                "name": "name",
                "values": [
                  "ubuntu*20.04*-amd64-server-*"
                ]
              }
            ],
            "hypervisor": "xen",
            "id": "ami-0e1fd4ed3e0403447",
            "image_id": "ami-0e1fd4ed3e0403447",
            "image_location": "amazon/ubuntu/images/hvm-ssd/ubuntu-focal-20.04-amd64-server-20240610",
            "image_owner_alias": "amazon",
            "image_type": "machine",
            "imds_support": "",
            "include_deprecated": false,
            "kernel_id": "",
            "most_recent": true,
            "name": "ubuntu/images/hvm-ssd/ubuntu-focal-20.04-amd64-server-20240610",
            "name_regex": null,
            "owner_id": "099720109477",
            "owners": [
              "099720109477"
            ],
            "platform": "",
            "platform_details": "Linux/UNIX",
            "product_codes": [],
            "public": true,
            "ramdisk_id": "",
            "root_device_name": "/dev/sda1",
            "root_device_type": "ebs",
            "root_snapshot_id": "snap-008d569af39e8cce1",
            "sriov_net_support": "simple",
            "state": "available",
            "state_reason": {
              "code": "UNSET",
              "message": "UNSET"
            },
            "tags": {},
            "timeouts": null,
            "tpm_support": "",
            "usage_operation": "RunInstances",
            "virtualization_type": "hvm"
          },
          "sensitive_attributes": []
        }
      ]
    },
    {
      "mode": "data",
      "type": "aws_route53_zone",
      "name": "intuitivesoft",
      "provider": "provider[\"registry.terraform.io/hashicorp/aws\"]",
      "instances": [
        {
          "schema_version": 0,
          "attributes": {
            "arn": "arn:aws:route53:::hostedzone/Z03385262WMCAFO2KASN1",
            "caller_reference": "ac7d4ea8-9ad4-4334-9437-da4ebeef5c7d",
            "comment": "",
            "id": "Z03385262WMCAFO2KASN1",
            "linked_service_description": null,
            "linked_service_principal": null,
            "name": "devops.intuitivesoft.cloud",
            "name_servers": [
              "ns-1060.awsdns-04.org",
              "ns-1802.awsdns-33.co.uk",
              "ns-980.awsdns-58.net",
              "ns-315.awsdns-39.com"
            ],
            "primary_name_server": "ns-1060.awsdns-04.org",
            "private_zone": false,
            "resource_record_set_count": 41,
            "tags": {},
            "vpc_id": null,
            "zone_id": "Z03385262WMCAFO2KASN1"
          },
          "sensitive_attributes": []
        }
      ]
    },
    {
      "mode": "data",
      "type": "aws_vpc",
      "name": "this",
      "provider": "provider[\"registry.terraform.io/hashicorp/aws\"]",
      "instances": [
        {
          "schema_version": 0,
          "attributes": {
            "arn": "arn:aws:ec2:us-east-1:708113109960:vpc/vpc-051f7d14b08b60cd9",
            "cidr_block": "10.20.0.0/16",
            "cidr_block_associations": [
              {
                "association_id": "vpc-cidr-assoc-00e566367bb5dabdb",
                "cidr_block": "10.20.0.0/16",
                "state": "associated"
              }
            ],
            "default": false,
            "dhcp_options_id": "dopt-0e2f66217ab8d5ccf",
            "enable_dns_hostnames": false,
            "enable_dns_support": true,
            "enable_network_address_usage_metrics": false,
            "filter": [
              {
                "name": "tag:Name",
                "values": [
                  "kmh-vpc"
                ]
              }
            ],
            "id": "vpc-051f7d14b08b60cd9",
            "instance_tenancy": "default",
            "ipv6_association_id": "",
            "ipv6_cidr_block": "",
            "main_route_table_id": "rtb-00483209d6f33eb8a",
            "owner_id": "708113109960",
            "state": null,
            "tags": {
              "Name": "kmh-vpc"
            },
            "timeouts": null
          },
          "sensitive_attributes": []
        }
      ]
    },
    {
      "mode": "managed",
      "type": "aws_instance",
      "name": "servers",
      "provider": "provider[\"registry.terraform.io/hashicorp/aws\"]",
      "instances": [
        {
          "index_key": 0,
          "schema_version": 1,
          "attributes": {
            "ami": "ami-0e1fd4ed3e0403447",
            "arn": "arn:aws:ec2:us-east-1:708113109960:instance/i-0580e957589a652db",
            "associate_public_ip_address": true,
            "availability_zone": "us-east-1a",
            "capacity_reservation_specification": [
              {
                "capacity_reservation_preference": "open",
                "capacity_reservation_target": []
              }
            ],
            "cpu_core_count": 1,
            "cpu_options": [
              {
                "amd_sev_snp": "",
                "core_count": 1,
                "threads_per_core": 1
              }
            ],
            "cpu_threads_per_core": 1,
            "credit_specification": [
              {
                "cpu_credits": "standard"
              }
            ],
            "disable_api_stop": false,
            "disable_api_termination": false,
            "ebs_block_device": [],
            "ebs_optimized": false,
            "enclave_options": [
              {
                "enabled": false
              }
            ],
            "ephemeral_block_device": [],
            "get_password_data": false,
            "hibernation": false,
            "host_id": "",
            "host_resource_group_arn": null,
            "iam_instance_profile": "",
            "id": "i-0580e957589a652db",
            "instance_initiated_shutdown_behavior": "stop",
            "instance_lifecycle": "",
            "instance_market_options": [],
            "instance_state": "running",
            "instance_type": "t2.nano",
            "ipv6_address_count": 0,
            "ipv6_addresses": [],
            "key_name": "kmh-vm-key",
            "launch_template": [],
            "maintenance_options": [
              {
                "auto_recovery": "default"
              }
            ],
            "metadata_options": [
              {
                "http_endpoint": "enabled",
                "http_protocol_ipv6": "disabled",
                "http_put_response_hop_limit": 1,
                "http_tokens": "optional",
                "instance_metadata_tags": "disabled"
              }
            ],
            "monitoring": false,
            "network_interface": [],
            "outpost_arn": "",
            "password_data": "",
            "placement_group": "",
            "placement_partition_number": 0,
            "primary_network_interface_id": "eni-06068ba51eb38a67f",
            "private_dns": "ip-10-20-0-125.ec2.internal",
            "private_dns_name_options": [
              {
                "enable_resource_name_dns_a_record": false,
                "enable_resource_name_dns_aaaa_record": false,
                "hostname_type": "ip-name"
              }
            ],
            "private_ip": "10.20.0.125",
            "public_dns": "",
            "public_ip": "3.235.104.12",
            "root_block_device": [
              {
                "delete_on_termination": true,
                "device_name": "/dev/sda1",
                "encrypted": false,
                "iops": 100,
                "kms_key_id": "",
                "tags": {},
                "tags_all": {},
                "throughput": 0,
                "volume_id": "vol-03ab876704180f8d5",
                "volume_size": 8,
                "volume_type": "gp2"
              }
            ],
            "secondary_private_ips": [],
            "security_groups": [],
            "source_dest_check": false,
            "spot_instance_request_id": "",
            "subnet_id": "subnet-03fe54f2f9d4e4e2b",
            "tags": {
              "Name": "kmh-frontend"
            },
            "tags_all": {
              "Name": "kmh-frontend"
            },
            "tenancy": "default",
            "timeouts": null,
            "user_data": null,
            "user_data_base64": null,
            "user_data_replace_on_change": false,
            "volume_tags": null,
            "vpc_security_group_ids": [
              "sg-021d4a48670342269"
            ]
          },
          "sensitive_attributes": [],
          "private": "eyJlMmJmYjczMC1lY2FhLTExZTYtOGY4OC0zNDM2M2JjN2M0YzAiOnsiY3JlYXRlIjo2MDAwMDAwMDAwMDAsImRlbGV0ZSI6MTIwMDAwMDAwMDAwMCwicmVhZCI6OTAwMDAwMDAwMDAwLCJ1cGRhdGUiOjYwMDAwMDAwMDAwMH0sInNjaGVtYV92ZXJzaW9uIjoiMSJ9",
          "dependencies": [
            "aws_key_pair.key_pair",
            "aws_security_group.frontend_security_group",
            "aws_security_group.streamer_security_group",
            "aws_subnet.private",
            "aws_subnet.public",
            "data.aws_ami.ami",
            "data.aws_vpc.this",
            "tls_private_key.pk"
          ]
        },
        {
          "index_key": 1,
          "schema_version": 1,
          "attributes": {
            "ami": "ami-0e1fd4ed3e0403447",
            "arn": "arn:aws:ec2:us-east-1:708113109960:instance/i-0eca48b22de3be37e",
            "associate_public_ip_address": true,
            "availability_zone": "us-east-1b",
            "capacity_reservation_specification": [
              {
                "capacity_reservation_preference": "open",
                "capacity_reservation_target": []
              }
            ],
            "cpu_core_count": 1,
            "cpu_options": [
              {
                "amd_sev_snp": "",
                "core_count": 1,
                "threads_per_core": 1
              }
            ],
            "cpu_threads_per_core": 1,
            "credit_specification": [
              {
                "cpu_credits": "standard"
              }
            ],
            "disable_api_stop": false,
            "disable_api_termination": false,
            "ebs_block_device": [],
            "ebs_optimized": false,
            "enclave_options": [
              {
                "enabled": false
              }
            ],
            "ephemeral_block_device": [],
            "get_password_data": false,
            "hibernation": false,
            "host_id": "",
            "host_resource_group_arn": null,
            "iam_instance_profile": "",
            "id": "i-0eca48b22de3be37e",
            "instance_initiated_shutdown_behavior": "stop",
            "instance_lifecycle": "",
            "instance_market_options": [],
            "instance_state": "running",
            "instance_type": "t2.nano",
            "ipv6_address_count": 0,
            "ipv6_addresses": [],
            "key_name": "kmh-vm-key",
            "launch_template": [],
            "maintenance_options": [
              {
                "auto_recovery": "default"
              }
            ],
            "metadata_options": [
              {
                "http_endpoint": "enabled",
                "http_protocol_ipv6": "disabled",
                "http_put_response_hop_limit": 1,
                "http_tokens": "optional",
                "instance_metadata_tags": "disabled"
              }
            ],
            "monitoring": false,
            "network_interface": [],
            "outpost_arn": "",
            "password_data": "",
            "placement_group": "",
            "placement_partition_number": 0,
            "primary_network_interface_id": "eni-00467c497f1fef22e",
            "private_dns": "ip-10-20-128-102.ec2.internal",
            "private_dns_name_options": [
              {
                "enable_resource_name_dns_a_record": false,
                "enable_resource_name_dns_aaaa_record": false,
                "hostname_type": "ip-name"
              }
            ],
            "private_ip": "10.20.128.102",
            "public_dns": "",
            "public_ip": "3.86.242.26",
            "root_block_device": [
              {
                "delete_on_termination": true,
                "device_name": "/dev/sda1",
                "encrypted": false,
                "iops": 100,
                "kms_key_id": "",
                "tags": {},
                "tags_all": {},
                "throughput": 0,
                "volume_id": "vol-09d250db0073bfd7e",
                "volume_size": 8,
                "volume_type": "gp2"
              }
            ],
            "secondary_private_ips": [],
            "security_groups": [],
            "source_dest_check": false,
            "spot_instance_request_id": "",
            "subnet_id": "subnet-0f134433107d5cda7",
            "tags": {
              "Name": "kmh-streamer"
            },
            "tags_all": {
              "Name": "kmh-streamer"
            },
            "tenancy": "default",
            "timeouts": null,
            "user_data": null,
            "user_data_base64": null,
            "user_data_replace_on_change": false,
            "volume_tags": null,
            "vpc_security_group_ids": [
              "sg-02b45ba5b418a1843"
            ]
          },
          "sensitive_attributes": [],
          "private": "eyJlMmJmYjczMC1lY2FhLTExZTYtOGY4OC0zNDM2M2JjN2M0YzAiOnsiY3JlYXRlIjo2MDAwMDAwMDAwMDAsImRlbGV0ZSI6MTIwMDAwMDAwMDAwMCwicmVhZCI6OTAwMDAwMDAwMDAwLCJ1cGRhdGUiOjYwMDAwMDAwMDAwMH0sInNjaGVtYV92ZXJzaW9uIjoiMSJ9",
          "dependencies": [
            "aws_key_pair.key_pair",
            "aws_security_group.frontend_security_group",
            "aws_security_group.streamer_security_group",
            "aws_subnet.private",
            "aws_subnet.public",
            "data.aws_ami.ami",
            "data.aws_vpc.this",
            "tls_private_key.pk"
          ]
        }
      ]
    },
    {
      "mode": "managed",
      "type": "aws_internet_gateway",
      "name": "kmh_gw",
      "provider": "provider[\"registry.terraform.io/hashicorp/aws\"]",
      "instances": [
        {
          "schema_version": 0,
          "attributes": {
            "arn": "arn:aws:ec2:us-east-1:708113109960:internet-gateway/igw-0b4a28373f7512a35",
            "id": "igw-0b4a28373f7512a35",
            "owner_id": "708113109960",
            "tags": {
              "Name": "kmh-internet-gw"
            },
            "tags_all": {
              "Name": "kmh-internet-gw"
            },
            "timeouts": null,
            "vpc_id": "vpc-051f7d14b08b60cd9"
          },
          "sensitive_attributes": [],
          "private": "eyJlMmJmYjczMC1lY2FhLTExZTYtOGY4OC0zNDM2M2JjN2M0YzAiOnsiY3JlYXRlIjoxMjAwMDAwMDAwMDAwLCJkZWxldGUiOjEyMDAwMDAwMDAwMDAsInVwZGF0ZSI6MTIwMDAwMDAwMDAwMH19",
          "dependencies": [
            "data.aws_vpc.this"
          ]
        }
      ]
    },
    {
      "mode": "managed",
      "type": "aws_key_pair",
      "name": "key_pair",
      "provider": "provider[\"registry.terraform.io/hashicorp/aws\"]",
      "instances": [
        {
          "schema_version": 1,
          "attributes": {
            "arn": "arn:aws:ec2:us-east-1:708113109960:key-pair/kmh-vm-key",
            "fingerprint": "fd:26:d8:4c:74:1d:8d:8a:b1:61:c2:99:94:1e:48:54",
            "id": "kmh-vm-key",
            "key_name": "kmh-vm-key",
            "key_name_prefix": "",
            "key_pair_id": "key-04aa79674075ed55b",
            "key_type": "rsa",
            "public_key": "ssh-rsa AAAAB3NzaC1yc2EAAAADAQABAAACAQCVcCRVdFsPqKp/QWDAIG6lmfF8YeXBC7HYdzFoTTxBOXebO4F+v7c0LTi/8KlvsPBf0vWe8+SOEU/Zmp/DdK76DjbnU+7YmahH9fiTL3syRC/8JV5dlLeKMf/0J6xR8G0M8BeKkM8JtejSaZ22CoQvFoPZ04rNplLesUKrvz+QMgEYToT3sYl6WqsnlFyht6BoV55A3/cYW1AOJaxGpvPQQjrcDuk6n2FDVG6FiFi9WUrauECLd+Z4Th7uh9hQVAKA6CxV8NEbhtpITtEMRvjC5OHLFwdnRkrKk4Qmh8TolzDUDtEnUDuGqmEDi79fA7LYGCDHdAr+jFu9cbNU0D3LiXapaJwl4h66g2d3jSFkTGGI4iowNc2f0/wVaAaMQhzZYN886Q97R+aqQDKNbdvSDQgiMgy0KcXbIzTRx/9NkwT2P8zwwvfPqxEqGiBp45hihMVSh0qa0O6bl+z2mAaL0WqSE2uYrgi2rK2FQl7CpKu9agh3ktc9oLocq+pQNK8h3Qad9ApK6RD96+walHYndoh85Py5ne+xlROw1fdDsJYYJpK6GRuhC2vXco+2Wgmt6R006n4uYhzUy4yo5dQNkiGnTRS1S5qTvNzeLVIoWoL5LcrI43bZin4glHTxdzYoGLPSaot4WlfKYnUgrOTm1hTbwpdR+xWfDStr56ODyQ==",
            "tags": {},
            "tags_all": {}
          },
          "sensitive_attributes": [],
          "private": "eyJzY2hlbWFfdmVyc2lvbiI6IjEifQ==",
          "dependencies": [
            "tls_private_key.pk"
          ]
        }
      ]
    },
    {
      "mode": "managed",
      "type": "aws_route53_record",
      "name": "kmh_record",
      "provider": "provider[\"registry.terraform.io/hashicorp/aws\"]",
      "instances": [
        {
          "schema_version": 2,
          "attributes": {
            "alias": [],
            "allow_overwrite": null,
            "cidr_routing_policy": [],
            "failover_routing_policy": [],
            "fqdn": "kmh.devops.intuitivesoft.cloud",
            "geolocation_routing_policy": [],
            "geoproximity_routing_policy": [],
            "health_check_id": "",
            "id": "Z03385262WMCAFO2KASN1_kmh_A",
            "latency_routing_policy": [],
            "multivalue_answer_routing_policy": false,
            "name": "kmh",
            "records": [
              "3.235.104.12"
            ],
            "set_identifier": "",
            "ttl": 300,
            "type": "A",
            "weighted_routing_policy": [],
            "zone_id": "Z03385262WMCAFO2KASN1"
          },
          "sensitive_attributes": [],
          "private": "eyJzY2hlbWFfdmVyc2lvbiI6IjIifQ==",
          "dependencies": [
            "aws_instance.servers",
            "aws_key_pair.key_pair",
            "aws_security_group.frontend_security_group",
            "aws_security_group.streamer_security_group",
            "aws_subnet.private",
            "aws_subnet.public",
            "data.aws_ami.ami",
            "data.aws_route53_zone.intuitivesoft",
            "data.aws_vpc.this",
            "tls_private_key.pk"
          ]
        }
      ]
    },
    {
      "mode": "managed",
      "type": "aws_route_table",
      "name": "route_table",
      "provider": "provider[\"registry.terraform.io/hashicorp/aws\"]",
      "instances": [
        {
          "schema_version": 0,
          "attributes": {
            "arn": "arn:aws:ec2:us-east-1:708113109960:route-table/rtb-0926b17842813ba44",
            "id": "rtb-0926b17842813ba44",
            "owner_id": "708113109960",
            "propagating_vgws": [],
            "route": [
              {
                "carrier_gateway_id": "",
                "cidr_block": "0.0.0.0/0",
                "core_network_arn": "",
                "destination_prefix_list_id": "",
                "egress_only_gateway_id": "",
                "gateway_id": "igw-0b4a28373f7512a35",
                "ipv6_cidr_block": "",
                "local_gateway_id": "",
                "nat_gateway_id": "",
                "network_interface_id": "",
                "transit_gateway_id": "",
                "vpc_endpoint_id": "",
                "vpc_peering_connection_id": ""
              }
            ],
            "tags": {
              "Name": "kmh-route-table"
            },
            "tags_all": {
              "Name": "kmh-route-table"
            },
            "timeouts": null,
            "vpc_id": "vpc-051f7d14b08b60cd9"
          },
          "sensitive_attributes": [],
          "private": "eyJlMmJmYjczMC1lY2FhLTExZTYtOGY4OC0zNDM2M2JjN2M0YzAiOnsiY3JlYXRlIjozMDAwMDAwMDAwMDAsImRlbGV0ZSI6MzAwMDAwMDAwMDAwLCJ1cGRhdGUiOjEyMDAwMDAwMDAwMH19",
          "dependencies": [
            "aws_internet_gateway.kmh_gw",
            "data.aws_vpc.this"
          ]
        }
      ]
    },
    {
      "mode": "managed",
      "type": "aws_route_table_association",
      "name": "route_private_association",
      "provider": "provider[\"registry.terraform.io/hashicorp/aws\"]",
      "instances": [
        {
          "schema_version": 0,
          "attributes": {
            "gateway_id": "",
            "id": "rtbassoc-09dda9c1ed42ffee8",
            "route_table_id": "rtb-0926b17842813ba44",
            "subnet_id": "subnet-0f134433107d5cda7",
            "timeouts": null
          },
          "sensitive_attributes": [],
          "private": "eyJlMmJmYjczMC1lY2FhLTExZTYtOGY4OC0zNDM2M2JjN2M0YzAiOnsiY3JlYXRlIjozMDAwMDAwMDAwMDAsImRlbGV0ZSI6MzAwMDAwMDAwMDAwLCJ1cGRhdGUiOjEyMDAwMDAwMDAwMH19",
          "dependencies": [
            "aws_internet_gateway.kmh_gw",
            "aws_route_table.route_table",
            "aws_subnet.private",
            "data.aws_vpc.this"
          ]
        }
      ]
    },
    {
      "mode": "managed",
      "type": "aws_route_table_association",
      "name": "route_public_association",
      "provider": "provider[\"registry.terraform.io/hashicorp/aws\"]",
      "instances": [
        {
          "schema_version": 0,
          "attributes": {
            "gateway_id": "",
            "id": "rtbassoc-0830b4fd26bd6ab6d",
            "route_table_id": "rtb-0926b17842813ba44",
            "subnet_id": "subnet-03fe54f2f9d4e4e2b",
            "timeouts": null
          },
          "sensitive_attributes": [],
          "private": "eyJlMmJmYjczMC1lY2FhLTExZTYtOGY4OC0zNDM2M2JjN2M0YzAiOnsiY3JlYXRlIjozMDAwMDAwMDAwMDAsImRlbGV0ZSI6MzAwMDAwMDAwMDAwLCJ1cGRhdGUiOjEyMDAwMDAwMDAwMH19",
          "dependencies": [
            "aws_internet_gateway.kmh_gw",
            "aws_route_table.route_table",
            "aws_subnet.public",
            "data.aws_vpc.this"
          ]
        }
      ]
    },
    {
      "mode": "managed",
      "type": "aws_security_group",
      "name": "frontend_security_group",
      "provider": "provider[\"registry.terraform.io/hashicorp/aws\"]",
      "instances": [
        {
          "schema_version": 1,
          "attributes": {
            "arn": "arn:aws:ec2:us-east-1:708113109960:security-group/sg-021d4a48670342269",
            "description": "Allow SSH and HTTPS inbound  and outbound traffic",
            "egress": [
              {
                "cidr_blocks": [
                  "0.0.0.0/0"
                ],
                "description": "",
                "from_port": 0,
                "ipv6_cidr_blocks": [],
                "prefix_list_ids": [],
                "protocol": "-1",
                "security_groups": [],
                "self": false,
                "to_port": 0
              }
            ],
            "id": "sg-021d4a48670342269",
            "ingress": [
              {
                "cidr_blocks": [
                  "0.0.0.0/0"
                ],
                "description": "",
                "from_port": 22,
                "ipv6_cidr_blocks": [],
                "prefix_list_ids": [],
                "protocol": "tcp",
                "security_groups": [],
                "self": false,
                "to_port": 22
              },
              {
                "cidr_blocks": [
                  "0.0.0.0/0"
                ],
                "description": "",
                "from_port": 443,
                "ipv6_cidr_blocks": [],
                "prefix_list_ids": [],
                "protocol": "tcp",
                "security_groups": [],
                "self": false,
                "to_port": 443
              },
              {
                "cidr_blocks": [
                  "0.0.0.0/0"
                ],
                "description": "",
                "from_port": 80,
                "ipv6_cidr_blocks": [],
                "prefix_list_ids": [],
                "protocol": "tcp",
                "security_groups": [],
                "self": false,
                "to_port": 80
              },
              {
                "cidr_blocks": [
                  "10.20.128.0/24"
                ],
                "description": "",
                "from_port": -1,
                "ipv6_cidr_blocks": [],
                "prefix_list_ids": [],
                "protocol": "icmp",
                "security_groups": [],
                "self": false,
                "to_port": -1
              }
            ],
            "name": "kmh-frontend-sg",
            "name_prefix": "",
            "owner_id": "708113109960",
            "revoke_rules_on_delete": false,
            "tags": {
              "Name": "kmh-sg-frontend"
            },
            "tags_all": {
              "Name": "kmh-sg-frontend"
            },
            "timeouts": null,
            "vpc_id": "vpc-051f7d14b08b60cd9"
          },
          "sensitive_attributes": [],
          "private": "eyJlMmJmYjczMC1lY2FhLTExZTYtOGY4OC0zNDM2M2JjN2M0YzAiOnsiY3JlYXRlIjo2MDAwMDAwMDAwMDAsImRlbGV0ZSI6OTAwMDAwMDAwMDAwfSwic2NoZW1hX3ZlcnNpb24iOiIxIn0=",
          "dependencies": [
            "aws_subnet.private",
            "data.aws_vpc.this"
          ]
        }
      ]
    },
    {
      "mode": "managed",
      "type": "aws_security_group",
      "name": "streamer_security_group",
      "provider": "provider[\"registry.terraform.io/hashicorp/aws\"]",
      "instances": [
        {
          "schema_version": 1,
          "attributes": {
            "arn": "arn:aws:ec2:us-east-1:708113109960:security-group/sg-02b45ba5b418a1843",
            "description": "Allow RTMP inbound  and outbound traffic",
            "egress": [
              {
                "cidr_blocks": [
                  "10.20.128.0/24"
                ],
                "description": "",
                "from_port": 0,
                "ipv6_cidr_blocks": [],
                "prefix_list_ids": [],
                "protocol": "-1",
                "security_groups": [],
                "self": false,
                "to_port": 0
              }
            ],
            "id": "sg-02b45ba5b418a1843",
            "ingress": [
              {
                "cidr_blocks": [
                  "0.0.0.0/0"
                ],
                "description": "",
                "from_port": 22,
                "ipv6_cidr_blocks": [],
                "prefix_list_ids": [],
                "protocol": "tcp",
                "security_groups": [],
                "self": false,
                "to_port": 22
              },
              {
                "cidr_blocks": [
                  "10.20.0.0/24"
                ],
                "description": "",
                "from_port": -1,
                "ipv6_cidr_blocks": [],
                "prefix_list_ids": [],
                "protocol": "icmp",
                "security_groups": [],
                "self": false,
                "to_port": -1
              },
              {
                "cidr_blocks": [
                  "10.20.128.0/24"
                ],
                "description": "",
                "from_port": 1935,
                "ipv6_cidr_blocks": [],
                "prefix_list_ids": [],
                "protocol": "tcp",
                "security_groups": [],
                "self": false,
                "to_port": 1935
              }
            ],
            "name": "kmh-streamer-sg",
            "name_prefix": "",
            "owner_id": "708113109960",
            "revoke_rules_on_delete": false,
            "tags": {
              "Name": "kmh-sg-streamer"
            },
            "tags_all": {
              "Name": "kmh-sg-streamer"
            },
            "timeouts": null,
            "vpc_id": "vpc-051f7d14b08b60cd9"
          },
          "sensitive_attributes": [],
          "private": "eyJlMmJmYjczMC1lY2FhLTExZTYtOGY4OC0zNDM2M2JjN2M0YzAiOnsiY3JlYXRlIjo2MDAwMDAwMDAwMDAsImRlbGV0ZSI6OTAwMDAwMDAwMDAwfSwic2NoZW1hX3ZlcnNpb24iOiIxIn0=",
          "dependencies": [
            "aws_subnet.public",
            "data.aws_vpc.this"
          ]
        }
      ]
    },
    {
      "mode": "managed",
      "type": "aws_subnet",
      "name": "private",
      "provider": "provider[\"registry.terraform.io/hashicorp/aws\"]",
      "instances": [
        {
          "schema_version": 1,
          "attributes": {
            "arn": "arn:aws:ec2:us-east-1:708113109960:subnet/subnet-0f134433107d5cda7",
            "assign_ipv6_address_on_creation": false,
            "availability_zone": "us-east-1b",
            "availability_zone_id": "use1-az2",
            "cidr_block": "10.20.128.0/24",
            "customer_owned_ipv4_pool": "",
            "enable_dns64": false,
            "enable_lni_at_device_index": 0,
            "enable_resource_name_dns_a_record_on_launch": false,
            "enable_resource_name_dns_aaaa_record_on_launch": false,
            "id": "subnet-0f134433107d5cda7",
            "ipv6_cidr_block": "",
            "ipv6_cidr_block_association_id": "",
            "ipv6_native": false,
            "map_customer_owned_ip_on_launch": false,
            "map_public_ip_on_launch": false,
            "outpost_arn": "",
            "owner_id": "708113109960",
            "private_dns_hostname_type_on_launch": "ip-name",
            "tags": {
              "Name": "kmh-private-subnet"
            },
            "tags_all": {
              "Name": "kmh-private-subnet"
            },
            "timeouts": null,
            "vpc_id": "vpc-051f7d14b08b60cd9"
          },
          "sensitive_attributes": [],
          "private": "eyJlMmJmYjczMC1lY2FhLTExZTYtOGY4OC0zNDM2M2JjN2M0YzAiOnsiY3JlYXRlIjo2MDAwMDAwMDAwMDAsImRlbGV0ZSI6MTIwMDAwMDAwMDAwMH0sInNjaGVtYV92ZXJzaW9uIjoiMSJ9",
          "dependencies": [
            "data.aws_vpc.this"
          ]
        }
      ]
    },
    {
      "mode": "managed",
      "type": "aws_subnet",
      "name": "public",
      "provider": "provider[\"registry.terraform.io/hashicorp/aws\"]",
      "instances": [
        {
          "schema_version": 1,
          "attributes": {
            "arn": "arn:aws:ec2:us-east-1:708113109960:subnet/subnet-03fe54f2f9d4e4e2b",
            "assign_ipv6_address_on_creation": false,
            "availability_zone": "us-east-1a",
            "availability_zone_id": "use1-az1",
            "cidr_block": "10.20.0.0/24",
            "customer_owned_ipv4_pool": "",
            "enable_dns64": false,
            "enable_lni_at_device_index": 0,
            "enable_resource_name_dns_a_record_on_launch": false,
            "enable_resource_name_dns_aaaa_record_on_launch": false,
            "id": "subnet-03fe54f2f9d4e4e2b",
            "ipv6_cidr_block": "",
            "ipv6_cidr_block_association_id": "",
            "ipv6_native": false,
            "map_customer_owned_ip_on_launch": false,
            "map_public_ip_on_launch": false,
            "outpost_arn": "",
            "owner_id": "708113109960",
            "private_dns_hostname_type_on_launch": "ip-name",
            "tags": {
              "Name": "kmh-public-subnet"
            },
            "tags_all": {
              "Name": "kmh-public-subnet"
            },
            "timeouts": null,
            "vpc_id": "vpc-051f7d14b08b60cd9"
          },
          "sensitive_attributes": [],
          "private": "eyJlMmJmYjczMC1lY2FhLTExZTYtOGY4OC0zNDM2M2JjN2M0YzAiOnsiY3JlYXRlIjo2MDAwMDAwMDAwMDAsImRlbGV0ZSI6MTIwMDAwMDAwMDAwMH0sInNjaGVtYV92ZXJzaW9uIjoiMSJ9",
          "dependencies": [
            "data.aws_vpc.this"
          ]
        }
      ]
    },
    {
      "mode": "managed",
      "type": "tls_private_key",
      "name": "pk",
      "provider": "provider[\"registry.terraform.io/hashicorp/tls\"]",
      "instances": [
        {
          "schema_version": 1,
          "attributes": {
            "algorithm": "RSA",
            "ecdsa_curve": "P224",
            "id": "afea9677b3c81d2feb12976d1590e0f565a4be0e",
            "private_key_openssh": "-----BEGIN OPENSSH PRIVATE KEY-----\nb3BlbnNzaC1rZXktdjEAAAAABG5vbmUAAAAEbm9uZQAAAAAAAAABAAACFwAAAAdz\nc2gtcnNhAAAAAwEAAQAAAgEAlXAkVXRbD6iqf0FgwCBupZnxfGHlwQux2HcxaE08\nQTl3mzuBfr+3NC04v/Cpb7DwX9L1nvPkjhFP2Zqfw3Su+g4251Pu2JmoR/X4ky97\nMkQv/CVeXZS3ijH/9CesUfBtDPAXipDPCbXo0mmdtgqELxaD2dOKzaZS3rFCq78/\nkDIBGE6E97GJelqrJ5RcobegaFeeQN/3GFtQDiWsRqbz0EI63A7pOp9hQ1RuhYhY\nvVlK2rhAi3fmeE4e7ofYUFQCgOgsVfDRG4baSE7RDEb4wuThyxcHZ0ZKypOEJofE\n6Jcw1A7RJ1A7hqphA4u/XwOy2Bggx3QK/oxbvXGzVNA9y4l2qWicJeIeuoNnd40h\nZExhiOIqMDXNn9P8FWgGjEIc2WDfPOkPe0fmqkAyjW3b0g0IIjIMtCnF2yM00cf/\nTZME9j/M8ML3z6sRKhogaeOYYoTFUodKmtDum5fs9pgGi9FqkhNrmK4ItqythUJe\nwqSrvWoId5LXPaC6HKvqUDSvId0GnfQKSukQ/evsGpR2J3aIfOT8uZ3vsZUTsNX3\nQ7CWGCaSuhkboQtr13KPtloJrekdNOp+LmIc1MuMqOXUDZIhp00UtUuak7zc3i1S\nKFqC+S3KyON22Yp+IJR08Xc2KBiz0mqLeFpXymJ1IKzk5tYU28KXUfsVnw0ra+ej\ng8kAAAc4lWiISpVoiEoAAAAHc3NoLXJzYQAAAgEAlXAkVXRbD6iqf0FgwCBupZnx\nfGHlwQux2HcxaE08QTl3mzuBfr+3NC04v/Cpb7DwX9L1nvPkjhFP2Zqfw3Su+g42\n51Pu2JmoR/X4ky97MkQv/CVeXZS3ijH/9CesUfBtDPAXipDPCbXo0mmdtgqELxaD\n2dOKzaZS3rFCq78/kDIBGE6E97GJelqrJ5RcobegaFeeQN/3GFtQDiWsRqbz0EI6\n3A7pOp9hQ1RuhYhYvVlK2rhAi3fmeE4e7ofYUFQCgOgsVfDRG4baSE7RDEb4wuTh\nyxcHZ0ZKypOEJofE6Jcw1A7RJ1A7hqphA4u/XwOy2Bggx3QK/oxbvXGzVNA9y4l2\nqWicJeIeuoNnd40hZExhiOIqMDXNn9P8FWgGjEIc2WDfPOkPe0fmqkAyjW3b0g0I\nIjIMtCnF2yM00cf/TZME9j/M8ML3z6sRKhogaeOYYoTFUodKmtDum5fs9pgGi9Fq\nkhNrmK4ItqythUJewqSrvWoId5LXPaC6HKvqUDSvId0GnfQKSukQ/evsGpR2J3aI\nfOT8uZ3vsZUTsNX3Q7CWGCaSuhkboQtr13KPtloJrekdNOp+LmIc1MuMqOXUDZIh\np00UtUuak7zc3i1SKFqC+S3KyON22Yp+IJR08Xc2KBiz0mqLeFpXymJ1IKzk5tYU\n28KXUfsVnw0ra+ejg8kAAAADAQABAAACACBfQ6+zXgqdWhnpGsFkBTQgjhyIxJG2\nK9edsnlKyfPDNDLPiDTh6RkHdtS1mK7WYKwRch317ZwNCgQ0p8lanJEUxTYFi6cm\nWjsEgM25qnFwLgjsO24ASmZIgI7ujTjO4YC8/gyJZCBRZNc4A+8shggBU5y7Y8U6\n85bERZIZAvcErhIK6GkT75kuzQbs78gklD4mROT+33NKTKRT6ub/Qa/quP90x3do\nkVRZlPueVsLl9f49jdXoqmeDXNYFXYnBOS2dngUb/uB8rQqe8FA9i6QEmxk4quTn\naEpL/IOwQ6qzHePCNfLTQaHhhNSU0GcP0Q1Y5LjwXXVZCIKYf+WumsQJCzGuiR1j\nuKGvsu9ZF9bhsndCTah62IZk43+jsg+QrAD7pyR55fScds/dF3x0LmgD47TlUiR3\nzJNn51vuiU+ii9meg7R5qhKz5x98KD/fRCm0EEu6o+Zbr1hzxgm37/VKP88PnNOX\nkcrAjpAMSMO9WBsxDkicS7Lav7/c7kgfm4RI6TMyDkVSoMsTPGu2wnc7Q/04TnAb\nTxZ+LOltYRhMqUOv3IcmYXtBM+DA3U7HZfbLCzhLvAlslFpEPCmkf7ZRXvEbSF7Z\n0mk5rj+5dc2H9n3IbRWoFt2gjp9FGchbtHMxyQt93w8lQeJVTkjcMtc0QjQYmr+b\ncuq47m+gKM+lAAABAQCgCAc8abwJ4S154pcwfy9wsxhVLk8d8tGsHU4VKkGCoe36\n1OaQ8QGHQ6RyQxqkRLOySoCpbuKpqIyzNJQgRMA7xAlhmaVX+4AuL13APOKhe3Zi\nXIOIv0oHBp78LALyHGqMeLHYOz8y++R8C2NeYVHxRNlPcMN7PHhHZAu7KeNX3LII\nc4DyuzoeVlR6Q7E1sWt+VsLcvEDsDj5Dic9U/3AWWadSNIfu/UkDp2427opprLVQ\nG9rLUFTOhTolD2PIJtnn9mtbBaecM1VMFww8cNFuvGakzPgSSA1JiUd1295Er3uD\n0MfUpRU0VRqQw8oI0u3atNDr4kwSkVSMaPmsZuAiAAABAQDFq2r4Ca6Kpx/IiBc6\nIDZ9AmPi1W9KAU2VRWDM6WHMZFTLvZ7+3jexUuJSqXzS7+ZVpOu+mUfLmo+19OtP\nPfJkN5IMUyRpwVOxdLyuSDj1XcM4Rzr7ARStCPqByrsWgVH9+Av/TyAlM9tce96j\nOYgVTF05kIQA6Lxc9ha+Dua2yhXjVWx8NrMTys3vYlX4nbyc8eq2E3ZSNqYKA/KP\nKpKYm4MZD0LBnvUFHgcza6PFSvQLN76kjII9ziu15bOY6TsojXm8dxVHPsP9UZee\n3XEWipfHuTSGJqMb/VH1HI9N/BcYSQ1LWLPePxONddaysRvZKf6HBo1FD458XtHh\nMcufAAABAQDBiSliHTk+E+qR0hFcmCAGIOYfwQofMG40gnB1ph0xcQJhO6cXpK1y\nRXGzYD+oFmHtva7ZmfGEXCz2TACxLEhgxzizjRMZbIBgEmdW5Wh1s96tV6It0wkv\npCJ2uOF5A+De139Kesrcgs4t/+hjFZOZmXcRqU+c47gXhbrLrxIJ5segXvvIQj+f\nW0EP7n7bmmxxDYTspltWRJ294uenmpYxwSBGgj1jfCM4wUqCExMp0e04wl2bNhU4\nmOaimbT37Rjl3lpaL8WXmmGyiNDikMq1TQJV6haIws+bDkDJs5AZBQAHf9OMiMed\n2hQXCYc0iomaKr6+ev//IkgbWqXFcveXAAAAAAEC\n-----END OPENSSH PRIVATE KEY-----\n",
            "private_key_pem": "-----BEGIN RSA PRIVATE KEY-----\nMIIJKAIBAAKCAgEAlXAkVXRbD6iqf0FgwCBupZnxfGHlwQux2HcxaE08QTl3mzuB\nfr+3NC04v/Cpb7DwX9L1nvPkjhFP2Zqfw3Su+g4251Pu2JmoR/X4ky97MkQv/CVe\nXZS3ijH/9CesUfBtDPAXipDPCbXo0mmdtgqELxaD2dOKzaZS3rFCq78/kDIBGE6E\n97GJelqrJ5RcobegaFeeQN/3GFtQDiWsRqbz0EI63A7pOp9hQ1RuhYhYvVlK2rhA\ni3fmeE4e7ofYUFQCgOgsVfDRG4baSE7RDEb4wuThyxcHZ0ZKypOEJofE6Jcw1A7R\nJ1A7hqphA4u/XwOy2Bggx3QK/oxbvXGzVNA9y4l2qWicJeIeuoNnd40hZExhiOIq\nMDXNn9P8FWgGjEIc2WDfPOkPe0fmqkAyjW3b0g0IIjIMtCnF2yM00cf/TZME9j/M\n8ML3z6sRKhogaeOYYoTFUodKmtDum5fs9pgGi9FqkhNrmK4ItqythUJewqSrvWoI\nd5LXPaC6HKvqUDSvId0GnfQKSukQ/evsGpR2J3aIfOT8uZ3vsZUTsNX3Q7CWGCaS\nuhkboQtr13KPtloJrekdNOp+LmIc1MuMqOXUDZIhp00UtUuak7zc3i1SKFqC+S3K\nyON22Yp+IJR08Xc2KBiz0mqLeFpXymJ1IKzk5tYU28KXUfsVnw0ra+ejg8kCAwEA\nAQKCAgAgX0Ovs14KnVoZ6RrBZAU0II4ciMSRtivXnbJ5SsnzwzQyz4g04ekZB3bU\ntZiu1mCsEXId9e2cDQoENKfJWpyRFMU2BYunJlo7BIDNuapxcC4I7DtuAEpmSICO\n7o04zuGAvP4MiWQgUWTXOAPvLIYIAVOcu2PFOvOWxEWSGQL3BK4SCuhpE++ZLs0G\n7O/IJJQ+JkTk/t9zSkykU+rm/0Gv6rj/dMd3aJFUWZT7nlbC5fX+PY3V6Kpng1zW\nBV2JwTktnZ4FG/7gfK0KnvBQPYukBJsZOKrk52hKS/yDsEOqsx3jwjXy00Gh4YTU\nlNBnD9ENWOS48F11WQiCmH/lrprECQsxrokdY7ihr7LvWRfW4bJ3Qk2oetiGZON/\no7IPkKwA+6ckeeX0nHbP3Rd8dC5oA+O05VIkd8yTZ+db7olPoovZnoO0eaoSs+cf\nfCg/30QptBBLuqPmW69Yc8YJt+/1Sj/PD5zTl5HKwI6QDEjDvVgbMQ5InEuy2r+/\n3O5IH5uESOkzMg5FUqDLEzxrtsJ3O0P9OE5wG08WfizpbWEYTKlDr9yHJmF7QTPg\nwN1Ox2X2yws4S7wJbJRaRDwppH+2UV7xG0he2dJpOa4/uXXNh/Z9yG0VqBbdoI6f\nRRnIW7RzMckLfd8PJUHiVU5I3DLXNEI0GJq/m3LquO5voCjPpQKCAQEAxatq+Amu\niqcfyIgXOiA2fQJj4tVvSgFNlUVgzOlhzGRUy72e/t43sVLiUql80u/mVaTrvplH\ny5qPtfTrTz3yZDeSDFMkacFTsXS8rkg49V3DOEc6+wEUrQj6gcq7FoFR/fgL/08g\nJTPbXHveozmIFUxdOZCEAOi8XPYWvg7mtsoV41VsfDazE8rN72JV+J28nPHqthN2\nUjamCgPyjyqSmJuDGQ9CwZ71BR4HM2ujxUr0Cze+pIyCPc4rteWzmOk7KI15vHcV\nRz7D/VGXnt1xFoqXx7k0hiajG/1R9RyPTfwXGEkNS1iz3j8TjXXWsrEb2Sn+hwaN\nRQ+OfF7R4THLnwKCAQEAwYkpYh05PhPqkdIRXJggBiDmH8EKHzBuNIJwdaYdMXEC\nYTunF6StckVxs2A/qBZh7b2u2ZnxhFws9kwAsSxIYMc4s40TGWyAYBJnVuVodbPe\nrVeiLdMJL6QidrjheQPg3td/SnrK3ILOLf/oYxWTmZl3EalPnOO4F4W6y68SCebH\noF77yEI/n1tBD+5+25pscQ2E7KZbVkSdveLnp5qWMcEgRoI9Y3wjOMFKghMTKdHt\nOMJdmzYVOJjmopm09+0Y5d5aWi/Fl5phsojQ4pDKtU0CVeoWiMLPmw5AybOQGQUA\nB3/TjIjHndoUFwmHNIqJmiq+vnr//yJIG1qlxXL3lwKCAQAV8UhnjlOUyqaJkSna\n5vaFe/1wkbbP5UMifdgYBxQ3JzAOidcbfbl68rNy76OOmtjbyvnsZ4GDxX2Mekqg\nukStAUoyGgyhvLc4rLfBNP01p5njJm0SrfUInEWKoOGRxvs+EQnr5nGwD4ibRJjb\nT6iejKKQoE02+J7oRt0RbgAIbHhviu0HAN9yJAImP6lBdukYFvayDYkF6VEXLYcA\ng35QeHreDkafzbBvR/0OpTVB0mcy05ZTF9HhYICTqZL9N268uq+3zxRKm1oQRb1q\nAjTqhqoAnruI5MMYeU9ewTPbOU+q/3j9UzRsSF44Rst1fJmVysaZYI3QC8EKZ1Av\nCmMLAoIBAA9zU8pxatB55pAdpSUvP989YSHH13cF9sZaY4AA8vOvgfEhQgWxL+ef\ng6Q+WtagctD4A617jLx0X2KKTsPWNTEEtpIfARdWgikpTvaw+dXrtitAg8IExwb2\no4m22MlAdgNUUOUxSGCyUKN7eqHuZwosJkVSrvhndZrrIi6Am4AO3IEBFDi4kTu3\nnUoYUChX+7BK1AHQhhotACrYooXO4Y63TExUuXHnxygQxlH8E9uS1s1hNvfdKXSL\nQF5axwfD9ejkB3KLvcqMmKAYLBTqWkR/EWCqf4ILi2dli+aOX0KgE5CFs+3UPZts\nfY4ZRKH9LV8RaojqaOWFZxxH8FQDCaECggEBAKAIBzxpvAnhLXnilzB/L3CzGFUu\nTx3y0awdThUqQYKh7frU5pDxAYdDpHJDGqREs7JKgKlu4qmojLM0lCBEwDvECWGZ\npVf7gC4vXcA84qF7dmJcg4i/SgcGnvwsAvIcaox4sdg7PzL75HwLY15hUfFE2U9w\nw3s8eEdkC7sp41fcsghzgPK7Oh5WVHpDsTWxa35Wwty8QOwOPkOJz1T/cBZZp1I0\nh+79SQOnbjbuimmstVAb2stQVM6FOiUPY8gm2ef2a1sFp5wzVUwXDDxw0W68ZqTM\n+BJIDUmJR3Xb3kSve4PQx9SlFTRVGpDDygjS7dq00OviTBKRVIxo+axm4CI=\n-----END RSA PRIVATE KEY-----\n",
            "private_key_pem_pkcs8": "-----BEGIN PRIVATE KEY-----\nMIIJQgIBADANBgkqhkiG9w0BAQEFAASCCSwwggkoAgEAAoICAQCVcCRVdFsPqKp/\nQWDAIG6lmfF8YeXBC7HYdzFoTTxBOXebO4F+v7c0LTi/8KlvsPBf0vWe8+SOEU/Z\nmp/DdK76DjbnU+7YmahH9fiTL3syRC/8JV5dlLeKMf/0J6xR8G0M8BeKkM8JtejS\naZ22CoQvFoPZ04rNplLesUKrvz+QMgEYToT3sYl6WqsnlFyht6BoV55A3/cYW1AO\nJaxGpvPQQjrcDuk6n2FDVG6FiFi9WUrauECLd+Z4Th7uh9hQVAKA6CxV8NEbhtpI\nTtEMRvjC5OHLFwdnRkrKk4Qmh8TolzDUDtEnUDuGqmEDi79fA7LYGCDHdAr+jFu9\ncbNU0D3LiXapaJwl4h66g2d3jSFkTGGI4iowNc2f0/wVaAaMQhzZYN886Q97R+aq\nQDKNbdvSDQgiMgy0KcXbIzTRx/9NkwT2P8zwwvfPqxEqGiBp45hihMVSh0qa0O6b\nl+z2mAaL0WqSE2uYrgi2rK2FQl7CpKu9agh3ktc9oLocq+pQNK8h3Qad9ApK6RD9\n6+walHYndoh85Py5ne+xlROw1fdDsJYYJpK6GRuhC2vXco+2Wgmt6R006n4uYhzU\ny4yo5dQNkiGnTRS1S5qTvNzeLVIoWoL5LcrI43bZin4glHTxdzYoGLPSaot4WlfK\nYnUgrOTm1hTbwpdR+xWfDStr56ODyQIDAQABAoICACBfQ6+zXgqdWhnpGsFkBTQg\njhyIxJG2K9edsnlKyfPDNDLPiDTh6RkHdtS1mK7WYKwRch317ZwNCgQ0p8lanJEU\nxTYFi6cmWjsEgM25qnFwLgjsO24ASmZIgI7ujTjO4YC8/gyJZCBRZNc4A+8shggB\nU5y7Y8U685bERZIZAvcErhIK6GkT75kuzQbs78gklD4mROT+33NKTKRT6ub/Qa/q\nuP90x3dokVRZlPueVsLl9f49jdXoqmeDXNYFXYnBOS2dngUb/uB8rQqe8FA9i6QE\nmxk4quTnaEpL/IOwQ6qzHePCNfLTQaHhhNSU0GcP0Q1Y5LjwXXVZCIKYf+WumsQJ\nCzGuiR1juKGvsu9ZF9bhsndCTah62IZk43+jsg+QrAD7pyR55fScds/dF3x0LmgD\n47TlUiR3zJNn51vuiU+ii9meg7R5qhKz5x98KD/fRCm0EEu6o+Zbr1hzxgm37/VK\nP88PnNOXkcrAjpAMSMO9WBsxDkicS7Lav7/c7kgfm4RI6TMyDkVSoMsTPGu2wnc7\nQ/04TnAbTxZ+LOltYRhMqUOv3IcmYXtBM+DA3U7HZfbLCzhLvAlslFpEPCmkf7ZR\nXvEbSF7Z0mk5rj+5dc2H9n3IbRWoFt2gjp9FGchbtHMxyQt93w8lQeJVTkjcMtc0\nQjQYmr+bcuq47m+gKM+lAoIBAQDFq2r4Ca6Kpx/IiBc6IDZ9AmPi1W9KAU2VRWDM\n6WHMZFTLvZ7+3jexUuJSqXzS7+ZVpOu+mUfLmo+19OtPPfJkN5IMUyRpwVOxdLyu\nSDj1XcM4Rzr7ARStCPqByrsWgVH9+Av/TyAlM9tce96jOYgVTF05kIQA6Lxc9ha+\nDua2yhXjVWx8NrMTys3vYlX4nbyc8eq2E3ZSNqYKA/KPKpKYm4MZD0LBnvUFHgcz\na6PFSvQLN76kjII9ziu15bOY6TsojXm8dxVHPsP9UZee3XEWipfHuTSGJqMb/VH1\nHI9N/BcYSQ1LWLPePxONddaysRvZKf6HBo1FD458XtHhMcufAoIBAQDBiSliHTk+\nE+qR0hFcmCAGIOYfwQofMG40gnB1ph0xcQJhO6cXpK1yRXGzYD+oFmHtva7ZmfGE\nXCz2TACxLEhgxzizjRMZbIBgEmdW5Wh1s96tV6It0wkvpCJ2uOF5A+De139Kesrc\ngs4t/+hjFZOZmXcRqU+c47gXhbrLrxIJ5segXvvIQj+fW0EP7n7bmmxxDYTspltW\nRJ294uenmpYxwSBGgj1jfCM4wUqCExMp0e04wl2bNhU4mOaimbT37Rjl3lpaL8WX\nmmGyiNDikMq1TQJV6haIws+bDkDJs5AZBQAHf9OMiMed2hQXCYc0iomaKr6+ev//\nIkgbWqXFcveXAoIBABXxSGeOU5TKpomRKdrm9oV7/XCRts/lQyJ92BgHFDcnMA6J\n1xt9uXrys3Lvo46a2NvK+exngYPFfYx6SqC6RK0BSjIaDKG8tzist8E0/TWnmeMm\nbRKt9QicRYqg4ZHG+z4RCevmcbAPiJtEmNtPqJ6MopCgTTb4nuhG3RFuAAhseG+K\n7QcA33IkAiY/qUF26RgW9rINiQXpURcthwCDflB4et4ORp/NsG9H/Q6lNUHSZzLT\nllMX0eFggJOpkv03bry6r7fPFEqbWhBFvWoCNOqGqgCeu4jkwxh5T17BM9s5T6r/\neP1TNGxIXjhGy3V8mZXKxplgjdALwQpnUC8KYwsCggEAD3NTynFq0HnmkB2lJS8/\n3z1hIcfXdwX2xlpjgADy86+B8SFCBbEv55+DpD5a1qBy0PgDrXuMvHRfYopOw9Y1\nMQS2kh8BF1aCKSlO9rD51eu2K0CDwgTHBvajibbYyUB2A1RQ5TFIYLJQo3t6oe5n\nCiwmRVKu+Gd1musiLoCbgA7cgQEUOLiRO7edShhQKFf7sErUAdCGGi0AKtiihc7h\njrdMTFS5cefHKBDGUfwT25LWzWE2990pdItAXlrHB8P16OQHcou9yoyYoBgsFOpa\nRH8RYKp/gguLZ2WL5o5fQqATkIWz7dQ9m2x9jhlEof0tXxFqiOpo5YVnHEfwVAMJ\noQKCAQEAoAgHPGm8CeEteeKXMH8vcLMYVS5PHfLRrB1OFSpBgqHt+tTmkPEBh0Ok\nckMapESzskqAqW7iqaiMszSUIETAO8QJYZmlV/uALi9dwDzioXt2YlyDiL9KBwae\n/CwC8hxqjHix2Ds/MvvkfAtjXmFR8UTZT3DDezx4R2QLuynjV9yyCHOA8rs6HlZU\nekOxNbFrflbC3LxA7A4+Q4nPVP9wFlmnUjSH7v1JA6duNu6Kaay1UBvay1BUzoU6\nJQ9jyCbZ5/ZrWwWnnDNVTBcMPHDRbrxmpMz4EkgNSYlHddveRK97g9DH1KUVNFUa\nkMPKCNLt2rTQ6+JMEpFUjGj5rGbgIg==\n-----END PRIVATE KEY-----\n",
            "public_key_fingerprint_md5": "3e:b9:2e:99:3e:ac:7b:db:58:db:a8:f2:5a:e2:3e:5e",
            "public_key_fingerprint_sha256": "SHA256:w4nXstEfQhhHhzVq1zrlAiG6oBIqjyt5eMGvK/4hGP4",
            "public_key_openssh": "ssh-rsa AAAAB3NzaC1yc2EAAAADAQABAAACAQCVcCRVdFsPqKp/QWDAIG6lmfF8YeXBC7HYdzFoTTxBOXebO4F+v7c0LTi/8KlvsPBf0vWe8+SOEU/Zmp/DdK76DjbnU+7YmahH9fiTL3syRC/8JV5dlLeKMf/0J6xR8G0M8BeKkM8JtejSaZ22CoQvFoPZ04rNplLesUKrvz+QMgEYToT3sYl6WqsnlFyht6BoV55A3/cYW1AOJaxGpvPQQjrcDuk6n2FDVG6FiFi9WUrauECLd+Z4Th7uh9hQVAKA6CxV8NEbhtpITtEMRvjC5OHLFwdnRkrKk4Qmh8TolzDUDtEnUDuGqmEDi79fA7LYGCDHdAr+jFu9cbNU0D3LiXapaJwl4h66g2d3jSFkTGGI4iowNc2f0/wVaAaMQhzZYN886Q97R+aqQDKNbdvSDQgiMgy0KcXbIzTRx/9NkwT2P8zwwvfPqxEqGiBp45hihMVSh0qa0O6bl+z2mAaL0WqSE2uYrgi2rK2FQl7CpKu9agh3ktc9oLocq+pQNK8h3Qad9ApK6RD96+walHYndoh85Py5ne+xlROw1fdDsJYYJpK6GRuhC2vXco+2Wgmt6R006n4uYhzUy4yo5dQNkiGnTRS1S5qTvNzeLVIoWoL5LcrI43bZin4glHTxdzYoGLPSaot4WlfKYnUgrOTm1hTbwpdR+xWfDStr56ODyQ==\n",
            "public_key_pem": "-----BEGIN PUBLIC KEY-----\nMIICIjANBgkqhkiG9w0BAQEFAAOCAg8AMIICCgKCAgEAlXAkVXRbD6iqf0FgwCBu\npZnxfGHlwQux2HcxaE08QTl3mzuBfr+3NC04v/Cpb7DwX9L1nvPkjhFP2Zqfw3Su\n+g4251Pu2JmoR/X4ky97MkQv/CVeXZS3ijH/9CesUfBtDPAXipDPCbXo0mmdtgqE\nLxaD2dOKzaZS3rFCq78/kDIBGE6E97GJelqrJ5RcobegaFeeQN/3GFtQDiWsRqbz\n0EI63A7pOp9hQ1RuhYhYvVlK2rhAi3fmeE4e7ofYUFQCgOgsVfDRG4baSE7RDEb4\nwuThyxcHZ0ZKypOEJofE6Jcw1A7RJ1A7hqphA4u/XwOy2Bggx3QK/oxbvXGzVNA9\ny4l2qWicJeIeuoNnd40hZExhiOIqMDXNn9P8FWgGjEIc2WDfPOkPe0fmqkAyjW3b\n0g0IIjIMtCnF2yM00cf/TZME9j/M8ML3z6sRKhogaeOYYoTFUodKmtDum5fs9pgG\ni9FqkhNrmK4ItqythUJewqSrvWoId5LXPaC6HKvqUDSvId0GnfQKSukQ/evsGpR2\nJ3aIfOT8uZ3vsZUTsNX3Q7CWGCaSuhkboQtr13KPtloJrekdNOp+LmIc1MuMqOXU\nDZIhp00UtUuak7zc3i1SKFqC+S3KyON22Yp+IJR08Xc2KBiz0mqLeFpXymJ1IKzk\n5tYU28KXUfsVnw0ra+ejg8kCAwEAAQ==\n-----END PUBLIC KEY-----\n",
            "rsa_bits": 4096
          },
          "sensitive_attributes": [
            [
              {
                "type": "get_attr",
                "value": "private_key_pem_pkcs8"
              }
            ],
            [
              {
                "type": "get_attr",
                "value": "private_key_openssh"
              }
            ],
            [
              {
                "type": "get_attr",
                "value": "private_key_pem"
              }
            ]
          ]
        }
      ]
    }
  ],
  "check_results": null
}
